#Copyright (c) 2020 STMicroelectronics. All rights reserved.
#MicroXplorer Configuration settings - do not modify
File.Version=6
KeepUserPlacement=false
Mcu.Family=STM32L4
Mcu.IP0=NVIC
Mcu.IP1=RCC
Mcu.IP2=SYS
Mcu.IP3=USART2
Mcu.IPNb=4
Mcu.Name=STM32L432K(B-C)Ux
Mcu.Package=UFQFPN32
Mcu.Pin0=PC14-OSC32_IN (PC14)
Mcu.Pin1=PC15-OSC32_OUT (PC15)
Mcu.Pin2=PA0-CK_IN
Mcu.Pin3=PA2
Mcu.Pin4=PA13 (JTMS-SWDIO)
Mcu.Pin5=PA14 (JTCK-SWCLK)
Mcu.Pin6=PA15 (JTDI)
Mcu.Pin7=PB3 (JTDO-TRACESWO)
Mcu.Pin8=VP_SYS_VS_Systick
Mcu.PinsNb=9
Mcu.UserConstants=
Mcu.UserName=STM32L432KCUx
MxCube.Version=4.14.0
MxDb.Version=DB.4.0.140
NVIC.PriorityGroup=NVIC_PRIORITYGROUP_4
NVIC.SysTick_IRQn=true\:0\:0\:true
PA0-CK_IN.GPIOParameters=GPIO_Label
PA0-CK_IN.GPIO_Label=MCO [High speed clock in]
PA0-CK_IN.Locked=true
PA0-CK_IN.Mode=HSE-External-Clock-Source-for-LittleOrca
PA0-CK_IN.Signal=RCC_CK_IN
PA13\ (JTMS-SWDIO).GPIOParameters=GPIO_Label
PA13\ (JTMS-SWDIO).GPIO_Label=SWDIO
PA13\ (JTMS-SWDIO).Locked=true
PA13\ (JTMS-SWDIO).Mode=Serial-Wire
PA13\ (JTMS-SWDIO).Signal=SYS_JTMS-SWDIO
PA14\ (JTCK-SWCLK).GPIOParameters=GPIO_Label
PA14\ (JTCK-SWCLK).GPIO_Label=SWCLK
PA14\ (JTCK-SWCLK).Locked=true
PA14\ (JTCK-SWCLK).Mode=Serial-Wire
PA14\ (JTCK-SWCLK).Signal=SYS_JTCK-SWCLK
PA15\ (JTDI).GPIOParameters=GPIO_Label
PA15\ (JTDI).GPIO_Label=VCP_RX
PA15\ (JTDI).Locked=true
PA15\ (JTDI).Mode=Asynchronous
PA15\ (JTDI).Signal=USART2_RX
PA2.GPIOParameters=GPIO_Label
PA2.GPIO_Label=VCP_TX
PA2.Locked=true
PA2.Mode=Asynchronous
PA2.Signal=USART2_TX
PB3\ (JTDO-TRACESWO).GPIOParameters=GPIO_Label
PB3\ (JTDO-TRACESWO).GPIO_Label=LD3 [Green]
PB3\ (JTDO-TRACESWO).Locked=true
PB3\ (JTDO-TRACESWO).Signal=GPIO_Output
PC14-OSC32_IN\ (PC14).Locked=true
PC14-OSC32_IN\ (PC14).Mode=LSE-External-Oscillator
PC14-OSC32_IN\ (PC14).Signal=RCC_OSC32_IN
PC15-OSC32_OUT\ (PC15).Locked=true
PC15-OSC32_OUT\ (PC15).Mode=LSE-External-Oscillator
PC15-OSC32_OUT\ (PC15).Signal=RCC_OSC32_OUT
PCC.Checker=true
PCC.Line=STM32L4x2
PCC.MCU=STM32L432KCUx
PCC.MXVersion=4.14.0-A6-SNAPSHOT
PCC.PartNumber=STM32L432KCUx
PCC.Seq0=0
PCC.Series=STM32L4
PCC.Temperature=25
PCC.Vdd=null
RCC.48CLKFreq_Value=24000000
RCC.AHBFreq_Value=32000000
RCC.APB1Freq_Value=32000000
RCC.APB1TimFreq_Value=32000000
RCC.APB2Freq_Value=32000000
RCC.APB2TimFreq_Value=32000000
RCC.CortexFreq_Value=32000000
RCC.FCLKCortexFreq_Value=32000000
RCC.FamilyName=M
RCC.HCLKFreq_Value=32000000
RCC.HSE_VALUE=8000000
RCC.HSI16_VALUE=16000000
RCC.HSI48_VALUE=48000000
RCC.HSI_VALUE=16000000
RCC.I2C1Freq_Value=32000000
RCC.I2C2Freq_Value=16000000
RCC.I2C3Freq_Value=32000000
RCC.IPParameters=LPUARTFreq_Value,SYSCLKFreq_VALUE,FamilyName,PLLCLKFreq_Value,RTCHSEDivFreq_Value,RTCFreq_Value,PWRFreq_Value,LPTIMFreq_Value,APB2Freq_Value,MSI_VALUE,APB2TimFreq_Value,HSE_VALUE,TIMFreq_Value,HSI_VALUE,USART2Freq_Value,LCDFreq_Value,HSI16_VALUE,WatchDogFreq_Value,APB1TimFreq_Value,USART1Freq_Value,APB1Freq_Value,I2C1Freq_Value,LSI_VALUE,AHBFreq_Value,HSI48_VALUE,VCOOutputFreq_Value,48CLKFreq_Value,PLLMUL,SYSCLKSource,HCLKFreq_Value,TimerFreq_Value,FCLKCortexFreq_Value,MCOPinFreq_Value,VCOInputFreq_Value,PLLPoutputFreq_Value,PLLQoutputFreq_Value,PLLRCLKFreq_Value,CortexFreq_Value,LPUART1Freq_Value,SWPMI1Freq_Value,USART3Freq_Value,LPTIM1Freq_Value,I2C3Freq_Value,I2C2Freq_Value,MCO1PinFreq_Value,VCOSAI1OutputFreq_Value,PLLSAI1PoutputFreq_Value,SAI1Freq_Value,PLLSAI1QoutputFreq_Value,PLLSAI1RoutputFreq_Value,LPTIM2Freq_Value,LSCOPinFreq_Value,PLLN
RCC.LCDFreq_Value=37000
RCC.LPTIM1Freq_Value=32000000
RCC.LPTIM2Freq_Value=32000000
RCC.LPTIMFreq_Value=32000000
RCC.LPUART1Freq_Value=32000000
RCC.LPUARTFreq_Value=32000000
RCC.LSCOPinFreq_Value=37000
RCC.LSI_VALUE=32000
RCC.MCO1PinFreq_Value=32000000
RCC.MCOPinFreq_Value=32000000
RCC.MSI_VALUE=4000000
RCC.PLLCLKFreq_Value=32000000
RCC.PLLMUL=RCC_PLLMUL_4
RCC.PLLN=16
RCC.PLLPoutputFreq_Value=9142857.142857144
RCC.PLLQoutputFreq_Value=32000000
RCC.PLLRCLKFreq_Value=32000000
RCC.PLLSAI1PoutputFreq_Value=4571428.571428572
RCC.PLLSAI1QoutputFreq_Value=16000000
RCC.PLLSAI1RoutputFreq_Value=16000000
RCC.PWRFreq_Value=32000000
RCC.RTCFreq_Value=37000
RCC.RTCHSEDivFreq_Value=4000000
RCC.SAI1Freq_Value=4571428.571428572
RCC.SWPMI1Freq_Value=32000000
RCC.SYSCLKFreq_VALUE=32000000
RCC.SYSCLKSource=RCC_SYSCLKSOURCE_PLLCLK
RCC.TIMFreq_Value=32000000
RCC.TimerFreq_Value=32000000
RCC.USART1Freq_Value=32000000
RCC.USART2Freq_Value=32000000
RCC.USART3Freq_Value=16000000
RCC.VCOInputFreq_Value=4000000
RCC.VCOOutputFreq_Value=64000000
RCC.VCOSAI1OutputFreq_Value=32000000
RCC.WatchDogFreq_Value=37000
VP_SYS_VS_Systick.Mode=SysTick
VP_SYS_VS_Systick.Signal=SYS_VS_Systick
board=NUCLEO-L432KC
boardIOC=true
