#Copyright (c) 2020 STMicroelectronics. All rights reserved.
#MicroXplorer Configuration settings - do not modify
ADC.Channel=ADC_CHANNEL_4
ADC.Channel-0\#ChannelRegularConversion=ADC_CHANNEL_4
ADC.Channel-IN4=ADC_CHANNEL_4
ADC.ExternalTrigConv=ADC_EXTERNALTRIGCONV_T2_CC3
ADC.ExternalTrigConv-0\#ChannelRegularConversion=ADC_SOFTWARE_START
ADC.ExternalTrigConvEdge=ADC_EXTERNALTRIGCONVEDGE_RISING
ADC.IPParameters=Rank-0\#ChannelRegularConversion,SamplingTime-0\#ChannelRegularConversion,Channel,ExternalTrigConv-0\#ChannelRegularConversion,Channel-0\#ChannelRegularConversion,Channel-IN4,ExternalTrigConv,ExternalTrigConvEdge
ADC.Rank-0\#ChannelRegularConversion=1
ADC.SamplingTime-0\#ChannelRegularConversion=ADC_SAMPLETIME_4CYCLES
File.Version=6
KeepUserPlacement=false
Mcu.Family=STM32L1
Mcu.IP0=ADC
Mcu.IP1=LCD
Mcu.IP2=NVIC
Mcu.IP3=RCC
Mcu.IP4=SYS
Mcu.IP5=TS
Mcu.IPNb=6
Mcu.Name=STM32L152RCTx
Mcu.Package=LQFP64
Mcu.Pin0=PC13-WKUP2
Mcu.Pin1=PC14-OSC32_IN
Mcu.Pin10=PA3
Mcu.Pin11=PA4
Mcu.Pin12=PA6
Mcu.Pin13=PA7
Mcu.Pin14=PC4
Mcu.Pin15=PC5
Mcu.Pin16=PB0
Mcu.Pin17=PB1
Mcu.Pin18=PB10
Mcu.Pin19=PB11
Mcu.Pin2=PC15-OSC32_OUT
Mcu.Pin20=PB12
Mcu.Pin21=PB13
Mcu.Pin22=PB14
Mcu.Pin23=PB15
Mcu.Pin24=PC6
Mcu.Pin25=PC7
Mcu.Pin26=PC8
Mcu.Pin27=PC9
Mcu.Pin28=PA8
Mcu.Pin29=PA9
Mcu.Pin3=PC0
Mcu.Pin30=PA10
Mcu.Pin31=PA13
Mcu.Pin32=PA14
Mcu.Pin33=PA15
Mcu.Pin34=PC10
Mcu.Pin35=PC11
Mcu.Pin36=PB3
Mcu.Pin37=PB4
Mcu.Pin38=PB5
Mcu.Pin39=PB6
Mcu.Pin4=PC1
Mcu.Pin40=PB7
Mcu.Pin41=PB8
Mcu.Pin42=PB9
Mcu.Pin43=VP_SYS_VS_Systick
Mcu.Pin5=PC2
Mcu.Pin6=PC3
Mcu.Pin7=PA0-WKUP1
Mcu.Pin8=PA1
Mcu.Pin9=PA2
Mcu.PinsNb=44
Mcu.UserConstants=
Mcu.UserName=STM32L152RCTx
MxCube.Version=4.18.0
MxDb.Version=DB.4.0.180
NVIC.BusFault_IRQn=true\:0\:0\:false\:false\:true
NVIC.DebugMonitor_IRQn=true\:0\:0\:false\:false\:true
NVIC.HardFault_IRQn=true\:0\:0\:false\:false\:true
NVIC.MemoryManagement_IRQn=true\:0\:0\:false\:false\:true
NVIC.NonMaskableInt_IRQn=true\:0\:0\:false\:false\:true
NVIC.PendSV_IRQn=true\:0\:0\:false\:false\:true
NVIC.PriorityGroup=NVIC_PRIORITYGROUP_0
NVIC.SVC_IRQn=true\:0\:0\:false\:false\:true
NVIC.SysTick_IRQn=true\:0\:0\:true\:false\:true
NVIC.UsageFault_IRQn=true\:0\:0\:false\:false\:true
PA0-WKUP1.GPIOParameters=GPIO_Label,GPIO_ModeDefaultEXTI,GPIO_PuPd
PA0-WKUP1.GPIO_Label=B1 [Blue PushButton]
PA0-WKUP1.GPIO_ModeDefaultEXTI=GPIO_MODE_EVT_RISING
PA0-WKUP1.GPIO_PuPd=GPIO_NOPULL
PA0-WKUP1.Locked=true
PA0-WKUP1.Signal=GPXTI0
PA1.GPIOParameters=GPIO_Label,GPIO_Speed,GPIO_PuPd,GPIO_Mode
PA1.GPIO_Label=SEG0 [GH08172T_SEG0]
PA1.GPIO_Mode=GPIO_MODE_AF_PP
PA1.GPIO_PuPd=GPIO_NOPULL
PA1.GPIO_Speed=GPIO_SPEED_FREQ_LOW
PA1.Locked=true
PA1.Mode=SEG0
PA1.Signal=LCD_SEG0
PA10.GPIOParameters=GPIO_Label,GPIO_Speed,GPIO_PuPd,GPIO_Mode
PA10.GPIO_Label=COM2 [GH08172T_COM2]
PA10.GPIO_Mode=GPIO_MODE_AF_PP
PA10.GPIO_PuPd=GPIO_NOPULL
PA10.GPIO_Speed=GPIO_SPEED_FREQ_LOW
PA10.Locked=true
PA10.Mode=1/4 Duty Cycle
PA10.Signal=LCD_COM2
PA13.GPIOParameters=GPIO_Label
PA13.GPIO_Label=SWDIO
PA13.Locked=true
PA13.Mode=Serial_Wire
PA13.Signal=SYS_JTMS-SWDIO
PA14.GPIOParameters=GPIO_Label
PA14.GPIO_Label=SWCLK
PA14.Locked=true
PA14.Mode=Serial_Wire
PA14.Signal=SYS_JTCK-SWCLK
PA15.GPIOParameters=GPIO_Label,GPIO_Speed,GPIO_PuPd,GPIO_Mode
PA15.GPIO_Label=SEG12 [GH08172T_SEG12]
PA15.GPIO_Mode=GPIO_MODE_AF_PP
PA15.GPIO_PuPd=GPIO_NOPULL
PA15.GPIO_Speed=GPIO_SPEED_FREQ_LOW
PA15.Locked=true
PA15.Mode=SEG17
PA15.Signal=LCD_SEG17
PA2.GPIOParameters=GPIO_Label,GPIO_Speed,GPIO_PuPd,GPIO_Mode
PA2.GPIO_Label=SEG1 [GH08172T_SEG1]
PA2.GPIO_Mode=GPIO_MODE_AF_PP
PA2.GPIO_PuPd=GPIO_NOPULL
PA2.GPIO_Speed=GPIO_SPEED_FREQ_LOW
PA2.Locked=true
PA2.Mode=SEG1
PA2.Signal=LCD_SEG1
PA3.GPIOParameters=GPIO_Label,GPIO_Speed,GPIO_PuPd,GPIO_Mode
PA3.GPIO_Label=SEG2 [GH08172T_SEG2]
PA3.GPIO_Mode=GPIO_MODE_AF_PP
PA3.GPIO_PuPd=GPIO_NOPULL
PA3.GPIO_Speed=GPIO_SPEED_FREQ_LOW
PA3.Locked=true
PA3.Mode=SEG2
PA3.Signal=LCD_SEG2
PA4.GPIOParameters=GPIO_Label,GPIO_PuPd,GPIO_Mode
PA4.GPIO_Label=IDD_Measurement
PA4.GPIO_Mode=GPIO_MODE_ANALOG
PA4.GPIO_PuPd=GPIO_NOPULL
PA4.Locked=true
PA4.Mode=IN4
PA4.Signal=ADC_IN4
PA6.GPIOParameters=GPIO_Label
PA6.GPIO_Label=GRP2_Sampling [Touch_Slider_1]
PA6.Locked=true
PA6.Mode=G2_IO1-Sampling
PA6.Signal=TS_G2_IO1
PA7.GPIOParameters=GPIO_Label
PA7.GPIO_Label=GRP2_Ground [Touch_Slider_1]
PA7.Locked=true
PA7.Mode=G2_IO2-Channel
PA7.Signal=TS_G2_IO2
PA8.GPIOParameters=GPIO_Label,GPIO_Speed,GPIO_PuPd,GPIO_Mode
PA8.GPIO_Label=COM0 [GH08172T_COM0]
PA8.GPIO_Mode=GPIO_MODE_AF_PP
PA8.GPIO_PuPd=GPIO_NOPULL
PA8.GPIO_Speed=GPIO_SPEED_FREQ_LOW
PA8.Locked=true
PA8.Mode=1/4 Duty Cycle
PA8.Signal=LCD_COM0
PA9.GPIOParameters=GPIO_Label,GPIO_Speed,GPIO_PuPd,GPIO_Mode
PA9.GPIO_Label=COM1 [GH08172T_COM1]
PA9.GPIO_Mode=GPIO_MODE_AF_PP
PA9.GPIO_PuPd=GPIO_NOPULL
PA9.GPIO_Speed=GPIO_SPEED_FREQ_LOW
PA9.Locked=true
PA9.Mode=1/4 Duty Cycle
PA9.Signal=LCD_COM1
PB0.GPIOParameters=GPIO_Label
PB0.GPIO_Label=GRP3_Sampling [Touch_Slider_3]
PB0.Locked=true
PB0.Mode=G3_IO1-Sampling
PB0.Signal=TS_G3_IO1
PB1.GPIOParameters=GPIO_Label
PB1.GPIO_Label=GRP3_Ground [Touch_Slider_3]
PB1.Locked=true
PB1.Mode=G3_IO2-Channel
PB1.Signal=TS_G3_IO2
PB10.GPIOParameters=GPIO_Label,GPIO_Speed,GPIO_PuPd,GPIO_Mode
PB10.GPIO_Label=SEG6 [GH08172T_SEG6]
PB10.GPIO_Mode=GPIO_MODE_AF_PP
PB10.GPIO_PuPd=GPIO_NOPULL
PB10.GPIO_Speed=GPIO_SPEED_FREQ_LOW
PB10.Locked=true
PB10.Mode=SEG10
PB10.Signal=LCD_SEG10
PB11.GPIOParameters=GPIO_Label,GPIO_Speed,GPIO_PuPd,GPIO_Mode
PB11.GPIO_Label=SEG7 [GH08172T_SEG7]
PB11.GPIO_Mode=GPIO_MODE_AF_PP
PB11.GPIO_PuPd=GPIO_NOPULL
PB11.GPIO_Speed=GPIO_SPEED_FREQ_LOW
PB11.Locked=true
PB11.Mode=SEG11
PB11.Signal=LCD_SEG11
PB12.GPIOParameters=GPIO_Label,GPIO_Speed,GPIO_PuPd,GPIO_Mode
PB12.GPIO_Label=SEG8 [GH08172T_SEG8]
PB12.GPIO_Mode=GPIO_MODE_AF_PP
PB12.GPIO_PuPd=GPIO_NOPULL
PB12.GPIO_Speed=GPIO_SPEED_FREQ_LOW
PB12.Locked=true
PB12.Mode=SEG12
PB12.Signal=LCD_SEG12
PB13.GPIOParameters=GPIO_Label,GPIO_Speed,GPIO_PuPd,GPIO_Mode
PB13.GPIO_Label=SEG9 [GH08172T_SEG9]
PB13.GPIO_Mode=GPIO_MODE_AF_PP
PB13.GPIO_PuPd=GPIO_NOPULL
PB13.GPIO_Speed=GPIO_SPEED_FREQ_LOW
PB13.Locked=true
PB13.Mode=SEG13
PB13.Signal=LCD_SEG13
PB14.GPIOParameters=GPIO_Label,GPIO_Speed,GPIO_PuPd,GPIO_Mode
PB14.GPIO_Label=SEG10 [GH08172T_SEG10]
PB14.GPIO_Mode=GPIO_MODE_AF_PP
PB14.GPIO_PuPd=GPIO_NOPULL
PB14.GPIO_Speed=GPIO_SPEED_FREQ_LOW
PB14.Locked=true
PB14.Mode=SEG14
PB14.Signal=LCD_SEG14
PB15.GPIOParameters=GPIO_Label,GPIO_Speed,GPIO_PuPd,GPIO_Mode
PB15.GPIO_Label=SEG11 [GH08172T_SEG11]
PB15.GPIO_Mode=GPIO_MODE_AF_PP
PB15.GPIO_PuPd=GPIO_NOPULL
PB15.GPIO_Speed=GPIO_SPEED_FREQ_LOW
PB15.Locked=true
PB15.Mode=SEG15
PB15.Signal=LCD_SEG15
PB3.GPIOParameters=GPIO_Label,GPIO_Speed,GPIO_PuPd,GPIO_Mode
PB3.GPIO_Label=SEG3 [GH08172T_SEG3]
PB3.GPIO_Mode=GPIO_MODE_AF_PP
PB3.GPIO_PuPd=GPIO_NOPULL
PB3.GPIO_Speed=GPIO_SPEED_FREQ_LOW
PB3.Locked=true
PB3.Mode=SEG7
PB3.Signal=LCD_SEG7
PB4.GPIOParameters=GPIO_Label,GPIO_Speed,GPIO_PuPd,GPIO_Mode
PB4.GPIO_Label=SEG4 [GH08172T_SEG4]
PB4.GPIO_Mode=GPIO_MODE_AF_PP
PB4.GPIO_PuPd=GPIO_NOPULL
PB4.GPIO_Speed=GPIO_SPEED_FREQ_LOW
PB4.Locked=true
PB4.Mode=SEG8
PB4.Signal=LCD_SEG8
PB5.GPIOParameters=GPIO_Label,GPIO_Speed,GPIO_PuPd,GPIO_Mode
PB5.GPIO_Label=SEG5 [GH08172T_SEG5]
PB5.GPIO_Mode=GPIO_MODE_AF_PP
PB5.GPIO_PuPd=GPIO_NOPULL
PB5.GPIO_Speed=GPIO_SPEED_FREQ_LOW
PB5.Locked=true
PB5.Mode=SEG9
PB5.Signal=LCD_SEG9
PB6.GPIOParameters=GPIO_ModeDefaultOutputPP,GPIO_Label,GPIO_Speed,GPIO_PuPd
PB6.GPIO_Label=LD4 [Blue Led]
PB6.GPIO_ModeDefaultOutputPP=GPIO_MODE_OUTPUT_PP
PB6.GPIO_PuPd=GPIO_NOPULL
PB6.GPIO_Speed=GPIO_SPEED_FREQ_LOW
PB6.Locked=true
PB6.Signal=GPIO_Output
PB7.GPIOParameters=GPIO_ModeDefaultOutputPP,GPIO_Label,GPIO_Speed,GPIO_PuPd
PB7.GPIO_Label=LD3 [Green Led]
PB7.GPIO_ModeDefaultOutputPP=GPIO_MODE_OUTPUT_PP
PB7.GPIO_PuPd=GPIO_NOPULL
PB7.GPIO_Speed=GPIO_SPEED_FREQ_LOW
PB7.Locked=true
PB7.Signal=GPIO_Output
PB8.GPIOParameters=GPIO_Label,GPIO_Speed,GPIO_PuPd,GPIO_Mode
PB8.GPIO_Label=SEG13 [GH08172T_SEG13]
PB8.GPIO_Mode=GPIO_MODE_AF_PP
PB8.GPIO_PuPd=GPIO_NOPULL
PB8.GPIO_Speed=GPIO_SPEED_FREQ_LOW
PB8.Locked=true
PB8.Mode=SEG16
PB8.Signal=LCD_SEG16
PB9.GPIOParameters=GPIO_Label,GPIO_Speed,GPIO_PuPd,GPIO_Mode
PB9.GPIO_Label=COM3 [GH08172T_COM3]
PB9.GPIO_Mode=GPIO_MODE_AF_PP
PB9.GPIO_PuPd=GPIO_NOPULL
PB9.GPIO_Speed=GPIO_SPEED_FREQ_LOW
PB9.Locked=true
PB9.Mode=1/4 Duty Cycle
PB9.Signal=LCD_COM3
PC0.GPIOParameters=GPIO_Label,GPIO_Speed,GPIO_PuPd,GPIO_Mode
PC0.GPIO_Label=SEG14 [GH08172T_SEG14]
PC0.GPIO_Mode=GPIO_MODE_AF_PP
PC0.GPIO_PuPd=GPIO_NOPULL
PC0.GPIO_Speed=GPIO_SPEED_FREQ_LOW
PC0.Locked=true
PC0.Mode=SEG18
PC0.Signal=LCD_SEG18
PC1.GPIOParameters=GPIO_Label,GPIO_Speed,GPIO_PuPd,GPIO_Mode
PC1.GPIO_Label=SEG15 [GH08172T_SEG15]
PC1.GPIO_Mode=GPIO_MODE_AF_PP
PC1.GPIO_PuPd=GPIO_NOPULL
PC1.GPIO_Speed=GPIO_SPEED_FREQ_LOW
PC1.Locked=true
PC1.Mode=SEG19
PC1.Signal=LCD_SEG19
PC10.GPIOParameters=GPIO_Label,GPIO_Speed,GPIO_PuPd,GPIO_Mode
PC10.GPIO_Label=SEG22 [GH08172T_SEG22]
PC10.GPIO_Mode=GPIO_MODE_AF_PP
PC10.GPIO_PuPd=GPIO_NOPULL
PC10.GPIO_Speed=GPIO_SPEED_FREQ_LOW
PC10.Locked=true
PC10.Mode=SEG28
PC10.Signal=LCD_SEG28
PC11.GPIOParameters=GPIO_Label,GPIO_Speed,GPIO_PuPd,GPIO_Mode
PC11.GPIO_Label=SEG23 [GH08172T_SEG23]
PC11.GPIO_Mode=GPIO_MODE_AF_PP
PC11.GPIO_PuPd=GPIO_NOPULL
PC11.GPIO_Speed=GPIO_SPEED_FREQ_LOW
PC11.Locked=true
PC11.Mode=SEG29
PC11.Signal=LCD_SEG29
PC13-WKUP2.GPIOParameters=GPIO_Label
PC13-WKUP2.GPIO_Label=IDD_CNT_EN
PC13-WKUP2.Locked=true
PC13-WKUP2.Signal=GPIO_Output
PC14-OSC32_IN.GPIOParameters=GPIO_Label
PC14-OSC32_IN.GPIO_Label=PC14-OSC32_IN
PC14-OSC32_IN.Locked=true
PC14-OSC32_IN.Mode=LSE-External-Oscillator
PC14-OSC32_IN.Signal=RCC_OSC32_IN
PC15-OSC32_OUT.GPIOParameters=GPIO_Label
PC15-OSC32_OUT.GPIO_Label=PC15-OSC32_OUT
PC15-OSC32_OUT.Locked=true
PC15-OSC32_OUT.Mode=LSE-External-Oscillator
PC15-OSC32_OUT.Signal=RCC_OSC32_OUT
PC2.GPIOParameters=GPIO_Label,GPIO_Speed,GPIO_PuPd,GPIO_Mode
PC2.GPIO_Label=SEG16 [GH08172T_SEG16]
PC2.GPIO_Mode=GPIO_MODE_AF_PP
PC2.GPIO_PuPd=GPIO_NOPULL
PC2.GPIO_Speed=GPIO_SPEED_FREQ_LOW
PC2.Locked=true
PC2.Mode=SEG20
PC2.Signal=LCD_SEG20
PC3.GPIOParameters=GPIO_Label,GPIO_Speed,GPIO_PuPd,GPIO_Mode
PC3.GPIO_Label=SEG17 [GH08172T_SEG17]
PC3.GPIO_Mode=GPIO_MODE_AF_PP
PC3.GPIO_PuPd=GPIO_NOPULL
PC3.GPIO_Speed=GPIO_SPEED_FREQ_LOW
PC3.Locked=true
PC3.Mode=SEG21
PC3.Signal=LCD_SEG21
PC4.GPIOParameters=GPIO_Label
PC4.GPIO_Label=GRP9_Sampling [Touch_Slider_2]
PC4.Locked=true
PC4.Mode=G9_IO1-Sampling
PC4.Signal=TS_G9_IO1
PC5.GPIOParameters=GPIO_Label
PC5.GPIO_Label=GRP9_Ground [Touch_Slider_2]
PC5.Locked=true
PC5.Mode=G9_IO2-Channel
PC5.Signal=TS_G9_IO2
PC6.GPIOParameters=GPIO_Label,GPIO_Speed,GPIO_PuPd,GPIO_Mode
PC6.GPIO_Label=SEG18 [GH08172T_SEG18]
PC6.GPIO_Mode=GPIO_MODE_AF_PP
PC6.GPIO_PuPd=GPIO_NOPULL
PC6.GPIO_Speed=GPIO_SPEED_FREQ_LOW
PC6.Locked=true
PC6.Mode=SEG24
PC6.Signal=LCD_SEG24
PC7.GPIOParameters=GPIO_Label,GPIO_Speed,GPIO_PuPd,GPIO_Mode
PC7.GPIO_Label=SEG19 [GH08172T_SEG19]
PC7.GPIO_Mode=GPIO_MODE_AF_PP
PC7.GPIO_PuPd=GPIO_NOPULL
PC7.GPIO_Speed=GPIO_SPEED_FREQ_LOW
PC7.Locked=true
PC7.Mode=SEG25
PC7.Signal=LCD_SEG25
PC8.GPIOParameters=GPIO_Label,GPIO_Speed,GPIO_PuPd,GPIO_Mode
PC8.GPIO_Label=SEG20 [GH08172T_SEG20]
PC8.GPIO_Mode=GPIO_MODE_AF_PP
PC8.GPIO_PuPd=GPIO_NOPULL
PC8.GPIO_Speed=GPIO_SPEED_FREQ_LOW
PC8.Locked=true
PC8.Mode=SEG26
PC8.Signal=LCD_SEG26
PC9.GPIOParameters=GPIO_Label,GPIO_Speed,GPIO_PuPd,GPIO_Mode
PC9.GPIO_Label=SEG21 [GH08172T_SEG21]
PC9.GPIO_Mode=GPIO_MODE_AF_PP
PC9.GPIO_PuPd=GPIO_NOPULL
PC9.GPIO_Speed=GPIO_SPEED_FREQ_LOW
PC9.Locked=true
PC9.Mode=SEG27
PC9.Signal=LCD_SEG27
PCC.Checker=true
PCC.Line=STM32L151/152
PCC.MCU=STM32L152RCTx
PCC.MXVersion=4.18.0-A21-SNAPSHOT
PCC.PartNumber=STM32L152RCTx
PCC.Seq0=0
PCC.Series=STM32L1
PCC.Temperature=25
PCC.Vdd=3.0
RCC.AHBFreq_Value=32000000
RCC.APB1Freq_Value=32000000
RCC.APB1TimFreq_Value=32000000
RCC.APB2Freq_Value=32000000
RCC.APB2TimFreq_Value=32000000
RCC.FCLKCortexFreq_Value=32000000
RCC.FamilyName=M
RCC.HCLKFreq_Value=32000000
RCC.HSE_VALUE=8000000
RCC.HSI_VALUE=16000000
RCC.IPParameters=AHBFreq_Value,APB1Freq_Value,APB1TimFreq_Value,APB2Freq_Value,APB2TimFreq_Value,FCLKCortexFreq_Value,FamilyName,HCLKFreq_Value,HSE_VALUE,HSI_VALUE,LCDFreq_Value,LSI_VALUE,MCOPinFreq_Value,MSI_VALUE,PLLCLKFreq_Value,PLLDIV,PLLMUL,PWRFreq_Value,RTCClockSelectionVirtual,RTCFreq_Value,RTCHSEDivFreq_Value,SYSCLKFreq_VALUE,SYSCLKSource,TIMFreq_Value,TimerFreq_Value,USBOutput,VCOOutputFreq_Value
RCC.LCDFreq_Value=32768
RCC.LSI_VALUE=37000
RCC.MCOPinFreq_Value=32000000
RCC.MSI_VALUE=2097000
RCC.PLLCLKFreq_Value=32000000
RCC.PLLDIV=RCC_PLL_DIV3
RCC.PLLMUL=RCC_PLL_MUL6
RCC.PWRFreq_Value=32000000
RCC.RTCClockSelectionVirtual=RCC_RTCCLKSOURCE_LSE
RCC.RTCFreq_Value=32768
RCC.RTCHSEDivFreq_Value=4000000
RCC.SYSCLKFreq_VALUE=32000000
RCC.SYSCLKSource=RCC_SYSCLKSOURCE_PLLCLK
RCC.TIMFreq_Value=32000000
RCC.TimerFreq_Value=32000000
RCC.USBOutput=48000000
RCC.VCOOutputFreq_Value=96000000
SH.GPXTI0.0=GPIO_EXTI0
SH.GPXTI0.ConfNb=1
VP_SYS_VS_Systick.Mode=SysTick
VP_SYS_VS_Systick.Signal=SYS_VS_Systick
board=STM32L152C-DISCO
boardIOC=true
