#Copyright (c) 2020 STMicroelectronics. All rights reserved.
#MicroXplorer Configuration settings - do not modify
ADC3.Channel-0\#ChannelRegularConversion=ADC_CHANNEL_7
ADC3.IPParameters=Rank-0\#ChannelRegularConversion,SamplingTime-0\#ChannelRegularConversion,Channel-0\#ChannelRegularConversion
ADC3.Rank-0\#ChannelRegularConversion=1
ADC3.SamplingTime-0\#ChannelRegularConversion=ADC_SAMPLETIME_3CYCLES
ETH.IPParameters=MediaInterface
ETH.MediaInterface=ETH_MEDIA_INTERFACE_MII
FATFS.BSP.number=1
FATFS0.BSP.STBoard=false
FATFS0.BSP.api=UnknownBspDriver
FATFS0.BSP.component=
FATFS0.BSP.i2caddr=0
FATFS0.BSP.i2creg=0
FATFS0.BSP.instance=PH13
FATFS0.BSP.ip=GPIO
FATFS0.BSP.mode=Input
FATFS0.BSP.name=Detect_SDIO
File.Version=6
I2S2.AudioFreq=I2S_AUDIOFREQ_96K
I2S2.ErrorAudioFreq=-2.34 %
I2S2.IPParameters=AudioFreq,RealAudioFreq,ErrorAudioFreq,Instance,VirtualMode
I2S2.Instance=SPI$Index
I2S2.RealAudioFreq=93.75 KHz
I2S2.VirtualMode=I2S_MODE_MASTER
KeepUserPlacement=false
Mcu.Family=STM32F2
Mcu.IP0=ADC3
Mcu.IP1=DAC
Mcu.IP10=RTC
Mcu.IP11=SDIO
Mcu.IP12=SYS
Mcu.IP13=USART3
Mcu.IP14=USB_HOST
Mcu.IP15=USB_OTG_FS
Mcu.IP16=USB_OTG_HS
Mcu.IP2=DCMI
Mcu.IP3=ETH
Mcu.IP4=FATFS
Mcu.IP5=FSMC
Mcu.IP6=I2C1
Mcu.IP7=I2S2
Mcu.IP8=NVIC
Mcu.IP9=RCC
Mcu.IPNb=17
Mcu.Name=STM32F217I(E-G)Hx
Mcu.Package=UFBGA176
Mcu.Pin0=PE3
Mcu.Pin1=PE2
Mcu.Pin10=PD7
Mcu.Pin100=PA0-WKUP
Mcu.Pin101=PA4
Mcu.Pin102=PC4
Mcu.Pin103=PF13
Mcu.Pin104=PG0
Mcu.Pin105=PE13
Mcu.Pin106=PH7
Mcu.Pin107=PD12
Mcu.Pin108=PD11
Mcu.Pin109=PD10
Mcu.Pin11=PC12
Mcu.Pin110=PA2
Mcu.Pin111=PA6
Mcu.Pin112=PA5
Mcu.Pin113=PC5
Mcu.Pin114=PF12
Mcu.Pin115=PF15
Mcu.Pin116=PE8
Mcu.Pin117=PE9
Mcu.Pin118=PE11
Mcu.Pin119=PE14
Mcu.Pin12=PA15
Mcu.Pin120=PB12
Mcu.Pin121=PB13
Mcu.Pin122=PD9
Mcu.Pin123=PD8
Mcu.Pin124=PA3
Mcu.Pin125=PA7
Mcu.Pin126=PB1
Mcu.Pin127=PB0
Mcu.Pin128=PF11
Mcu.Pin129=PF14
Mcu.Pin13=PA14
Mcu.Pin130=PE7
Mcu.Pin131=PE10
Mcu.Pin132=PE12
Mcu.Pin133=PE15
Mcu.Pin134=PB10
Mcu.Pin135=PB11
Mcu.Pin136=PB14
Mcu.Pin137=PB15
Mcu.Pin138=VP_FATFS_VS_SDIO
Mcu.Pin139=VP_RTC_VS_RTC_Activate
Mcu.Pin14=PA13
Mcu.Pin140=VP_SYS_VS_Systick
Mcu.Pin141=VP_USB_HOST_VS_USB_HOST_CDC_FS
Mcu.Pin15=PE4
Mcu.Pin16=PE5
Mcu.Pin17=PE6
Mcu.Pin18=PB9
Mcu.Pin19=PB7
Mcu.Pin2=PE1
Mcu.Pin20=PB6
Mcu.Pin21=PG15
Mcu.Pin22=PG12
Mcu.Pin23=PG11
Mcu.Pin24=PG10
Mcu.Pin25=PD6
Mcu.Pin26=PD0
Mcu.Pin27=PC11
Mcu.Pin28=PC10
Mcu.Pin29=PA12
Mcu.Pin3=PE0
Mcu.Pin30=PI7
Mcu.Pin31=PI6
Mcu.Pin32=PI5
Mcu.Pin33=PG9
Mcu.Pin34=PD5
Mcu.Pin35=PD1
Mcu.Pin36=PI3
Mcu.Pin37=PI2
Mcu.Pin38=PA11
Mcu.Pin39=PC13
Mcu.Pin4=PB8
Mcu.Pin40=PI9
Mcu.Pin41=PI4
Mcu.Pin42=PD4
Mcu.Pin43=PD3
Mcu.Pin44=PD2
Mcu.Pin45=PH15
Mcu.Pin46=PI1
Mcu.Pin47=PA10
Mcu.Pin48=PC14-OSC32_IN
Mcu.Pin49=PF0
Mcu.Pin5=PB5
Mcu.Pin50=PI10
Mcu.Pin51=PI11
Mcu.Pin52=PH13
Mcu.Pin53=PH14
Mcu.Pin54=PI0
Mcu.Pin55=PA9
Mcu.Pin56=PC15-OSC32_OUT
Mcu.Pin57=PH2
Mcu.Pin58=PC9
Mcu.Pin59=PA8
Mcu.Pin6=PG14
Mcu.Pin60=PH0-OSC_IN
Mcu.Pin61=PH3
Mcu.Pin62=PC8
Mcu.Pin63=PC7
Mcu.Pin64=PH1-OSC_OUT
Mcu.Pin65=PF2
Mcu.Pin66=PF1
Mcu.Pin67=PH4
Mcu.Pin68=PG8
Mcu.Pin69=PC6
Mcu.Pin7=PG13
Mcu.Pin70=PF3
Mcu.Pin71=PF4
Mcu.Pin72=PH5
Mcu.Pin73=PG7
Mcu.Pin74=PG6
Mcu.Pin75=PF7
Mcu.Pin76=PF6
Mcu.Pin77=PF5
Mcu.Pin78=PH12
Mcu.Pin79=PG5
Mcu.Pin8=PB4
Mcu.Pin80=PG4
Mcu.Pin81=PG3
Mcu.Pin82=PF10
Mcu.Pin83=PF9
Mcu.Pin84=PH11
Mcu.Pin85=PH10
Mcu.Pin86=PD15
Mcu.Pin87=PG2
Mcu.Pin88=PC0
Mcu.Pin89=PC1
Mcu.Pin9=PB3
Mcu.Pin90=PC2
Mcu.Pin91=PC3
Mcu.Pin92=PB2
Mcu.Pin93=PG1
Mcu.Pin94=PH6
Mcu.Pin95=PH8
Mcu.Pin96=PH9
Mcu.Pin97=PD14
Mcu.Pin98=PD13
Mcu.Pin99=PA1
Mcu.PinsNb=142
Mcu.UserConstants=
Mcu.UserName=STM32F217IGHx
MxCube.Version=4.23.0
MxDb.Version=DB.4.0.230
NVIC.BusFault_IRQn=true\:0\:0\:false\:false\:true\:true
NVIC.DebugMonitor_IRQn=true\:0\:0\:false\:false\:true\:true
NVIC.ETH_IRQn=true\:0\:0\:false\:false\:true\:true
NVIC.HardFault_IRQn=true\:0\:0\:false\:false\:true\:true
NVIC.MemoryManagement_IRQn=true\:0\:0\:false\:false\:true\:true
NVIC.NonMaskableInt_IRQn=true\:0\:0\:false\:false\:true\:true
NVIC.OTG_FS_IRQn=true\:0\:0\:false\:false\:true\:true
NVIC.PendSV_IRQn=true\:0\:0\:false\:false\:true\:true
NVIC.PriorityGroup=NVIC_PRIORITYGROUP_0
NVIC.SVCall_IRQn=true\:0\:0\:false\:false\:true\:true
NVIC.SysTick_IRQn=true\:0\:0\:false\:false\:true\:true
NVIC.UsageFault_IRQn=true\:0\:0\:false\:false\:true\:true
PA0-WKUP.GPIOParameters=GPIO_Label
PA0-WKUP.GPIO_Label=WAKEUP [Button B2]
PA0-WKUP.Locked=true
PA0-WKUP.Signal=SYS_WKUP
PA1.GPIOParameters=GPIO_Speed,GPIO_PuPd,GPIO_Label,GPIO_Mode
PA1.GPIO_Label=MII_RX_CLK/RMII_REF_CLK
PA1.GPIO_Mode=GPIO_MODE_AF_PP
PA1.GPIO_PuPd=GPIO_NOPULL
PA1.GPIO_Speed=GPIO_SPEED_FREQ_LOW
PA1.Locked=true
PA1.Mode=MII
PA1.Signal=ETH_RX_CLK
PA10.GPIOParameters=GPIO_Speed,GPIO_PuPd,GPIO_Label,GPIO_Mode
PA10.GPIO_Label=USB_FS_ID
PA10.GPIO_Mode=GPIO_MODE_AF_PP
PA10.GPIO_PuPd=GPIO_NOPULL
PA10.GPIO_Speed=GPIO_SPEED_FREQ_LOW
PA10.Locked=true
PA10.Signal=USB_OTG_FS_ID
PA11.GPIOParameters=GPIO_Speed,GPIO_PuPd,GPIO_Label,GPIO_Mode
PA11.GPIO_Label=USB_FS_DM
PA11.GPIO_Mode=GPIO_MODE_AF_PP
PA11.GPIO_PuPd=GPIO_NOPULL
PA11.GPIO_Speed=GPIO_SPEED_FREQ_LOW
PA11.Locked=true
PA11.Mode=Host_Only
PA11.Signal=USB_OTG_FS_DM
PA12.GPIOParameters=GPIO_Speed,GPIO_PuPd,GPIO_Label,GPIO_Mode
PA12.GPIO_Label=USB_FS_DP
PA12.GPIO_Mode=GPIO_MODE_AF_PP
PA12.GPIO_PuPd=GPIO_NOPULL
PA12.GPIO_Speed=GPIO_SPEED_FREQ_LOW
PA12.Locked=true
PA12.Mode=Host_Only
PA12.Signal=USB_OTG_FS_DP
PA13.GPIOParameters=GPIO_Label
PA13.GPIO_Label=TMS/SWDIO
PA13.Locked=true
PA13.Mode=Serial_Wire
PA13.Signal=SYS_JTMS-SWDIO
PA14.GPIOParameters=GPIO_Label
PA14.GPIO_Label=TCK/SWCLK
PA14.Locked=true
PA14.Mode=Serial_Wire
PA14.Signal=SYS_JTCK-SWCLK
PA15.GPIOParameters=GPIO_Label
PA15.GPIO_Label=TDI
PA15.Locked=true
PA15.Signal=SYS_JTDI
PA2.GPIOParameters=GPIO_Speed,GPIO_PuPd,GPIO_Label,GPIO_Mode
PA2.GPIO_Label=MII_MDIO
PA2.GPIO_Mode=GPIO_MODE_AF_PP
PA2.GPIO_PuPd=GPIO_NOPULL
PA2.GPIO_Speed=GPIO_SPEED_FREQ_LOW
PA2.Locked=true
PA2.Mode=MII
PA2.Signal=ETH_MDIO
PA3.GPIOParameters=GPIO_Speed,GPIO_PuPd,GPIO_Label,GPIO_Mode
PA3.GPIO_Label=ULPI_D0
PA3.GPIO_Mode=GPIO_MODE_AF_PP
PA3.GPIO_PuPd=GPIO_NOPULL
PA3.GPIO_Speed=GPIO_SPEED_FREQ_VERY_HIGH
PA3.Locked=true
PA3.Mode=Host_HS
PA3.Signal=USB_OTG_HS_ULPI_D0
PA4.GPIOParameters=GPIO_PuPd,GPIO_Label,GPIO_Mode
PA4.GPIO_Label=Audio_DAC_OUT [CS43L22_AIN1]
PA4.GPIO_Mode=GPIO_MODE_ANALOG
PA4.GPIO_PuPd=GPIO_NOPULL
PA4.Locked=true
PA4.Signal=COMP_DAC1_group
PA5.GPIOParameters=GPIO_Speed,GPIO_PuPd,GPIO_Label,GPIO_Mode
PA5.GPIO_Label=ULPI_CLK
PA5.GPIO_Mode=GPIO_MODE_AF_PP
PA5.GPIO_PuPd=GPIO_NOPULL
PA5.GPIO_Speed=GPIO_SPEED_FREQ_VERY_HIGH
PA5.Locked=true
PA5.Mode=Host_HS
PA5.Signal=USB_OTG_HS_ULPI_CK
PA6.GPIOParameters=GPIO_Speed,GPIO_PuPd,GPIO_Label,GPIO_Mode
PA6.GPIO_Label=DCMI_PIXCK
PA6.GPIO_Mode=GPIO_MODE_AF_PP
PA6.GPIO_PuPd=GPIO_NOPULL
PA6.GPIO_Speed=GPIO_SPEED_FREQ_LOW
PA6.Locked=true
PA6.Mode=Slave_8_bits_External_Synchro
PA6.Signal=DCMI_PIXCK
PA7.GPIOParameters=GPIO_Speed,GPIO_PuPd,GPIO_Label,GPIO_Mode
PA7.GPIO_Label=MII_RX_DV/RMII_CRSDV
PA7.GPIO_Mode=GPIO_MODE_AF_PP
PA7.GPIO_PuPd=GPIO_NOPULL
PA7.GPIO_Speed=GPIO_SPEED_FREQ_LOW
PA7.Locked=true
PA7.Mode=MII
PA7.Signal=ETH_RX_DV
PA8.GPIOParameters=GPIO_Speed,GPIO_PuPd,GPIO_Label,GPIO_Mode
PA8.GPIO_Label=MCO
PA8.GPIO_Mode=GPIO_MODE_AF_PP
PA8.GPIO_PuPd=GPIO_NOPULL
PA8.GPIO_Speed=GPIO_SPEED_FREQ_LOW
PA8.Locked=true
PA8.Mode=Clock-out-1
PA8.Signal=RCC_MCO_1
PA9.GPIOParameters=GPIO_PuPd,GPIO_Label,GPIO_Mode
PA9.GPIO_Label=VBUS_FS
PA9.GPIO_Mode=GPIO_MODE_INPUT
PA9.GPIO_PuPd=GPIO_NOPULL
PA9.Locked=true
PA9.Mode=Activate_VBUS
PA9.Signal=USB_OTG_FS_VBUS
PB0.GPIOParameters=GPIO_Speed,GPIO_PuPd,GPIO_Label,GPIO_Mode
PB0.GPIO_Label=ULPI_D1
PB0.GPIO_Mode=GPIO_MODE_AF_PP
PB0.GPIO_PuPd=GPIO_NOPULL
PB0.GPIO_Speed=GPIO_SPEED_FREQ_VERY_HIGH
PB0.Locked=true
PB0.Mode=Host_HS
PB0.Signal=USB_OTG_HS_ULPI_D1
PB1.GPIOParameters=GPIO_Speed,GPIO_PuPd,GPIO_Label,GPIO_Mode
PB1.GPIO_Label=ULPI_D2
PB1.GPIO_Mode=GPIO_MODE_AF_PP
PB1.GPIO_PuPd=GPIO_NOPULL
PB1.GPIO_Speed=GPIO_SPEED_FREQ_VERY_HIGH
PB1.Locked=true
PB1.Mode=Host_HS
PB1.Signal=USB_OTG_HS_ULPI_D2
PB10.GPIOParameters=GPIO_Speed,GPIO_PuPd,GPIO_Label,GPIO_Mode
PB10.GPIO_Label=ULPI_D3
PB10.GPIO_Mode=GPIO_MODE_AF_PP
PB10.GPIO_PuPd=GPIO_NOPULL
PB10.GPIO_Speed=GPIO_SPEED_FREQ_VERY_HIGH
PB10.Locked=true
PB10.Mode=Host_HS
PB10.Signal=USB_OTG_HS_ULPI_D3
PB11.GPIOParameters=GPIO_Speed,GPIO_PuPd,GPIO_Label,GPIO_Mode
PB11.GPIO_Label=ULPI_D4
PB11.GPIO_Mode=GPIO_MODE_AF_PP
PB11.GPIO_PuPd=GPIO_NOPULL
PB11.GPIO_Speed=GPIO_SPEED_FREQ_VERY_HIGH
PB11.Locked=true
PB11.Mode=Host_HS
PB11.Signal=USB_OTG_HS_ULPI_D4
PB12.GPIOParameters=GPIO_Speed,GPIO_PuPd,GPIO_Label,GPIO_Mode
PB12.GPIO_Label=ULPI_D5
PB12.GPIO_Mode=GPIO_MODE_AF_PP
PB12.GPIO_PuPd=GPIO_NOPULL
PB12.GPIO_Speed=GPIO_SPEED_FREQ_VERY_HIGH
PB12.Locked=true
PB12.Mode=Host_HS
PB12.Signal=USB_OTG_HS_ULPI_D5
PB13.GPIOParameters=GPIO_Speed,GPIO_PuPd,GPIO_Label,GPIO_Mode
PB13.GPIO_Label=ULPI_D6
PB13.GPIO_Mode=GPIO_MODE_AF_PP
PB13.GPIO_PuPd=GPIO_NOPULL
PB13.GPIO_Speed=GPIO_SPEED_FREQ_VERY_HIGH
PB13.Locked=true
PB13.Mode=Host_HS
PB13.Signal=USB_OTG_HS_ULPI_D6
PB14.GPIOParameters=GPIO_PuPd,GPIO_Label,GPIO_ModeDefaultEXTI
PB14.GPIO_Label=MII_INT
PB14.GPIO_ModeDefaultEXTI=GPIO_MODE_EVT_RISING
PB14.GPIO_PuPd=GPIO_NOPULL
PB14.Locked=true
PB14.Signal=GPXTI14
PB15.GPIOParameters=GPIO_Label,GPIO_ModeDefaultEXTI
PB15.GPIO_Label=OneNAND_INT[OneNAND_INT]
PB15.GPIO_ModeDefaultEXTI=GPIO_MODE_EVT_RISING
PB15.Locked=true
PB15.Signal=GPXTI15
PB2.GPIOParameters=GPIO_PuPd,GPIO_Label,GPIO_Mode
PB2.GPIO_Label=SW1
PB2.GPIO_Mode=GPIO_MODE_INPUT
PB2.GPIO_PuPd=GPIO_NOPULL
PB2.Locked=true
PB2.Signal=GPIO_Input
PB3.GPIOParameters=GPIO_Label
PB3.GPIO_Label=TDO/SWO
PB3.Locked=true
PB3.Signal=SYS_JTDO-SWO
PB4.GPIOParameters=GPIO_Label
PB4.GPIO_Label=TRST
PB4.Locked=true
PB4.Signal=SYS_JTRST
PB5.GPIOParameters=GPIO_Speed,GPIO_PuPd,GPIO_Label,GPIO_Mode
PB5.GPIO_Label=ULPI_D7
PB5.GPIO_Mode=GPIO_MODE_AF_PP
PB5.GPIO_PuPd=GPIO_NOPULL
PB5.GPIO_Speed=GPIO_SPEED_FREQ_VERY_HIGH
PB5.Locked=true
PB5.Mode=Host_HS
PB5.Signal=USB_OTG_HS_ULPI_D7
PB6.GPIOParameters=GPIO_Speed,GPIO_PuPd,GPIO_Label,GPIO_Mode
PB6.GPIO_Label=I2C1_SCL [CAM_SCL]
PB6.GPIO_Mode=GPIO_MODE_AF_OD
PB6.GPIO_PuPd=GPIO_NOPULL
PB6.GPIO_Speed=GPIO_SPEED_FREQ_LOW
PB6.Locked=true
PB6.Mode=I2C
PB6.Signal=I2C1_SCL
PB7.GPIOParameters=GPIO_Speed,GPIO_PuPd,GPIO_Label,GPIO_Mode
PB7.GPIO_Label=FSMC_NL [OneNAND_AVD]
PB7.GPIO_Mode=GPIO_MODE_AF_PP
PB7.GPIO_PuPd=GPIO_NOPULL
PB7.GPIO_Speed=GPIO_SPEED_FREQ_LOW
PB7.Locked=true
PB7.Signal=FSMC_NL
PB8.GPIOParameters=GPIO_Speed,GPIO_PuPd,GPIO_Label,GPIO_Mode
PB8.GPIO_Label=MII_TXD3
PB8.GPIO_Mode=GPIO_MODE_AF_PP
PB8.GPIO_PuPd=GPIO_NOPULL
PB8.GPIO_Speed=GPIO_SPEED_FREQ_LOW
PB8.Locked=true
PB8.Mode=MII
PB8.Signal=ETH_TXD3
PB9.GPIOParameters=GPIO_Speed,GPIO_PuPd,GPIO_Label,GPIO_Mode
PB9.GPIO_Label=I2C1_SDA [CAM_SDA]
PB9.GPIO_Mode=GPIO_MODE_AF_OD
PB9.GPIO_PuPd=GPIO_NOPULL
PB9.GPIO_Speed=GPIO_SPEED_FREQ_LOW
PB9.Locked=true
PB9.Mode=I2C
PB9.Signal=I2C1_SDA
PC0.GPIOParameters=GPIO_Speed,GPIO_PuPd,GPIO_Label,GPIO_Mode
PC0.GPIO_Label=ULPI_STP
PC0.GPIO_Mode=GPIO_MODE_AF_PP
PC0.GPIO_PuPd=GPIO_NOPULL
PC0.GPIO_Speed=GPIO_SPEED_FREQ_VERY_HIGH
PC0.Locked=true
PC0.Mode=Host_HS
PC0.Signal=USB_OTG_HS_ULPI_STP
PC1.GPIOParameters=GPIO_Speed,GPIO_PuPd,GPIO_Label,GPIO_Mode
PC1.GPIO_Label=MII_MDC
PC1.GPIO_Mode=GPIO_MODE_AF_PP
PC1.GPIO_PuPd=GPIO_NOPULL
PC1.GPIO_Speed=GPIO_SPEED_FREQ_LOW
PC1.Locked=true
PC1.Mode=MII
PC1.Signal=ETH_MDC
PC10.GPIOParameters=GPIO_Speed,GPIO_PuPd,GPIO_Label,GPIO_Mode
PC10.GPIO_Label=RS232_TX [ST3241_T2IN]
PC10.GPIO_Mode=GPIO_MODE_AF_PP
PC10.GPIO_PuPd=GPIO_NOPULL
PC10.GPIO_Speed=GPIO_SPEED_FREQ_LOW
PC10.Locked=true
PC10.Mode=Asynchronous
PC10.Signal=USART3_TX
PC11.GPIOParameters=GPIO_Speed,GPIO_PuPd,GPIO_Label,GPIO_Mode
PC11.GPIO_Label=RS232_RX [ST3241_R3OUT]
PC11.GPIO_Mode=GPIO_MODE_AF_PP
PC11.GPIO_PuPd=GPIO_NOPULL
PC11.GPIO_Speed=GPIO_SPEED_FREQ_LOW
PC11.Locked=true
PC11.Mode=Asynchronous
PC11.Signal=USART3_RX
PC12.GPIOParameters=GPIO_Speed,GPIO_PuPd,GPIO_Label,GPIO_Mode
PC12.GPIO_Label=MicroSDCard_CLK
PC12.GPIO_Mode=GPIO_MODE_AF_PP
PC12.GPIO_PuPd=GPIO_NOPULL
PC12.GPIO_Speed=GPIO_SPEED_FREQ_LOW
PC12.Locked=true
PC12.Mode=SD_1_bit
PC12.Signal=SDIO_CK
PC13.GPIOParameters=GPIO_Label
PC13.GPIO_Label=Anti_Tamper [Button B3]
PC13.Locked=true
PC13.Mode=Tamper 1 enabled - Input Enabled to AF1
PC13.Signal=RTC_AF1
PC14-OSC32_IN.GPIOParameters=GPIO_Label
PC14-OSC32_IN.GPIO_Label=PC14-OSC32_IN
PC14-OSC32_IN.Locked=true
PC14-OSC32_IN.Mode=LSE-External-Oscillator
PC14-OSC32_IN.Signal=RCC_OSC32_IN
PC15-OSC32_OUT.GPIOParameters=GPIO_Label
PC15-OSC32_OUT.GPIO_Label=PC15-OSC32_OUT
PC15-OSC32_OUT.Locked=true
PC15-OSC32_OUT.Mode=LSE-External-Oscillator
PC15-OSC32_OUT.Signal=RCC_OSC32_OUT
PC2.GPIOParameters=GPIO_Speed,GPIO_PuPd,GPIO_Label,GPIO_Mode
PC2.GPIO_Label=MII_TXD2
PC2.GPIO_Mode=GPIO_MODE_AF_PP
PC2.GPIO_PuPd=GPIO_NOPULL
PC2.GPIO_Speed=GPIO_SPEED_FREQ_LOW
PC2.Locked=true
PC2.Mode=MII
PC2.Signal=ETH_TXD2
PC3.GPIOParameters=GPIO_Speed,GPIO_PuPd,GPIO_Label,GPIO_Mode
PC3.GPIO_Label=MII_TX_CLK
PC3.GPIO_Mode=GPIO_MODE_AF_PP
PC3.GPIO_PuPd=GPIO_NOPULL
PC3.GPIO_Speed=GPIO_SPEED_FREQ_LOW
PC3.Locked=true
PC3.Mode=MII
PC3.Signal=ETH_TX_CLK
PC4.GPIOParameters=GPIO_Speed,GPIO_PuPd,GPIO_Label,GPIO_Mode
PC4.GPIO_Label=MII_RXD0
PC4.GPIO_Mode=GPIO_MODE_AF_PP
PC4.GPIO_PuPd=GPIO_NOPULL
PC4.GPIO_Speed=GPIO_SPEED_FREQ_LOW
PC4.Locked=true
PC4.Mode=MII
PC4.Signal=ETH_RXD0
PC5.GPIOParameters=GPIO_Speed,GPIO_PuPd,GPIO_Label,GPIO_Mode
PC5.GPIO_Label=MII_RXD1
PC5.GPIO_Mode=GPIO_MODE_AF_PP
PC5.GPIO_PuPd=GPIO_NOPULL
PC5.GPIO_Speed=GPIO_SPEED_FREQ_LOW
PC5.Locked=true
PC5.Mode=MII
PC5.Signal=ETH_RXD1
PC6.GPIOParameters=GPIO_Speed,GPIO_PuPd,GPIO_Label,GPIO_Mode
PC6.GPIO_Label=I2S_MCK [CS43L22_MCLK]
PC6.GPIO_Mode=GPIO_MODE_AF_PP
PC6.GPIO_PuPd=GPIO_NOPULL
PC6.GPIO_Speed=GPIO_SPEED_FREQ_LOW
PC6.Locked=true
PC6.Mode=Master_Clock_Activated
PC6.Signal=I2S2_MCK
PC7.GPIOParameters=GPIO_Speed,GPIO_PuPd,GPIO_Label,GPIO_ModeDefaultOutputPP,GPIO_Mode
PC7.GPIO_Label=LED4 [Blue]
PC7.GPIO_Mode=GPIO_MODE_OUTPUT_PP
PC7.GPIO_ModeDefaultOutputPP=GPIO_MODE_OUTPUT_PP
PC7.GPIO_PuPd=GPIO_NOPULL
PC7.GPIO_Speed=GPIO_SPEED_FREQ_LOW
PC7.Locked=true
PC7.Signal=GPIO_Output
PC8.GPIOParameters=GPIO_Speed,GPIO_PuPd,GPIO_Label,GPIO_Mode
PC8.GPIO_Label=MicroSDCard_D0
PC8.GPIO_Mode=GPIO_MODE_AF_PP
PC8.GPIO_PuPd=GPIO_NOPULL
PC8.GPIO_Speed=GPIO_SPEED_FREQ_LOW
PC8.Locked=true
PC8.Mode=SD_1_bit
PC8.Signal=SDIO_D0
PC9.GPIOParameters=GPIO_Speed,GPIO_PuPd,GPIO_Label,GPIO_Mode
PC9.GPIO_Label=MicroSDCard_D1
PC9.GPIO_Mode=GPIO_MODE_AF_PP
PC9.GPIO_PuPd=GPIO_NOPULL
PC9.GPIO_Speed=GPIO_SPEED_FREQ_LOW
PC9.Locked=true
PC9.Signal=SDIO_D1
PCC.Checker=false
PCC.Line=STM32F2x7
PCC.MCU=STM32F217I(E-G)Hx
PCC.PartNumber=STM32F217IGHx
PCC.Seq0=0
PCC.Series=STM32F2
PCC.Temperature=25
PCC.Vdd=3.3
PD0.GPIOParameters=GPIO_Speed,GPIO_PuPd,GPIO_Label,GPIO_Mode
PD0.GPIO_Label=D2
PD0.GPIO_Mode=GPIO_MODE_AF_PP
PD0.GPIO_PuPd=GPIO_NOPULL
PD0.GPIO_Speed=GPIO_SPEED_FREQ_LOW
PD0.Locked=true
PD0.Signal=FSMC_D2_DA2
PD1.GPIOParameters=GPIO_Speed,GPIO_PuPd,GPIO_Label,GPIO_Mode
PD1.GPIO_Label=D3
PD1.GPIO_Mode=GPIO_MODE_AF_PP
PD1.GPIO_PuPd=GPIO_NOPULL
PD1.GPIO_Speed=GPIO_SPEED_FREQ_LOW
PD1.Locked=true
PD1.Signal=FSMC_D3_DA3
PD10.GPIOParameters=GPIO_Speed,GPIO_PuPd,GPIO_Label,GPIO_Mode
PD10.GPIO_Label=D15
PD10.GPIO_Mode=GPIO_MODE_AF_PP
PD10.GPIO_PuPd=GPIO_NOPULL
PD10.GPIO_Speed=GPIO_SPEED_FREQ_LOW
PD10.Locked=true
PD10.Signal=FSMC_D15_DA15
PD11.GPIOParameters=GPIO_Speed,GPIO_PuPd,GPIO_Label,GPIO_Mode
PD11.GPIO_Label=A16
PD11.GPIO_Mode=GPIO_MODE_AF_PP
PD11.GPIO_PuPd=GPIO_NOPULL
PD11.GPIO_Speed=GPIO_SPEED_FREQ_LOW
PD11.Locked=true
PD11.Signal=FSMC_A16_CLE
PD12.GPIOParameters=GPIO_Speed,GPIO_PuPd,GPIO_Label,GPIO_Mode
PD12.GPIO_Label=A17
PD12.GPIO_Mode=GPIO_MODE_AF_PP
PD12.GPIO_PuPd=GPIO_NOPULL
PD12.GPIO_Speed=GPIO_SPEED_FREQ_LOW
PD12.Locked=true
PD12.Signal=FSMC_A17_ALE
PD13.GPIOParameters=GPIO_Speed,GPIO_PuPd,GPIO_Label,GPIO_Mode
PD13.GPIO_Label=A18
PD13.GPIO_Mode=GPIO_MODE_AF_PP
PD13.GPIO_PuPd=GPIO_NOPULL
PD13.GPIO_Speed=GPIO_SPEED_FREQ_LOW
PD13.Locked=true
PD13.Signal=FSMC_A18
PD14.GPIOParameters=GPIO_Speed,GPIO_PuPd,GPIO_Label,GPIO_Mode
PD14.GPIO_Label=D0
PD14.GPIO_Mode=GPIO_MODE_AF_PP
PD14.GPIO_PuPd=GPIO_NOPULL
PD14.GPIO_Speed=GPIO_SPEED_FREQ_LOW
PD14.Locked=true
PD14.Signal=FSMC_D0_DA0
PD15.GPIOParameters=GPIO_Speed,GPIO_PuPd,GPIO_Label,GPIO_Mode
PD15.GPIO_Label=D1
PD15.GPIO_Mode=GPIO_MODE_AF_PP
PD15.GPIO_PuPd=GPIO_NOPULL
PD15.GPIO_Speed=GPIO_SPEED_FREQ_LOW
PD15.Locked=true
PD15.Signal=FSMC_D1_DA1
PD2.GPIOParameters=GPIO_Speed,GPIO_PuPd,GPIO_Label,GPIO_Mode
PD2.GPIO_Label=MicroSDCard_CMD
PD2.GPIO_Mode=GPIO_MODE_AF_PP
PD2.GPIO_PuPd=GPIO_NOPULL
PD2.GPIO_Speed=GPIO_SPEED_FREQ_LOW
PD2.Locked=true
PD2.Mode=SD_1_bit
PD2.Signal=SDIO_CMD
PD3.GPIOParameters=GPIO_Speed,GPIO_PuPd,GPIO_Label,GPIO_Mode
PD3.GPIO_Label=FSMC_CLK [OneNAND_CLK]
PD3.GPIO_Mode=GPIO_MODE_AF_PP
PD3.GPIO_PuPd=GPIO_NOPULL
PD3.GPIO_Speed=GPIO_SPEED_FREQ_LOW
PD3.Locked=true
PD3.Signal=FSMC_CLK
PD4.GPIOParameters=GPIO_Speed,GPIO_PuPd,GPIO_Label,GPIO_Mode
PD4.GPIO_Label=FSMC_NOE
PD4.GPIO_Mode=GPIO_MODE_AF_PP
PD4.GPIO_PuPd=GPIO_NOPULL
PD4.GPIO_Speed=GPIO_SPEED_FREQ_LOW
PD4.Locked=true
PD4.Signal=FSMC_NOE
PD5.GPIOParameters=GPIO_Speed,GPIO_PuPd,GPIO_Label,GPIO_Mode
PD5.GPIO_Label=FSMC_NWE
PD5.GPIO_Mode=GPIO_MODE_AF_PP
PD5.GPIO_PuPd=GPIO_NOPULL
PD5.GPIO_Speed=GPIO_SPEED_FREQ_LOW
PD5.Locked=true
PD5.Signal=FSMC_NWE
PD6.GPIOParameters=GPIO_Speed,GPIO_PuPd,GPIO_Label,GPIO_Mode
PD6.GPIO_Label=FSMC_NWAIT [OneNAND_RDY]
PD6.GPIO_Mode=GPIO_MODE_AF_PP
PD6.GPIO_PuPd=GPIO_NOPULL
PD6.GPIO_Speed=GPIO_SPEED_FREQ_LOW
PD6.Locked=true
PD6.Signal=FSMC_NWAIT
PD7.GPIOParameters=GPIO_Speed,GPIO_PuPd,GPIO_Label,GPIO_Mode
PD7.GPIO_Label=FSMC_NE1 [OneNAND_CE]
PD7.GPIO_Mode=GPIO_MODE_AF_PP
PD7.GPIO_PuPd=GPIO_NOPULL
PD7.GPIO_Speed=GPIO_SPEED_FREQ_LOW
PD7.Locked=true
PD7.Mode=NorPsramChipSelect1_1
PD7.Signal=FSMC_NE1
PD8.GPIOParameters=GPIO_Speed,GPIO_PuPd,GPIO_Label,GPIO_Mode
PD8.GPIO_Label=D13
PD8.GPIO_Mode=GPIO_MODE_AF_PP
PD8.GPIO_PuPd=GPIO_NOPULL
PD8.GPIO_Speed=GPIO_SPEED_FREQ_LOW
PD8.Locked=true
PD8.Signal=FSMC_D13_DA13
PD9.GPIOParameters=GPIO_Speed,GPIO_PuPd,GPIO_Label,GPIO_Mode
PD9.GPIO_Label=D14
PD9.GPIO_Mode=GPIO_MODE_AF_PP
PD9.GPIO_PuPd=GPIO_NOPULL
PD9.GPIO_Speed=GPIO_SPEED_FREQ_LOW
PD9.Locked=true
PD9.Signal=FSMC_D14_DA14
PE0.GPIOParameters=GPIO_Speed,GPIO_PuPd,GPIO_Label,GPIO_Mode
PE0.GPIO_Label=FSMC_NBL0 [SRAM_BLE]
PE0.GPIO_Mode=GPIO_MODE_AF_PP
PE0.GPIO_PuPd=GPIO_NOPULL
PE0.GPIO_Speed=GPIO_SPEED_FREQ_LOW
PE0.Locked=true
PE0.Signal=FSMC_NBL0
PE1.GPIOParameters=GPIO_Speed,GPIO_PuPd,GPIO_Label,GPIO_Mode
PE1.GPIO_Label=FSMC_NBL1 [SRAM_BHE]
PE1.GPIO_Mode=GPIO_MODE_AF_PP
PE1.GPIO_PuPd=GPIO_NOPULL
PE1.GPIO_Speed=GPIO_SPEED_FREQ_LOW
PE1.Locked=true
PE1.Signal=FSMC_NBL1
PE10.GPIOParameters=GPIO_Speed,GPIO_PuPd,GPIO_Label,GPIO_Mode
PE10.GPIO_Label=D7
PE10.GPIO_Mode=GPIO_MODE_AF_PP
PE10.GPIO_PuPd=GPIO_NOPULL
PE10.GPIO_Speed=GPIO_SPEED_FREQ_LOW
PE10.Locked=true
PE10.Signal=FSMC_D7_DA7
PE11.GPIOParameters=GPIO_Speed,GPIO_PuPd,GPIO_Label,GPIO_Mode
PE11.GPIO_Label=D8
PE11.GPIO_Mode=GPIO_MODE_AF_PP
PE11.GPIO_PuPd=GPIO_NOPULL
PE11.GPIO_Speed=GPIO_SPEED_FREQ_LOW
PE11.Locked=true
PE11.Signal=FSMC_D8_DA8
PE12.GPIOParameters=GPIO_Speed,GPIO_PuPd,GPIO_Label,GPIO_Mode
PE12.GPIO_Label=D9
PE12.GPIO_Mode=GPIO_MODE_AF_PP
PE12.GPIO_PuPd=GPIO_NOPULL
PE12.GPIO_Speed=GPIO_SPEED_FREQ_LOW
PE12.Locked=true
PE12.Signal=FSMC_D9_DA9
PE13.GPIOParameters=GPIO_Speed,GPIO_PuPd,GPIO_Label,GPIO_Mode
PE13.GPIO_Label=D10
PE13.GPIO_Mode=GPIO_MODE_AF_PP
PE13.GPIO_PuPd=GPIO_NOPULL
PE13.GPIO_Speed=GPIO_SPEED_FREQ_LOW
PE13.Locked=true
PE13.Signal=FSMC_D10_DA10
PE14.GPIOParameters=GPIO_Speed,GPIO_PuPd,GPIO_Label,GPIO_Mode
PE14.GPIO_Label=D11
PE14.GPIO_Mode=GPIO_MODE_AF_PP
PE14.GPIO_PuPd=GPIO_NOPULL
PE14.GPIO_Speed=GPIO_SPEED_FREQ_LOW
PE14.Locked=true
PE14.Signal=FSMC_D11_DA11
PE15.GPIOParameters=GPIO_Speed,GPIO_PuPd,GPIO_Label,GPIO_Mode
PE15.GPIO_Label=D12
PE15.GPIO_Mode=GPIO_MODE_AF_PP
PE15.GPIO_PuPd=GPIO_NOPULL
PE15.GPIO_Speed=GPIO_SPEED_FREQ_LOW
PE15.Locked=true
PE15.Signal=FSMC_D12_DA12
PE2.GPIOParameters=GPIO_Label
PE2.GPIO_Label=TRACE_CLK
PE2.Locked=true
PE2.Signal=SYS_TRACECLK
PE3.GPIOParameters=GPIO_Speed,GPIO_PuPd,GPIO_Label,GPIO_Mode
PE3.GPIO_Label=A19
PE3.GPIO_Mode=GPIO_MODE_AF_PP
PE3.GPIO_PuPd=GPIO_NOPULL
PE3.GPIO_Speed=GPIO_SPEED_FREQ_LOW
PE3.Locked=true
PE3.Signal=FSMC_A19
PE4.GPIOParameters=GPIO_Speed,GPIO_PuPd,GPIO_Label,GPIO_Mode
PE4.GPIO_Label=A20
PE4.GPIO_Mode=GPIO_MODE_AF_PP
PE4.GPIO_PuPd=GPIO_NOPULL
PE4.GPIO_Speed=GPIO_SPEED_FREQ_LOW
PE4.Locked=true
PE4.Signal=FSMC_A20
PE5.GPIOParameters=GPIO_Label
PE5.GPIO_Label=TRACE_D2
PE5.Locked=true
PE5.Signal=SYS_TRACED2
PE6.GPIOParameters=GPIO_Label
PE6.GPIO_Label=TRACE_D3
PE6.Locked=true
PE6.Signal=SYS_TRACED3
PE7.GPIOParameters=GPIO_Speed,GPIO_PuPd,GPIO_Label,GPIO_Mode
PE7.GPIO_Label=D4
PE7.GPIO_Mode=GPIO_MODE_AF_PP
PE7.GPIO_PuPd=GPIO_NOPULL
PE7.GPIO_Speed=GPIO_SPEED_FREQ_LOW
PE7.Locked=true
PE7.Signal=FSMC_D4_DA4
PE8.GPIOParameters=GPIO_Speed,GPIO_PuPd,GPIO_Label,GPIO_Mode
PE8.GPIO_Label=D5
PE8.GPIO_Mode=GPIO_MODE_AF_PP
PE8.GPIO_PuPd=GPIO_NOPULL
PE8.GPIO_Speed=GPIO_SPEED_FREQ_LOW
PE8.Locked=true
PE8.Signal=FSMC_D5_DA5
PE9.GPIOParameters=GPIO_Speed,GPIO_PuPd,GPIO_Label,GPIO_Mode
PE9.GPIO_Label=D6
PE9.GPIO_Mode=GPIO_MODE_AF_PP
PE9.GPIO_PuPd=GPIO_NOPULL
PE9.GPIO_Speed=GPIO_SPEED_FREQ_LOW
PE9.Locked=true
PE9.Signal=FSMC_D6_DA6
PF0.GPIOParameters=GPIO_Speed,GPIO_PuPd,GPIO_Label,GPIO_Mode
PF0.GPIO_Label=A0
PF0.GPIO_Mode=GPIO_MODE_AF_PP
PF0.GPIO_PuPd=GPIO_NOPULL
PF0.GPIO_Speed=GPIO_SPEED_FREQ_LOW
PF0.Locked=true
PF0.Signal=FSMC_A0
PF1.GPIOParameters=GPIO_Speed,GPIO_PuPd,GPIO_Label,GPIO_Mode
PF1.GPIO_Label=A1
PF1.GPIO_Mode=GPIO_MODE_AF_PP
PF1.GPIO_PuPd=GPIO_NOPULL
PF1.GPIO_Speed=GPIO_SPEED_FREQ_LOW
PF1.Locked=true
PF1.Signal=FSMC_A1
PF10.GPIOParameters=GPIO_PuPd,GPIO_Label,GPIO_Mode
PF10.GPIO_Label=Audio_IN [TS472_OUT+]
PF10.GPIO_Mode=GPIO_MODE_ANALOG
PF10.GPIO_PuPd=GPIO_NOPULL
PF10.Locked=true
PF10.Mode=IN8
PF10.Signal=ADC3_IN8
PF11.GPIOParameters=GPIO_PuPd,GPIO_Label,GPIO_ModeDefaultEXTI
PF11.GPIO_Label=OTG_FS_OverCurrent
PF11.GPIO_ModeDefaultEXTI=GPIO_MODE_EVT_RISING
PF11.GPIO_PuPd=GPIO_NOPULL
PF11.Locked=true
PF11.Signal=GPXTI11
PF12.GPIOParameters=GPIO_Speed,GPIO_PuPd,GPIO_Label,GPIO_Mode
PF12.GPIO_Label=A6
PF12.GPIO_Mode=GPIO_MODE_AF_PP
PF12.GPIO_PuPd=GPIO_NOPULL
PF12.GPIO_Speed=GPIO_SPEED_FREQ_LOW
PF12.Locked=true
PF12.Signal=FSMC_A6
PF13.GPIOParameters=GPIO_Speed,GPIO_PuPd,GPIO_Label,GPIO_Mode
PF13.GPIO_Label=A7
PF13.GPIO_Mode=GPIO_MODE_AF_PP
PF13.GPIO_PuPd=GPIO_NOPULL
PF13.GPIO_Speed=GPIO_SPEED_FREQ_LOW
PF13.Locked=true
PF13.Signal=FSMC_A7
PF14.GPIOParameters=GPIO_Speed,GPIO_PuPd,GPIO_Label,GPIO_Mode
PF14.GPIO_Label=A8
PF14.GPIO_Mode=GPIO_MODE_AF_PP
PF14.GPIO_PuPd=GPIO_NOPULL
PF14.GPIO_Speed=GPIO_SPEED_FREQ_LOW
PF14.Locked=true
PF14.Signal=FSMC_A8
PF15.GPIOParameters=GPIO_Speed,GPIO_PuPd,GPIO_Label,GPIO_Mode
PF15.GPIO_Label=A9
PF15.GPIO_Mode=GPIO_MODE_AF_PP
PF15.GPIO_PuPd=GPIO_NOPULL
PF15.GPIO_Speed=GPIO_SPEED_FREQ_LOW
PF15.Locked=true
PF15.Signal=FSMC_A9
PF2.GPIOParameters=GPIO_Speed,GPIO_PuPd,GPIO_Label,GPIO_Mode
PF2.GPIO_Label=A2
PF2.GPIO_Mode=GPIO_MODE_AF_PP
PF2.GPIO_PuPd=GPIO_NOPULL
PF2.GPIO_Speed=GPIO_SPEED_FREQ_LOW
PF2.Locked=true
PF2.Signal=FSMC_A2
PF3.GPIOParameters=GPIO_Speed,GPIO_PuPd,GPIO_Label,GPIO_Mode
PF3.GPIO_Label=A3
PF3.GPIO_Mode=GPIO_MODE_AF_PP
PF3.GPIO_PuPd=GPIO_NOPULL
PF3.GPIO_Speed=GPIO_SPEED_FREQ_LOW
PF3.Locked=true
PF3.Signal=FSMC_A3
PF4.GPIOParameters=GPIO_Speed,GPIO_PuPd,GPIO_Label,GPIO_Mode
PF4.GPIO_Label=A4
PF4.GPIO_Mode=GPIO_MODE_AF_PP
PF4.GPIO_PuPd=GPIO_NOPULL
PF4.GPIO_Speed=GPIO_SPEED_FREQ_LOW
PF4.Locked=true
PF4.Signal=FSMC_A4
PF5.GPIOParameters=GPIO_Speed,GPIO_PuPd,GPIO_Label,GPIO_Mode
PF5.GPIO_Label=A5
PF5.GPIO_Mode=GPIO_MODE_AF_PP
PF5.GPIO_PuPd=GPIO_NOPULL
PF5.GPIO_Speed=GPIO_SPEED_FREQ_LOW
PF5.Locked=true
PF5.Signal=FSMC_A5
PF6.GPIOParameters=GPIO_PuPd,GPIO_Label,GPIO_Mode
PF6.GPIO_Label=SmartCard_OFF
PF6.GPIO_Mode=GPIO_MODE_INPUT
PF6.GPIO_PuPd=GPIO_NOPULL
PF6.Locked=true
PF6.Signal=GPIO_Input
PF7.GPIOParameters=GPIO_Speed,GPIO_PuPd,GPIO_Label,GPIO_ModeDefaultOutputPP,GPIO_Mode
PF7.GPIO_Label=SmartCard_RST
PF7.GPIO_Mode=GPIO_MODE_OUTPUT_PP
PF7.GPIO_ModeDefaultOutputPP=GPIO_MODE_OUTPUT_PP
PF7.GPIO_PuPd=GPIO_NOPULL
PF7.GPIO_Speed=GPIO_SPEED_FREQ_LOW
PF7.Locked=true
PF7.Signal=GPIO_Output
PF9.GPIOParameters=GPIO_PuPd,GPIO_Label,GPIO_Mode
PF9.GPIO_Label=Potentiometer [RV1]
PF9.GPIO_Mode=GPIO_MODE_ANALOG
PF9.GPIO_PuPd=GPIO_NOPULL
PF9.Locked=true
PF9.Mode=IN7
PF9.Signal=ADC3_IN7
PG0.GPIOParameters=GPIO_Speed,GPIO_PuPd,GPIO_Label,GPIO_Mode
PG0.GPIO_Label=A10
PG0.GPIO_Mode=GPIO_MODE_AF_PP
PG0.GPIO_PuPd=GPIO_NOPULL
PG0.GPIO_Speed=GPIO_SPEED_FREQ_LOW
PG0.Locked=true
PG0.Signal=FSMC_A10
PG1.GPIOParameters=GPIO_Speed,GPIO_PuPd,GPIO_Label,GPIO_Mode
PG1.GPIO_Label=A11
PG1.GPIO_Mode=GPIO_MODE_AF_PP
PG1.GPIO_PuPd=GPIO_NOPULL
PG1.GPIO_Speed=GPIO_SPEED_FREQ_LOW
PG1.Locked=true
PG1.Signal=FSMC_A11
PG10.GPIOParameters=GPIO_Speed,GPIO_PuPd,GPIO_Label,GPIO_Mode
PG10.GPIO_Label=FSMC_NE3 [TFT-LCD_CS]
PG10.GPIO_Mode=GPIO_MODE_AF_PP
PG10.GPIO_PuPd=GPIO_NOPULL
PG10.GPIO_Speed=GPIO_SPEED_FREQ_LOW
PG10.Locked=true
PG10.Mode=NorPsramChipSelect3_3
PG10.Signal=FSMC_NE3
PG11.GPIOParameters=GPIO_Speed,GPIO_PuPd,GPIO_Label,GPIO_Mode
PG11.GPIO_Label=MII_TX_EN
PG11.GPIO_Mode=GPIO_MODE_AF_PP
PG11.GPIO_PuPd=GPIO_NOPULL
PG11.GPIO_Speed=GPIO_SPEED_FREQ_LOW
PG11.Locked=true
PG11.Mode=MII
PG11.Signal=ETH_TX_EN
PG12.GPIOParameters=GPIO_Speed,GPIO_PuPd,GPIO_Label,GPIO_ModeDefaultOutputPP,GPIO_Mode
PG12.GPIO_Label=SmartCard_CMDVCC
PG12.GPIO_Mode=GPIO_MODE_OUTPUT_PP
PG12.GPIO_ModeDefaultOutputPP=GPIO_MODE_OUTPUT_PP
PG12.GPIO_PuPd=GPIO_NOPULL
PG12.GPIO_Speed=GPIO_SPEED_FREQ_LOW
PG12.Locked=true
PG12.Signal=GPIO_Output
PG13.GPIOParameters=GPIO_Speed,GPIO_PuPd,GPIO_Label,GPIO_Mode
PG13.GPIO_Label=MII_TXD0
PG13.GPIO_Mode=GPIO_MODE_AF_PP
PG13.GPIO_PuPd=GPIO_NOPULL
PG13.GPIO_Speed=GPIO_SPEED_FREQ_LOW
PG13.Locked=true
PG13.Mode=MII
PG13.Signal=ETH_TXD0
PG14.GPIOParameters=GPIO_Speed,GPIO_PuPd,GPIO_Label,GPIO_Mode
PG14.GPIO_Label=MII_TXD1
PG14.GPIO_Mode=GPIO_MODE_AF_PP
PG14.GPIO_PuPd=GPIO_NOPULL
PG14.GPIO_Speed=GPIO_SPEED_FREQ_LOW
PG14.Locked=true
PG14.Mode=MII
PG14.Signal=ETH_TXD1
PG15.GPIOParameters=GPIO_Label
PG15.GPIO_Label=User_Button |Button B4]
PG15.Locked=true
PG15.Signal=GPIO_Input
PG2.GPIOParameters=GPIO_Speed,GPIO_PuPd,GPIO_Label,GPIO_Mode
PG2.GPIO_Label=A12
PG2.GPIO_Mode=GPIO_MODE_AF_PP
PG2.GPIO_PuPd=GPIO_NOPULL
PG2.GPIO_Speed=GPIO_SPEED_FREQ_LOW
PG2.Locked=true
PG2.Signal=FSMC_A12
PG3.GPIOParameters=GPIO_Speed,GPIO_PuPd,GPIO_Label,GPIO_Mode
PG3.GPIO_Label=A13
PG3.GPIO_Mode=GPIO_MODE_AF_PP
PG3.GPIO_PuPd=GPIO_NOPULL
PG3.GPIO_Speed=GPIO_SPEED_FREQ_LOW
PG3.Locked=true
PG3.Signal=FSMC_A13
PG4.GPIOParameters=GPIO_Speed,GPIO_PuPd,GPIO_Label,GPIO_Mode
PG4.GPIO_Label=A14
PG4.GPIO_Mode=GPIO_MODE_AF_PP
PG4.GPIO_PuPd=GPIO_NOPULL
PG4.GPIO_Speed=GPIO_SPEED_FREQ_LOW
PG4.Locked=true
PG4.Signal=FSMC_A14
PG5.GPIOParameters=GPIO_Speed,GPIO_PuPd,GPIO_Label,GPIO_Mode
PG5.GPIO_Label=A15
PG5.GPIO_Mode=GPIO_MODE_AF_PP
PG5.GPIO_PuPd=GPIO_NOPULL
PG5.GPIO_Speed=GPIO_SPEED_FREQ_LOW
PG5.Locked=true
PG5.Signal=FSMC_A15
PG6.GPIOParameters=GPIO_Speed,GPIO_PuPd,GPIO_Label,GPIO_ModeDefaultOutputPP,GPIO_Mode
PG6.GPIO_Label=LED1 [Green]
PG6.GPIO_Mode=GPIO_MODE_OUTPUT_PP
PG6.GPIO_ModeDefaultOutputPP=GPIO_MODE_OUTPUT_PP
PG6.GPIO_PuPd=GPIO_NOPULL
PG6.GPIO_Speed=GPIO_SPEED_FREQ_LOW
PG6.Locked=true
PG6.Signal=GPIO_Output
PG7.GPIOParameters=GPIO_Speed,GPIO_PuPd,GPIO_Label,GPIO_Mode
PG7.GPIO_Label=SmartCard_CLK
PG7.GPIO_Mode=GPIO_MODE_AF_PP
PG7.GPIO_PuPd=GPIO_NOPULL
PG7.GPIO_Speed=GPIO_SPEED_FREQ_LOW
PG7.Locked=true
PG7.Signal=USART6_CK
PG8.GPIOParameters=GPIO_Speed,GPIO_PuPd,GPIO_Label,GPIO_ModeDefaultOutputPP,GPIO_Mode
PG8.GPIO_Label=LED2 [Orange]
PG8.GPIO_Mode=GPIO_MODE_OUTPUT_PP
PG8.GPIO_ModeDefaultOutputPP=GPIO_MODE_OUTPUT_PP
PG8.GPIO_PuPd=GPIO_NOPULL
PG8.GPIO_Speed=GPIO_SPEED_FREQ_LOW
PG8.Locked=true
PG8.Signal=GPIO_Output
PG9.GPIOParameters=GPIO_Speed,GPIO_PuPd,GPIO_Label,GPIO_Mode
PG9.GPIO_Label=FSMC_NE2 [SDRAM_CE]
PG9.GPIO_Mode=GPIO_MODE_AF_PP
PG9.GPIO_PuPd=GPIO_NOPULL
PG9.GPIO_Speed=GPIO_SPEED_FREQ_LOW
PG9.Locked=true
PG9.Mode=NorPsramChipSelect2_2
PG9.Signal=FSMC_NE2
PH0-OSC_IN.GPIOParameters=GPIO_Label
PH0-OSC_IN.GPIO_Label=PH0-OSC_IN
PH0-OSC_IN.Locked=true
PH0-OSC_IN.Mode=HSE-External-Oscillator
PH0-OSC_IN.Signal=RCC_OSC_IN
PH1-OSC_OUT.GPIOParameters=GPIO_Label
PH1-OSC_OUT.GPIO_Label=PH1-OSC_OUT
PH1-OSC_OUT.Locked=true
PH1-OSC_OUT.Mode=HSE-External-Oscillator
PH1-OSC_OUT.Signal=RCC_OSC_OUT
PH10.GPIOParameters=GPIO_Speed,GPIO_PuPd,GPIO_Label,GPIO_Mode
PH10.GPIO_Label=DCMI_D1
PH10.GPIO_Mode=GPIO_MODE_AF_PP
PH10.GPIO_PuPd=GPIO_NOPULL
PH10.GPIO_Speed=GPIO_SPEED_FREQ_LOW
PH10.Locked=true
PH10.Mode=Slave_8_bits_External_Synchro
PH10.Signal=DCMI_D1
PH11.GPIOParameters=GPIO_Speed,GPIO_PuPd,GPIO_Label,GPIO_Mode
PH11.GPIO_Label=DCMI_D2
PH11.GPIO_Mode=GPIO_MODE_AF_PP
PH11.GPIO_PuPd=GPIO_NOPULL
PH11.GPIO_Speed=GPIO_SPEED_FREQ_LOW
PH11.Locked=true
PH11.Mode=Slave_8_bits_External_Synchro
PH11.Signal=DCMI_D2
PH12.GPIOParameters=GPIO_Speed,GPIO_PuPd,GPIO_Label,GPIO_Mode
PH12.GPIO_Label=DCMI_D3
PH12.GPIO_Mode=GPIO_MODE_AF_PP
PH12.GPIO_PuPd=GPIO_NOPULL
PH12.GPIO_Speed=GPIO_SPEED_FREQ_LOW
PH12.Locked=true
PH12.Mode=Slave_8_bits_External_Synchro
PH12.Signal=DCMI_D3
PH13.GPIOParameters=GPIO_PuPd,GPIO_Label,GPIO_Mode
PH13.GPIO_Label=MicroSDCard_Detect
PH13.GPIO_Mode=GPIO_MODE_INPUT
PH13.GPIO_PuPd=GPIO_PULLUP
PH13.Locked=true
PH13.Signal=GPIO_Input
PH14.GPIOParameters=GPIO_Speed,GPIO_PuPd,GPIO_Label,GPIO_Mode
PH14.GPIO_Label=DCMI_D4
PH14.GPIO_Mode=GPIO_MODE_AF_PP
PH14.GPIO_PuPd=GPIO_NOPULL
PH14.GPIO_Speed=GPIO_SPEED_FREQ_LOW
PH14.Locked=true
PH14.Mode=Slave_8_bits_External_Synchro
PH14.Signal=DCMI_D4
PH15.GPIOParameters=GPIO_Speed,GPIO_PuPd,GPIO_Label,GPIO_ModeDefaultOutputPP,GPIO_Mode
PH15.GPIO_Label=SmartCard_3/5V
PH15.GPIO_Mode=GPIO_MODE_OUTPUT_PP
PH15.GPIO_ModeDefaultOutputPP=GPIO_MODE_OUTPUT_PP
PH15.GPIO_PuPd=GPIO_NOPULL
PH15.GPIO_Speed=GPIO_SPEED_FREQ_LOW
PH15.Locked=true
PH15.Signal=GPIO_Output
PH2.GPIOParameters=GPIO_Speed,GPIO_PuPd,GPIO_Label,GPIO_Mode
PH2.GPIO_Label=MII_CRS
PH2.GPIO_Mode=GPIO_MODE_AF_PP
PH2.GPIO_PuPd=GPIO_NOPULL
PH2.GPIO_Speed=GPIO_SPEED_FREQ_LOW
PH2.Locked=true
PH2.Mode=MII
PH2.Signal=ETH_CRS
PH3.GPIOParameters=GPIO_Speed,GPIO_PuPd,GPIO_Label,GPIO_Mode
PH3.GPIO_Label=MII_COL
PH3.GPIO_Mode=GPIO_MODE_AF_PP
PH3.GPIO_PuPd=GPIO_NOPULL
PH3.GPIO_Speed=GPIO_SPEED_FREQ_LOW
PH3.Locked=true
PH3.Mode=MII
PH3.Signal=ETH_COL
PH4.GPIOParameters=GPIO_Speed,GPIO_PuPd,GPIO_Label,GPIO_Mode
PH4.GPIO_Label=ULPI_NXT
PH4.GPIO_Mode=GPIO_MODE_AF_PP
PH4.GPIO_PuPd=GPIO_NOPULL
PH4.GPIO_Speed=GPIO_SPEED_FREQ_VERY_HIGH
PH4.Locked=true
PH4.Mode=Host_HS
PH4.Signal=USB_OTG_HS_ULPI_NXT
PH5.GPIOParameters=GPIO_Speed,GPIO_PuPd,GPIO_Label,GPIO_ModeDefaultOutputPP,GPIO_Mode
PH5.GPIO_Label=OTG_FS_PowerSwitchOn
PH5.GPIO_Mode=GPIO_MODE_OUTPUT_PP
PH5.GPIO_ModeDefaultOutputPP=GPIO_MODE_OUTPUT_PP
PH5.GPIO_PuPd=GPIO_NOPULL
PH5.GPIO_Speed=GPIO_SPEED_FREQ_LOW
PH5.Locked=true
PH5.Signal=GPIO_Output
PH6.GPIOParameters=GPIO_Speed,GPIO_PuPd,GPIO_Label,GPIO_Mode
PH6.GPIO_Label=MII_RXD2
PH6.GPIO_Mode=GPIO_MODE_AF_PP
PH6.GPIO_PuPd=GPIO_NOPULL
PH6.GPIO_Speed=GPIO_SPEED_FREQ_LOW
PH6.Locked=true
PH6.Mode=MII
PH6.Signal=ETH_RXD2
PH7.GPIOParameters=GPIO_Speed,GPIO_PuPd,GPIO_Label,GPIO_Mode
PH7.GPIO_Label=MII_RXD3
PH7.GPIO_Mode=GPIO_MODE_AF_PP
PH7.GPIO_PuPd=GPIO_NOPULL
PH7.GPIO_Speed=GPIO_SPEED_FREQ_LOW
PH7.Locked=true
PH7.Mode=MII
PH7.Signal=ETH_RXD3
PH8.GPIOParameters=GPIO_Speed,GPIO_PuPd,GPIO_Label,GPIO_Mode
PH8.GPIO_Label=DCMI_HSYNC
PH8.GPIO_Mode=GPIO_MODE_AF_PP
PH8.GPIO_PuPd=GPIO_NOPULL
PH8.GPIO_Speed=GPIO_SPEED_FREQ_LOW
PH8.Locked=true
PH8.Mode=Slave_8_bits_External_Synchro
PH8.Signal=DCMI_HSYNC
PH9.GPIOParameters=GPIO_Speed,GPIO_PuPd,GPIO_Label,GPIO_Mode
PH9.GPIO_Label=DCMI_D0
PH9.GPIO_Mode=GPIO_MODE_AF_PP
PH9.GPIO_PuPd=GPIO_NOPULL
PH9.GPIO_Speed=GPIO_SPEED_FREQ_LOW
PH9.Locked=true
PH9.Mode=Slave_8_bits_External_Synchro
PH9.Signal=DCMI_D0
PI0.GPIOParameters=GPIO_Speed,GPIO_PuPd,GPIO_Label,GPIO_Mode
PI0.GPIO_Label=I2S_WS [CS43L22_LRCK]
PI0.GPIO_Mode=GPIO_MODE_AF_PP
PI0.GPIO_PuPd=GPIO_NOPULL
PI0.GPIO_Speed=GPIO_SPEED_FREQ_LOW
PI0.Locked=true
PI0.Mode=Half_Duplex_Master
PI0.Signal=I2S2_WS
PI1.GPIOParameters=GPIO_Speed,GPIO_PuPd,GPIO_Label,GPIO_Mode
PI1.GPIO_Label=I2S_SCLK [CS43L22_SCLK]
PI1.GPIO_Mode=GPIO_MODE_AF_PP
PI1.GPIO_PuPd=GPIO_NOPULL
PI1.GPIO_Speed=GPIO_SPEED_FREQ_LOW
PI1.Locked=true
PI1.Mode=Half_Duplex_Master
PI1.Signal=I2S2_SCK
PI10.GPIOParameters=GPIO_Speed,GPIO_PuPd,GPIO_Label,GPIO_Mode
PI10.GPIO_Label=MII_RX_ER
PI10.GPIO_Mode=GPIO_MODE_AF_PP
PI10.GPIO_PuPd=GPIO_NOPULL
PI10.GPIO_Speed=GPIO_SPEED_FREQ_LOW
PI10.Locked=true
PI10.Signal=ETH_RX_ER
PI11.GPIOParameters=GPIO_Speed,GPIO_PuPd,GPIO_Label,GPIO_Mode
PI11.GPIO_Label=ULPI_DIR
PI11.GPIO_Mode=GPIO_MODE_AF_PP
PI11.GPIO_PuPd=GPIO_NOPULL
PI11.GPIO_Speed=GPIO_SPEED_FREQ_VERY_HIGH
PI11.Locked=true
PI11.Mode=Host_HS
PI11.Signal=USB_OTG_HS_ULPI_DIR
PI2.GPIOParameters=GPIO_PuPd,GPIO_Label,GPIO_ModeDefaultEXTI
PI2.GPIO_Label=IO_Expander_INT
PI2.GPIO_ModeDefaultEXTI=GPIO_MODE_EVT_RISING
PI2.GPIO_PuPd=GPIO_NOPULL
PI2.Locked=true
PI2.Signal=GPXTI2
PI3.GPIOParameters=GPIO_Speed,GPIO_PuPd,GPIO_Label,GPIO_Mode
PI3.GPIO_Label=I2S_SD [CS43L22_SDIN]
PI3.GPIO_Mode=GPIO_MODE_AF_PP
PI3.GPIO_PuPd=GPIO_NOPULL
PI3.GPIO_Speed=GPIO_SPEED_FREQ_LOW
PI3.Locked=true
PI3.Mode=Half_Duplex_Master
PI3.Signal=I2S2_SD
PI4.GPIOParameters=GPIO_Speed,GPIO_PuPd,GPIO_Label,GPIO_Mode
PI4.GPIO_Label=DCMI_D5
PI4.GPIO_Mode=GPIO_MODE_AF_PP
PI4.GPIO_PuPd=GPIO_NOPULL
PI4.GPIO_Speed=GPIO_SPEED_FREQ_LOW
PI4.Locked=true
PI4.Mode=Slave_8_bits_External_Synchro
PI4.Signal=DCMI_D5
PI5.GPIOParameters=GPIO_Speed,GPIO_PuPd,GPIO_Label,GPIO_Mode
PI5.GPIO_Label=DCMI_VSYNC
PI5.GPIO_Mode=GPIO_MODE_AF_PP
PI5.GPIO_PuPd=GPIO_NOPULL
PI5.GPIO_Speed=GPIO_SPEED_FREQ_LOW
PI5.Locked=true
PI5.Mode=Slave_8_bits_External_Synchro
PI5.Signal=DCMI_VSYNC
PI6.GPIOParameters=GPIO_Speed,GPIO_PuPd,GPIO_Label,GPIO_Mode
PI6.GPIO_Label=DCMI_D6
PI6.GPIO_Mode=GPIO_MODE_AF_PP
PI6.GPIO_PuPd=GPIO_NOPULL
PI6.GPIO_Speed=GPIO_SPEED_FREQ_LOW
PI6.Locked=true
PI6.Mode=Slave_8_bits_External_Synchro
PI6.Signal=DCMI_D6
PI7.GPIOParameters=GPIO_Speed,GPIO_PuPd,GPIO_Label,GPIO_Mode
PI7.GPIO_Label=DCMI_D7
PI7.GPIO_Mode=GPIO_MODE_AF_PP
PI7.GPIO_PuPd=GPIO_NOPULL
PI7.GPIO_Speed=GPIO_SPEED_FREQ_LOW
PI7.Locked=true
PI7.Mode=Slave_8_bits_External_Synchro
PI7.Signal=DCMI_D7
PI9.GPIOParameters=GPIO_Speed,GPIO_PuPd,GPIO_Label,GPIO_ModeDefaultOutputPP,GPIO_Mode
PI9.GPIO_Label=LED3 [Red]
PI9.GPIO_Mode=GPIO_MODE_OUTPUT_PP
PI9.GPIO_ModeDefaultOutputPP=GPIO_MODE_OUTPUT_PP
PI9.GPIO_PuPd=GPIO_NOPULL
PI9.GPIO_Speed=GPIO_SPEED_FREQ_LOW
PI9.Locked=true
PI9.Signal=GPIO_Output
PinOutPanel.CurrentBGAView=Top
PinOutPanel.RotationAngle=0
RCC.48MHZClocksFreq_Value=48000000
RCC.AHBFreq_Value=96000000
RCC.APB1CLKDivider=RCC_HCLK_DIV4
RCC.APB1Freq_Value=24000000
RCC.APB1TimFreq_Value=48000000
RCC.APB2CLKDivider=RCC_HCLK_DIV2
RCC.APB2Freq_Value=48000000
RCC.APB2TimFreq_Value=96000000
RCC.CortexFreq_Value=96000000
RCC.EthernetFreq_Value=96000000
RCC.FCLKCortexFreq_Value=96000000
RCC.FamilyName=M
RCC.HCLKFreq_Value=96000000
RCC.HSE_VALUE=25000000
RCC.HSI_VALUE=16000000
RCC.I2SClocksFreq_Value=192000000
RCC.IPParameters=48MHZClocksFreq_Value,AHBFreq_Value,APB1CLKDivider,APB1Freq_Value,APB1TimFreq_Value,APB2CLKDivider,APB2Freq_Value,APB2TimFreq_Value,CortexFreq_Value,EthernetFreq_Value,FCLKCortexFreq_Value,FamilyName,HCLKFreq_Value,HSE_VALUE,HSI_VALUE,I2SClocksFreq_Value,LSI_VALUE,MCO2PinFreq_Value,PLLCLKFreq_Value,PLLM,PLLP,PLLQ,RTCFreq_Value,RTCHSEDivFreq_Value,SYSCLKFreq_VALUE,SYSCLKSource,VCOI2SOutputFreq_Value,VCOInputFreq_Value,VCOOutputFreq_Value,VcooutputI2S
RCC.LSI_VALUE=32000
RCC.MCO2PinFreq_Value=96000000
RCC.PLLCLKFreq_Value=96000000
RCC.PLLM=8
RCC.PLLP=RCC_PLLP_DIV4
RCC.PLLQ=8
RCC.RTCFreq_Value=32000
RCC.RTCHSEDivFreq_Value=12500000
RCC.SYSCLKFreq_VALUE=96000000
RCC.SYSCLKSource=RCC_SYSCLKSOURCE_PLLCLK
RCC.VCOI2SOutputFreq_Value=384000000
RCC.VCOInputFreq_Value=2000000
RCC.VCOOutputFreq_Value=384000000
RCC.VcooutputI2S=192000000
RTC.IPParameters=PinSelection_1
RTC.PinSelection_1=RTC_TAMPERPIN_DEFAULT
SH.COMP_DAC1_group.0=DAC_OUT1,DAC_OUT1
SH.COMP_DAC1_group.ConfNb=1
SH.FSMC_A0.0=FSMC_A0,21b-a1
SH.FSMC_A0.1=FSMC_A0,21b-a2
SH.FSMC_A0.2=FSMC_A0,21b-a3
SH.FSMC_A0.ConfNb=3
SH.FSMC_A1.0=FSMC_A1,21b-a1
SH.FSMC_A1.1=FSMC_A1,21b-a2
SH.FSMC_A1.2=FSMC_A1,21b-a3
SH.FSMC_A1.ConfNb=3
SH.FSMC_A10.0=FSMC_A10,21b-a1
SH.FSMC_A10.1=FSMC_A10,21b-a2
SH.FSMC_A10.2=FSMC_A10,21b-a3
SH.FSMC_A10.ConfNb=3
SH.FSMC_A11.0=FSMC_A11,21b-a1
SH.FSMC_A11.1=FSMC_A11,21b-a2
SH.FSMC_A11.2=FSMC_A11,21b-a3
SH.FSMC_A11.ConfNb=3
SH.FSMC_A12.0=FSMC_A12,21b-a1
SH.FSMC_A12.1=FSMC_A12,21b-a2
SH.FSMC_A12.2=FSMC_A12,21b-a3
SH.FSMC_A12.ConfNb=3
SH.FSMC_A13.0=FSMC_A13,21b-a1
SH.FSMC_A13.1=FSMC_A13,21b-a2
SH.FSMC_A13.2=FSMC_A13,21b-a3
SH.FSMC_A13.ConfNb=3
SH.FSMC_A14.0=FSMC_A14,21b-a1
SH.FSMC_A14.1=FSMC_A14,21b-a2
SH.FSMC_A14.2=FSMC_A14,21b-a3
SH.FSMC_A14.ConfNb=3
SH.FSMC_A15.0=FSMC_A15,21b-a1
SH.FSMC_A15.1=FSMC_A15,21b-a2
SH.FSMC_A15.2=FSMC_A15,21b-a3
SH.FSMC_A15.ConfNb=3
SH.FSMC_A16_CLE.0=FSMC_A16,21b-a1
SH.FSMC_A16_CLE.1=FSMC_A16,21b-a2
SH.FSMC_A16_CLE.2=FSMC_A16,21b-a3
SH.FSMC_A16_CLE.ConfNb=3
SH.FSMC_A17_ALE.0=FSMC_A17,21b-a1
SH.FSMC_A17_ALE.1=FSMC_A17,21b-a2
SH.FSMC_A17_ALE.2=FSMC_A17,21b-a3
SH.FSMC_A17_ALE.ConfNb=3
SH.FSMC_A18.0=FSMC_A18,21b-a1
SH.FSMC_A18.1=FSMC_A18,21b-a2
SH.FSMC_A18.2=FSMC_A18,21b-a3
SH.FSMC_A18.ConfNb=3
SH.FSMC_A19.0=FSMC_A19,21b-a1
SH.FSMC_A19.1=FSMC_A19,21b-a2
SH.FSMC_A19.2=FSMC_A19,21b-a3
SH.FSMC_A19.ConfNb=3
SH.FSMC_A2.0=FSMC_A2,21b-a1
SH.FSMC_A2.1=FSMC_A2,21b-a2
SH.FSMC_A2.2=FSMC_A2,21b-a3
SH.FSMC_A2.ConfNb=3
SH.FSMC_A20.0=FSMC_A20,21b-a1
SH.FSMC_A20.1=FSMC_A20,21b-a2
SH.FSMC_A20.2=FSMC_A20,21b-a3
SH.FSMC_A20.ConfNb=3
SH.FSMC_A3.0=FSMC_A3,21b-a1
SH.FSMC_A3.1=FSMC_A3,21b-a2
SH.FSMC_A3.2=FSMC_A3,21b-a3
SH.FSMC_A3.ConfNb=3
SH.FSMC_A4.0=FSMC_A4,21b-a1
SH.FSMC_A4.1=FSMC_A4,21b-a2
SH.FSMC_A4.2=FSMC_A4,21b-a3
SH.FSMC_A4.ConfNb=3
SH.FSMC_A5.0=FSMC_A5,21b-a1
SH.FSMC_A5.1=FSMC_A5,21b-a2
SH.FSMC_A5.2=FSMC_A5,21b-a3
SH.FSMC_A5.ConfNb=3
SH.FSMC_A6.0=FSMC_A6,21b-a1
SH.FSMC_A6.1=FSMC_A6,21b-a2
SH.FSMC_A6.2=FSMC_A6,21b-a3
SH.FSMC_A6.ConfNb=3
SH.FSMC_A7.0=FSMC_A7,21b-a1
SH.FSMC_A7.1=FSMC_A7,21b-a2
SH.FSMC_A7.2=FSMC_A7,21b-a3
SH.FSMC_A7.ConfNb=3
SH.FSMC_A8.0=FSMC_A8,21b-a1
SH.FSMC_A8.1=FSMC_A8,21b-a2
SH.FSMC_A8.2=FSMC_A8,21b-a3
SH.FSMC_A8.ConfNb=3
SH.FSMC_A9.0=FSMC_A9,21b-a1
SH.FSMC_A9.1=FSMC_A9,21b-a2
SH.FSMC_A9.2=FSMC_A9,21b-a3
SH.FSMC_A9.ConfNb=3
SH.FSMC_CLK.0=FSMC_CLK
SH.FSMC_CLK.ConfNb=1
SH.FSMC_D0_DA0.0=FSMC_D0,16b-d1
SH.FSMC_D0_DA0.1=FSMC_D0,16b-d2
SH.FSMC_D0_DA0.2=FSMC_D0,16b-d3
SH.FSMC_D0_DA0.ConfNb=3
SH.FSMC_D10_DA10.0=FSMC_D10,16b-d1
SH.FSMC_D10_DA10.1=FSMC_D10,16b-d2
SH.FSMC_D10_DA10.2=FSMC_D10,16b-d3
SH.FSMC_D10_DA10.ConfNb=3
SH.FSMC_D11_DA11.0=FSMC_D11,16b-d1
SH.FSMC_D11_DA11.1=FSMC_D11,16b-d2
SH.FSMC_D11_DA11.2=FSMC_D11,16b-d3
SH.FSMC_D11_DA11.ConfNb=3
SH.FSMC_D12_DA12.0=FSMC_D12,16b-d1
SH.FSMC_D12_DA12.1=FSMC_D12,16b-d2
SH.FSMC_D12_DA12.2=FSMC_D12,16b-d3
SH.FSMC_D12_DA12.ConfNb=3
SH.FSMC_D13_DA13.0=FSMC_D13,16b-d1
SH.FSMC_D13_DA13.1=FSMC_D13,16b-d2
SH.FSMC_D13_DA13.2=FSMC_D13,16b-d3
SH.FSMC_D13_DA13.ConfNb=3
SH.FSMC_D14_DA14.0=FSMC_D14,16b-d1
SH.FSMC_D14_DA14.1=FSMC_D14,16b-d2
SH.FSMC_D14_DA14.2=FSMC_D14,16b-d3
SH.FSMC_D14_DA14.ConfNb=3
SH.FSMC_D15_DA15.0=FSMC_D15,16b-d1
SH.FSMC_D15_DA15.1=FSMC_D15,16b-d2
SH.FSMC_D15_DA15.2=FSMC_D15,16b-d3
SH.FSMC_D15_DA15.ConfNb=3
SH.FSMC_D1_DA1.0=FSMC_D1,16b-d1
SH.FSMC_D1_DA1.1=FSMC_D1,16b-d2
SH.FSMC_D1_DA1.2=FSMC_D1,16b-d3
SH.FSMC_D1_DA1.ConfNb=3
SH.FSMC_D2_DA2.0=FSMC_D2,16b-d1
SH.FSMC_D2_DA2.1=FSMC_D2,16b-d2
SH.FSMC_D2_DA2.2=FSMC_D2,16b-d3
SH.FSMC_D2_DA2.ConfNb=3
SH.FSMC_D3_DA3.0=FSMC_D3,16b-d1
SH.FSMC_D3_DA3.1=FSMC_D3,16b-d2
SH.FSMC_D3_DA3.2=FSMC_D3,16b-d3
SH.FSMC_D3_DA3.ConfNb=3
SH.FSMC_D4_DA4.0=FSMC_D4,16b-d1
SH.FSMC_D4_DA4.1=FSMC_D4,16b-d2
SH.FSMC_D4_DA4.2=FSMC_D4,16b-d3
SH.FSMC_D4_DA4.ConfNb=3
SH.FSMC_D5_DA5.0=FSMC_D5,16b-d1
SH.FSMC_D5_DA5.1=FSMC_D5,16b-d2
SH.FSMC_D5_DA5.2=FSMC_D5,16b-d3
SH.FSMC_D5_DA5.ConfNb=3
SH.FSMC_D6_DA6.0=FSMC_D6,16b-d1
SH.FSMC_D6_DA6.1=FSMC_D6,16b-d2
SH.FSMC_D6_DA6.2=FSMC_D6,16b-d3
SH.FSMC_D6_DA6.ConfNb=3
SH.FSMC_D7_DA7.0=FSMC_D7,16b-d1
SH.FSMC_D7_DA7.1=FSMC_D7,16b-d2
SH.FSMC_D7_DA7.2=FSMC_D7,16b-d3
SH.FSMC_D7_DA7.ConfNb=3
SH.FSMC_D8_DA8.0=FSMC_D8,16b-d1
SH.FSMC_D8_DA8.1=FSMC_D8,16b-d2
SH.FSMC_D8_DA8.2=FSMC_D8,16b-d3
SH.FSMC_D8_DA8.ConfNb=3
SH.FSMC_D9_DA9.0=FSMC_D9,16b-d1
SH.FSMC_D9_DA9.1=FSMC_D9,16b-d2
SH.FSMC_D9_DA9.2=FSMC_D9,16b-d3
SH.FSMC_D9_DA9.ConfNb=3
SH.FSMC_NBL0.0=FSMC_NBL0,2ByteEnable2
SH.FSMC_NBL0.ConfNb=1
SH.FSMC_NBL1.0=FSMC_NBL1,2ByteEnable2
SH.FSMC_NBL1.ConfNb=1
SH.FSMC_NL.0=FSMC_NL
SH.FSMC_NL.ConfNb=1
SH.FSMC_NOE.0=FSMC_NOE,NorFlash1
SH.FSMC_NOE.1=FSMC_NOE,Sram2
SH.FSMC_NOE.2=FSMC_NOE,Sram3
SH.FSMC_NOE.ConfNb=3
SH.FSMC_NWAIT.0=FSMC_NWAIT
SH.FSMC_NWAIT.ConfNb=1
SH.FSMC_NWE.0=FSMC_NWE,NorFlash1
SH.FSMC_NWE.1=FSMC_NWE,Sram2
SH.FSMC_NWE.2=FSMC_NWE,Sram3
SH.FSMC_NWE.ConfNb=3
SH.GPXTI11.0=GPIO_EXTI11
SH.GPXTI11.ConfNb=1
SH.GPXTI14.0=GPIO_EXTI14
SH.GPXTI14.ConfNb=1
SH.GPXTI15.0=GPIO_EXTI15
SH.GPXTI15.ConfNb=1
SH.GPXTI2.0=GPIO_EXTI2
SH.GPXTI2.ConfNb=1
USART3.IPParameters=VirtualMode
USART3.VirtualMode=VM_ASYNC
USB_HOST.BSP.number=1
USB_HOST.IPParameters=VirtualModeFS,USBH_HandleTypeDef-CDC_FS
USB_HOST.USBH_HandleTypeDef-CDC_FS=hUsbHostFS
USB_HOST.VirtualModeFS=Cdc
USB_HOST0.BSP.STBoard=false
USB_HOST0.BSP.api=UnknownBspDriver
USB_HOST0.BSP.component=
USB_HOST0.BSP.i2caddr=0
USB_HOST0.BSP.i2creg=0
USB_HOST0.BSP.instance=PH5
USB_HOST0.BSP.ip=GPIO
USB_HOST0.BSP.mode=Output
USB_HOST0.BSP.name=Drive_VBUS_FS
USB_OTG_FS.IPParameters=phy_itface,VirtualMode
USB_OTG_FS.VirtualMode=Host_Only
USB_OTG_FS.phy_itface=HCD_PHY_EMBEDDED
USB_OTG_HS.IPParameters=VirtualMode-Host_HS
USB_OTG_HS.VirtualMode-Host_HS=Host_HS
VP_FATFS_VS_SDIO.Mode=SDIO
VP_FATFS_VS_SDIO.Signal=FATFS_VS_SDIO
VP_RTC_VS_RTC_Activate.Mode=RTC_Enabled
VP_RTC_VS_RTC_Activate.Signal=RTC_VS_RTC_Activate
VP_SYS_VS_Systick.Mode=SysTick
VP_SYS_VS_Systick.Signal=SYS_VS_Systick
VP_USB_HOST_VS_USB_HOST_CDC_FS.Mode=CDC_FS
VP_USB_HOST_VS_USB_HOST_CDC_FS.Signal=USB_HOST_VS_USB_HOST_CDC_FS
board=STM3221G-EVAL
boardIOC=true
