#Copyright (c) 2020 STMicroelectronics. All rights reserved.
#MicroXplorer Configuration settings - do not modify
ADC3.Channel-0\#ChannelRegularConversion=ADC_CHANNEL_14
ADC3.IPParameters=Rank-0\#ChannelRegularConversion,Channel-0\#ChannelRegularConversion,SamplingTime-0\#ChannelRegularConversion,NbrOfConversionFlag
ADC3.NbrOfConversionFlag=1
ADC3.Rank-0\#ChannelRegularConversion=1
ADC3.SamplingTime-0\#ChannelRegularConversion=ADC_SAMPLETIME_3CYCLES
Dma.Request0=SPI4_RX
Dma.Request1=SPI4_TX
Dma.Request2=SPI2_RX
Dma.Request3=UART5_RX
Dma.Request4=UART5_TX
Dma.Request5=USART2_RX
Dma.Request6=USART2_TX
Dma.RequestsNb=7
Dma.SPI2_RX.2.Direction=DMA_PERIPH_TO_MEMORY
Dma.SPI2_RX.2.FIFOMode=DMA_FIFOMODE_DISABLE
Dma.SPI2_RX.2.Instance=DMA1_Stream3
Dma.SPI2_RX.2.MemDataAlignment=DMA_MDATAALIGN_HALFWORD
Dma.SPI2_RX.2.MemInc=DMA_MINC_ENABLE
Dma.SPI2_RX.2.Mode=DMA_CIRCULAR
Dma.SPI2_RX.2.PeriphDataAlignment=DMA_PDATAALIGN_HALFWORD
Dma.SPI2_RX.2.PeriphInc=DMA_PINC_DISABLE
Dma.SPI2_RX.2.Priority=DMA_PRIORITY_HIGH
Dma.SPI2_RX.2.RequestParameters=Instance,Direction,PeriphInc,MemInc,PeriphDataAlignment,MemDataAlignment,Mode,Priority,FIFOMode
Dma.SPI4_RX.0.Direction=DMA_PERIPH_TO_MEMORY
Dma.SPI4_RX.0.FIFOMode=DMA_FIFOMODE_DISABLE
Dma.SPI4_RX.0.Instance=DMA2_Stream0
Dma.SPI4_RX.0.MemDataAlignment=DMA_MDATAALIGN_BYTE
Dma.SPI4_RX.0.MemInc=DMA_MINC_ENABLE
Dma.SPI4_RX.0.Mode=DMA_NORMAL
Dma.SPI4_RX.0.PeriphDataAlignment=DMA_PDATAALIGN_BYTE
Dma.SPI4_RX.0.PeriphInc=DMA_PINC_DISABLE
Dma.SPI4_RX.0.Priority=DMA_PRIORITY_LOW
Dma.SPI4_RX.0.RequestParameters=Instance,Direction,PeriphInc,MemInc,PeriphDataAlignment,MemDataAlignment,Mode,Priority,FIFOMode
Dma.SPI4_TX.1.Direction=DMA_MEMORY_TO_PERIPH
Dma.SPI4_TX.1.FIFOMode=DMA_FIFOMODE_DISABLE
Dma.SPI4_TX.1.Instance=DMA2_Stream1
Dma.SPI4_TX.1.MemDataAlignment=DMA_MDATAALIGN_BYTE
Dma.SPI4_TX.1.MemInc=DMA_MINC_ENABLE
Dma.SPI4_TX.1.Mode=DMA_NORMAL
Dma.SPI4_TX.1.PeriphDataAlignment=DMA_PDATAALIGN_BYTE
Dma.SPI4_TX.1.PeriphInc=DMA_PINC_DISABLE
Dma.SPI4_TX.1.Priority=DMA_PRIORITY_LOW
Dma.SPI4_TX.1.RequestParameters=Instance,Direction,PeriphInc,MemInc,PeriphDataAlignment,MemDataAlignment,Mode,Priority,FIFOMode
Dma.UART5_RX.3.Direction=DMA_PERIPH_TO_MEMORY
Dma.UART5_RX.3.FIFOMode=DMA_FIFOMODE_DISABLE
Dma.UART5_RX.3.Instance=DMA1_Stream0
Dma.UART5_RX.3.MemDataAlignment=DMA_MDATAALIGN_BYTE
Dma.UART5_RX.3.MemInc=DMA_MINC_ENABLE
Dma.UART5_RX.3.Mode=DMA_NORMAL
Dma.UART5_RX.3.PeriphDataAlignment=DMA_PDATAALIGN_BYTE
Dma.UART5_RX.3.PeriphInc=DMA_PINC_DISABLE
Dma.UART5_RX.3.Priority=DMA_PRIORITY_LOW
Dma.UART5_RX.3.RequestParameters=Instance,Direction,PeriphInc,MemInc,PeriphDataAlignment,MemDataAlignment,Mode,Priority,FIFOMode
Dma.UART5_TX.4.Direction=DMA_MEMORY_TO_PERIPH
Dma.UART5_TX.4.FIFOMode=DMA_FIFOMODE_DISABLE
Dma.UART5_TX.4.Instance=DMA1_Stream7
Dma.UART5_TX.4.MemDataAlignment=DMA_MDATAALIGN_BYTE
Dma.UART5_TX.4.MemInc=DMA_MINC_ENABLE
Dma.UART5_TX.4.Mode=DMA_NORMAL
Dma.UART5_TX.4.PeriphDataAlignment=DMA_PDATAALIGN_BYTE
Dma.UART5_TX.4.PeriphInc=DMA_PINC_DISABLE
Dma.UART5_TX.4.Priority=DMA_PRIORITY_LOW
Dma.UART5_TX.4.RequestParameters=Instance,Direction,PeriphInc,MemInc,PeriphDataAlignment,MemDataAlignment,Mode,Priority,FIFOMode
Dma.USART2_RX.5.Direction=DMA_PERIPH_TO_MEMORY
Dma.USART2_RX.5.FIFOMode=DMA_FIFOMODE_DISABLE
Dma.USART2_RX.5.Instance=DMA1_Stream5
Dma.USART2_RX.5.MemDataAlignment=DMA_MDATAALIGN_BYTE
Dma.USART2_RX.5.MemInc=DMA_MINC_ENABLE
Dma.USART2_RX.5.Mode=DMA_NORMAL
Dma.USART2_RX.5.PeriphDataAlignment=DMA_PDATAALIGN_BYTE
Dma.USART2_RX.5.PeriphInc=DMA_PINC_DISABLE
Dma.USART2_RX.5.Priority=DMA_PRIORITY_LOW
Dma.USART2_RX.5.RequestParameters=Instance,Direction,PeriphInc,MemInc,PeriphDataAlignment,MemDataAlignment,Mode,Priority,FIFOMode
Dma.USART2_TX.6.Direction=DMA_MEMORY_TO_PERIPH
Dma.USART2_TX.6.FIFOMode=DMA_FIFOMODE_DISABLE
Dma.USART2_TX.6.Instance=DMA1_Stream6
Dma.USART2_TX.6.MemDataAlignment=DMA_MDATAALIGN_BYTE
Dma.USART2_TX.6.MemInc=DMA_MINC_ENABLE
Dma.USART2_TX.6.Mode=DMA_NORMAL
Dma.USART2_TX.6.PeriphDataAlignment=DMA_PDATAALIGN_BYTE
Dma.USART2_TX.6.PeriphInc=DMA_PINC_DISABLE
Dma.USART2_TX.6.Priority=DMA_PRIORITY_LOW
Dma.USART2_TX.6.RequestParameters=Instance,Direction,PeriphInc,MemInc,PeriphDataAlignment,MemDataAlignment,Mode,Priority,FIFOMode
File.Version=6
I2C1.I2C_Mode=I2C_Fast
I2C1.IPParameters=I2C_Mode,OwnAddress
I2C1.IPParametersWithoutCheck=OwnAddress
I2C1.OwnAddress=0x1F
I2C2.I2C_Mode=I2C_Fast
I2C2.IPParameters=I2C_Mode,OwnAddress
I2C2.IPParametersWithoutCheck=OwnAddress,SMBusOwnAddress
I2C2.OwnAddress=0x1E
I2S2.AudioFreq=I2S_AUDIOFREQ_16K
I2S2.CPOL=I2S_CPOL_HIGH
I2S2.ErrorAudioFreq=0.0 %
I2S2.FullDuplexMode=I2S_FULLDUPLEXMODE_DISABLE
I2S2.IPParameters=Instance,VirtualMode,FullDuplexMode,RealAudioFreq,ErrorAudioFreq,Mode,Standard,CPOL,AudioFreq
I2S2.Instance=SPI$Index
I2S2.Mode=I2S_MODE_MASTER_RX
I2S2.RealAudioFreq=16.0 KHz
I2S2.Standard=I2S_STANDARD_MSB
I2S2.VirtualMode=I2S_MODE_MASTER
KeepUserPlacement=false
Mcu.Family=STM32F4
Mcu.IP0=ADC3
Mcu.IP1=DMA
Mcu.IP10=SYS
Mcu.IP11=TIM3
Mcu.IP12=UART5
Mcu.IP13=USART2
Mcu.IP2=I2C1
Mcu.IP3=I2C2
Mcu.IP4=I2S2
Mcu.IP5=NVIC
Mcu.IP6=RCC
Mcu.IP7=RTC
Mcu.IP8=SPI1
Mcu.IP9=SPI4
Mcu.IPNb=14
Mcu.Name=STM32F469A(E-G-I)Yx
Mcu.Package=WLCSP168
Mcu.Pin0=PG12
Mcu.Pin1=PB3
Mcu.Pin10=PC12
Mcu.Pin11=PD2
Mcu.Pin12=PD5
Mcu.Pin13=PB4
Mcu.Pin14=PI5
Mcu.Pin15=PA13
Mcu.Pin16=PA14
Mcu.Pin17=PI4
Mcu.Pin18=PE6
Mcu.Pin19=PI0
Mcu.Pin2=PB7
Mcu.Pin20=PC14/OSC32_IN
Mcu.Pin21=PC15/OSC32_OUT
Mcu.Pin22=PE2
Mcu.Pin23=PG4
Mcu.Pin24=PG3
Mcu.Pin25=PG2
Mcu.Pin26=PF0
Mcu.Pin27=PF2
Mcu.Pin28=PF1
Mcu.Pin29=PF4
Mcu.Pin3=PI3
Mcu.Pin30=PH0/OSC_IN
Mcu.Pin31=PH1/OSC_OUT
Mcu.Pin32=PA2
Mcu.Pin33=PE8
Mcu.Pin34=PE7
Mcu.Pin35=PA3
Mcu.Pin36=VP_RTC_VS_RTC_Activate
Mcu.Pin37=VP_RTC_VS_RTC_Calendar
Mcu.Pin38=VP_SYS_VS_Systick
Mcu.Pin39=VP_TIM3_VS_ClockSourceINT
Mcu.Pin4=PG11
Mcu.Pin5=PB5
Mcu.Pin6=PB8
Mcu.Pin7=PI6
Mcu.Pin8=PE5
Mcu.Pin9=PI1
Mcu.PinsNb=40
Mcu.ThirdPartyNb=0
Mcu.UserConstants=
Mcu.UserName=STM32F469AIYx
MxCube.Version=5.3.0
MxDb.Version=DB.5.0.30
NVIC.BusFault_IRQn=true\:0\:0\:false\:false\:true\:false\:false
NVIC.DMA1_Stream0_IRQn=true\:2\:0\:true\:false\:true\:false\:true
NVIC.DMA1_Stream3_IRQn=true\:6\:0\:true\:false\:true\:false\:true
NVIC.DMA1_Stream5_IRQn=true\:2\:0\:true\:false\:true\:false\:true
NVIC.DMA1_Stream6_IRQn=true\:2\:0\:true\:false\:true\:false\:true
NVIC.DMA1_Stream7_IRQn=true\:2\:0\:true\:false\:true\:false\:true
NVIC.DMA2_Stream0_IRQn=true\:7\:0\:true\:false\:true\:false\:true
NVIC.DMA2_Stream1_IRQn=true\:7\:0\:true\:false\:true\:false\:true
NVIC.DebugMonitor_IRQn=true\:0\:0\:false\:false\:true\:false\:false
NVIC.EXTI9_5_IRQn=true\:6\:0\:true\:false\:true\:true\:true
NVIC.HardFault_IRQn=true\:0\:0\:false\:false\:true\:false\:false
NVIC.MemoryManagement_IRQn=true\:0\:0\:false\:false\:true\:false\:false
NVIC.NonMaskableInt_IRQn=true\:0\:0\:false\:false\:true\:false\:false
NVIC.PendSV_IRQn=true\:0\:0\:false\:false\:true\:false\:false
NVIC.PriorityGroup=NVIC_PRIORITYGROUP_4
NVIC.SVCall_IRQn=true\:0\:0\:false\:false\:true\:false\:false
NVIC.SysTick_IRQn=true\:0\:0\:false\:false\:true\:false\:true
NVIC.UART5_IRQn=true\:0\:0\:false\:false\:true\:true\:true
NVIC.USART2_IRQn=true\:2\:0\:true\:false\:true\:true\:true
NVIC.UsageFault_IRQn=true\:0\:0\:false\:false\:true\:false\:false
PA13.GPIOParameters=GPIO_Label
PA13.GPIO_Label=SWDIO
PA13.Locked=true
PA13.Mode=Serial_Wire
PA13.Signal=SYS_JTMS-SWDIO
PA14.GPIOParameters=GPIO_Label
PA14.GPIO_Label=SWCLK
PA14.Locked=true
PA14.Mode=Serial_Wire
PA14.Signal=SYS_JTCK-SWCLK
PA2.GPIOParameters=GPIO_Label
PA2.GPIO_Label=IOLINK_COM_TX
PA2.Locked=true
PA2.Mode=Asynchronous
PA2.Signal=USART2_TX
PA3.GPIOParameters=GPIO_Label
PA3.GPIO_Label=IOLINK_COM_RX
PA3.Locked=true
PA3.Mode=Asynchronous
PA3.Signal=USART2_RX
PB3.GPIOParameters=GPIO_PuPd,GPIO_Label
PB3.GPIO_Label=ACC_CK
PB3.GPIO_PuPd=GPIO_PULLUP
PB3.Locked=true
PB3.Mode=Full_Duplex_Master
PB3.Signal=SPI1_SCK
PB4.GPIOParameters=GPIO_PuPd,GPIO_Label
PB4.GPIO_Label=ACC_SO
PB4.GPIO_PuPd=GPIO_PULLUP
PB4.Locked=true
PB4.Mode=Full_Duplex_Master
PB4.Signal=SPI1_MISO
PB5.GPIOParameters=GPIO_PuPd,GPIO_Label
PB5.GPIO_Label=ACC_SI
PB5.GPIO_PuPd=GPIO_PULLUP
PB5.Locked=true
PB5.Mode=Full_Duplex_Master
PB5.Signal=SPI1_MOSI
PB7.GPIOParameters=GPIO_Label
PB7.GPIO_Label=ENV_SD
PB7.Locked=true
PB7.Mode=I2C
PB7.Signal=I2C1_SDA
PB8.GPIOParameters=GPIO_Label
PB8.GPIO_Label=ENV_CK
PB8.Locked=true
PB8.Mode=I2C
PB8.Signal=I2C1_SCL
PC12.GPIOParameters=GPIO_Label
PC12.GPIO_Label=COM_TX
PC12.Locked=true
PC12.Mode=Asynchronous
PC12.Signal=UART5_TX
PC14/OSC32_IN.Locked=true
PC14/OSC32_IN.Mode=LSE-External-Oscillator
PC14/OSC32_IN.Signal=RCC_OSC32_IN
PC15/OSC32_OUT.Locked=true
PC15/OSC32_OUT.Mode=LSE-External-Oscillator
PC15/OSC32_OUT.Signal=RCC_OSC32_OUT
PCC.Checker=false
PCC.Line=STM32F469/479
PCC.MCU=STM32F469A(E-G-I)Yx
PCC.PartNumber=STM32F469AIYx
PCC.Seq0=0
PCC.Series=STM32F4
PCC.Temperature=25
PCC.Vdd=3.3
PD2.GPIOParameters=GPIO_Label
PD2.GPIO_Label=COM_RX
PD2.Locked=true
PD2.Mode=Asynchronous
PD2.Signal=UART5_RX
PD5.GPIOParameters=GPIO_Label
PD5.GPIO_Label=USER_LED
PD5.Locked=true
PD5.Signal=GPIO_Output
PE2.GPIOParameters=GPIO_PuPd,GPIO_Label
PE2.GPIO_Label=MEM_CK
PE2.GPIO_PuPd=GPIO_PULLDOWN
PE2.Locked=true
PE2.Mode=Full_Duplex_Master
PE2.Signal=SPI4_SCK
PE5.GPIOParameters=GPIO_Label
PE5.GPIO_Label=MEM_SO
PE5.Locked=true
PE5.Mode=Full_Duplex_Master
PE5.Signal=SPI4_MISO
PE6.GPIOParameters=GPIO_Label
PE6.GPIO_Label=MEM_SI
PE6.Locked=true
PE6.Mode=Full_Duplex_Master
PE6.Signal=SPI4_MOSI
PE7.GPIOParameters=GPIO_Label,GPIO_ModeDefaultEXTI
PE7.GPIO_Label=IOLINK_EN_DIAG
PE7.GPIO_ModeDefaultEXTI=GPIO_MODE_IT_FALLING
PE7.Locked=true
PE7.Signal=GPXTI7
PE8.GPIOParameters=GPIO_Label,GPIO_ModeDefaultEXTI
PE8.GPIO_Label=IOLINK_OL
PE8.GPIO_ModeDefaultEXTI=GPIO_MODE_IT_FALLING
PE8.Locked=true
PE8.Signal=GPXTI8
PF0.GPIOParameters=GPIO_Label
PF0.GPIO_Label=SMBDATA
PF0.Locked=true
PF0.Mode=I2C
PF0.Signal=I2C2_SDA
PF1.GPIOParameters=GPIO_Label
PF1.GPIO_Label=SMBCLK
PF1.Locked=true
PF1.Mode=I2C
PF1.Signal=I2C2_SCL
PF2.GPIOParameters=GPIO_Label
PF2.GPIO_Label=SMBALERT
PF2.Locked=true
PF2.Signal=GPIO_Input
PF4.GPIOParameters=GPIO_Label
PF4.GPIO_Label=AUX_IO
PF4.Locked=true
PF4.Mode=IN14
PF4.Signal=ADC3_IN14
PG11.GPIOParameters=GPIO_Label
PG11.GPIO_Label=HUM-TEMP_DRDY
PG11.Locked=true
PG11.Signal=GPIO_Input
PG12.GPIOParameters=GPIO_Label
PG12.GPIO_Label=PRESS_DRDY
PG12.Locked=true
PG12.Signal=GPIO_Input
PG2.GPIOParameters=PinState,GPIO_PuPd,GPIO_Label
PG2.GPIO_Label=ACC_CS
PG2.GPIO_PuPd=GPIO_PULLUP
PG2.Locked=true
PG2.PinState=GPIO_PIN_SET
PG2.Signal=GPIO_Output
PG3.GPIOParameters=GPIO_Label
PG3.GPIO_Label=ACC_INT1
PG3.Locked=true
PG3.Signal=GPXTI3
PG4.GPIOParameters=GPIO_Label
PG4.GPIO_Label=ACC_INT2
PG4.Locked=true
PG4.Signal=GPXTI4
PH0/OSC_IN.Locked=true
PH0/OSC_IN.Mode=HSE-External-Oscillator
PH0/OSC_IN.Signal=RCC_OSC_IN
PH1/OSC_OUT.Locked=true
PH1/OSC_OUT.Mode=HSE-External-Oscillator
PH1/OSC_OUT.Signal=RCC_OSC_OUT
PI0.Locked=true
PI0.Mode=Half_Duplex_Master
PI0.Signal=I2S2_WS
PI1.GPIOParameters=GPIO_Label
PI1.GPIO_Label=MIC_CK
PI1.Locked=true
PI1.Mode=Half_Duplex_Master
PI1.Signal=I2S2_CK
PI3.GPIOParameters=GPIO_Label
PI3.GPIO_Label=MIC_SD
PI3.Locked=true
PI3.Mode=Half_Duplex_Master
PI3.Signal=I2S2_SD
PI4.GPIOParameters=GPIO_Speed,PinState,GPIO_PuPd,GPIO_Label
PI4.GPIO_Label=MEM_CS
PI4.GPIO_PuPd=GPIO_PULLUP
PI4.GPIO_Speed=GPIO_SPEED_FREQ_HIGH
PI4.Locked=true
PI4.PinState=GPIO_PIN_SET
PI4.Signal=GPIO_Output
PI5.GPIOParameters=GPIO_Speed,GPIO_Label
PI5.GPIO_Label=MEM_HOLD
PI5.GPIO_Speed=GPIO_SPEED_FREQ_HIGH
PI5.Locked=true
PI5.Signal=GPIO_Output
PI6.GPIOParameters=GPIO_Speed,GPIO_Label
PI6.GPIO_Label=MEM_W
PI6.GPIO_Speed=GPIO_SPEED_FREQ_HIGH
PI6.Locked=true
PI6.Signal=GPIO_Output
PinOutPanel.CurrentBGAView=Top
PinOutPanel.RotationAngle=0
RCC.AHBFreq_Value=180000000
RCC.APB1CLKDivider=RCC_HCLK_DIV4
RCC.APB1Freq_Value=45000000
RCC.APB1TimFreq_Value=90000000
RCC.APB2CLKDivider=RCC_HCLK_DIV2
RCC.APB2Freq_Value=90000000
RCC.APB2TimFreq_Value=180000000
RCC.CortexFreq_Value=180000000
RCC.DSIFreq_Value=60000000
RCC.DSITXEscFreq_Value=15000000
RCC.EthernetFreq_Value=180000000
RCC.FCLKCortexFreq_Value=180000000
RCC.FamilyName=M
RCC.HCLKFreq_Value=180000000
RCC.HSE_VALUE=24000000
RCC.I2SFreq_Value=192000000
RCC.IPParameters=AHBFreq_Value,APB1CLKDivider,APB1Freq_Value,APB1TimFreq_Value,APB2CLKDivider,APB2Freq_Value,APB2TimFreq_Value,CortexFreq_Value,DSIFreq_Value,DSITXEscFreq_Value,EthernetFreq_Value,FCLKCortexFreq_Value,FamilyName,HCLKFreq_Value,HSE_VALUE,I2SFreq_Value,LCDTFTFreq_Value,MCO2PinFreq_Value,PLLCLKFreq_Value,PLLDSIFreq_Value,PLLDSIVCOFreq_Value,PLLI2SQCLKFreq_Value,PLLI2SRCLKFreq_Value,PLLM,PLLN,PLLQCLKFreq_Value,PLLRCLKFreq_Value,PLLRFreq_Value,PLLSAIPCLKFreq_Value,PLLSAIQCLKFreq_Value,PLLSAIRCLKFreq_Value,PLLSourceVirtual,RCC_RTC_Clock_SourceVirtual,RTCFreq_Value,RTCHSEDivFreq_Value,SAIAFreq_Value,SAIBFreq_Value,SDIOFreq_Value,SYSCLKFreq_VALUE,SYSCLKSource,USBFreq_Value,VCOI2SOutputFreq_Value,VCOInputFreq_Value,VCOOutputFreq_Value,VCOSAIOutputFreq_Value
RCC.LCDTFTFreq_Value=96000000
RCC.MCO2PinFreq_Value=180000000
RCC.PLLCLKFreq_Value=180000000
RCC.PLLDSIFreq_Value=480000000
RCC.PLLDSIVCOFreq_Value=960000000
RCC.PLLI2SQCLKFreq_Value=96000000
RCC.PLLI2SRCLKFreq_Value=192000000
RCC.PLLM=12
RCC.PLLN=180
RCC.PLLQCLKFreq_Value=90000000
RCC.PLLRCLKFreq_Value=180000000
RCC.PLLRFreq_Value=180000000
RCC.PLLSAIPCLKFreq_Value=192000000
RCC.PLLSAIQCLKFreq_Value=96000000
RCC.PLLSAIRCLKFreq_Value=192000000
RCC.PLLSourceVirtual=RCC_PLLSOURCE_HSE
RCC.RCC_RTC_Clock_SourceVirtual=RCC_RTCCLKSOURCE_LSE
RCC.RTCFreq_Value=32768
RCC.RTCHSEDivFreq_Value=12000000
RCC.SAIAFreq_Value=96000000
RCC.SAIBFreq_Value=96000000
RCC.SDIOFreq_Value=90000000
RCC.SYSCLKFreq_VALUE=180000000
RCC.SYSCLKSource=RCC_SYSCLKSOURCE_PLLCLK
RCC.USBFreq_Value=90000000
RCC.VCOI2SOutputFreq_Value=384000000
RCC.VCOInputFreq_Value=2000000
RCC.VCOOutputFreq_Value=360000000
RCC.VCOSAIOutputFreq_Value=384000000
SH.GPXTI3.0=GPIO_EXTI3
SH.GPXTI3.ConfNb=1
SH.GPXTI4.0=GPIO_EXTI4
SH.GPXTI4.ConfNb=1
SH.GPXTI7.0=GPIO_EXTI7
SH.GPXTI7.ConfNb=1
SH.GPXTI8.0=GPIO_EXTI8
SH.GPXTI8.ConfNb=1
SPI1.BaudRatePrescaler=SPI_BAUDRATEPRESCALER_16
SPI1.CLKPhase=SPI_PHASE_2EDGE
SPI1.CLKPolarity=SPI_POLARITY_HIGH
SPI1.CalculateBaudRate=5.625 MBits/s
SPI1.Direction=SPI_DIRECTION_2LINES
SPI1.IPParameters=VirtualType,Mode,Direction,CalculateBaudRate,CLKPolarity,CLKPhase,BaudRatePrescaler
SPI1.Mode=SPI_MODE_MASTER
SPI1.VirtualType=VM_MASTER
SPI4.BaudRatePrescaler=SPI_BAUDRATEPRESCALER_16
SPI4.CalculateBaudRate=5.625 MBits/s
SPI4.Direction=SPI_DIRECTION_2LINES
SPI4.IPParameters=VirtualType,Mode,Direction,CalculateBaudRate,BaudRatePrescaler
SPI4.Mode=SPI_MODE_MASTER
SPI4.VirtualType=VM_MASTER
UART5.BaudRate=230400
UART5.IPParameters=VirtualMode,BaudRate
UART5.VirtualMode=Asynchronous
USART2.BaudRate=230400
USART2.IPParameters=VirtualMode,BaudRate
USART2.VirtualMode=VM_ASYNC
VP_RTC_VS_RTC_Activate.Mode=RTC_Enabled
VP_RTC_VS_RTC_Activate.Signal=RTC_VS_RTC_Activate
VP_RTC_VS_RTC_Calendar.Mode=RTC_Calendar
VP_RTC_VS_RTC_Calendar.Signal=RTC_VS_RTC_Calendar
VP_SYS_VS_Systick.Mode=SysTick
VP_SYS_VS_Systick.Signal=SYS_VS_Systick
VP_TIM3_VS_ClockSourceINT.Mode=Internal
VP_TIM3_VS_ClockSourceINT.Signal=TIM3_VS_ClockSourceINT
board=STEVAL-IDP005V1
boardIOC=true
