#Copyright (c) 2023 STMicroelectronics. All rights reserved.
#MicroXplorer Configuration settings - do not modify
CAD.formats=
CAD.pinconfig=
CAD.provider=
CORTEX_M33_NS.userName=CORTEX_M33
CortexM33NS.IPs=CORTEX_M33_NS\:I,FILEX\:I,GPDMA1,GTZC_NS\:I,LEVELX\:I,LINKEDLIST,LPBAMQUEUE\:I,LPDMA1,NETXDUO\:I,PWR,RCC,RTC,SYS\:I,TAMP,THREADX\:I,USBX\:I,LPBAM\:I,MEMORYMAP\:I,GPIO\:I,NVIC2\:I,I2C1\:I,I2C2\:I,I2C3\:I,I2C4\:I,SDMMC1\:I,SPI1\:I,SPI2\:I,SPI3\:I,USART2\:I,USB_OTG_FS\:I,SAI1\:I,RNG\:I,ADF1\:I,DEBUG\:I,UART4\:I,ICACHE\:I
CortexM33S.IPs=CORTEX_M33_S\:I,GPDMA1\:I,GTZC_S\:I,LINKEDLIST\:I,LPDMA1\:I,OTFDEC1\:I,OTFDEC2\:I,PWR\:I,RCC\:I,RTC\:I,SAU\:I,SYS_S\:I,TAMP\:I,GPIO,NVIC1\:I
File.Version=6
GPDMA1.CIRCULARMODE_GPDMACH5=ENABLE
GPDMA1.DATAALIGNEMENT_GPDMACH5=DMA_DATA_UNPACK
GPDMA1.DATAHANDLING_GPDMACH5=ENABLE
GPDMA1.DESTDATAWIDTH_GPDMACH5=DMA_DEST_DATAWIDTH_HALFWORD
GPDMA1.DESTINC_GPDMACH0=DMA_DINC_INCREMENTED
GPDMA1.DESTINC_GPDMACH5=DMA_DINC_INCREMENTED
GPDMA1.IPHANDLE_GPDMACH0-SIMPLEREQUEST_GPDMACH0=__NULL
GPDMA1.IPHANDLE_GPDMACH1-SIMPLEREQUEST_GPDMACH1=__NULL
GPDMA1.IPHANDLE_GPDMACH2-SIMPLEREQUEST_GPDMACH2=__NULL
GPDMA1.IPHANDLE_GPDMACH3-SIMPLEREQUEST_GPDMACH3=__NULL
GPDMA1.IPHANDLE_GPDMACH5-SIMPLEREQUEST_GPDMACH5=__NULL
GPDMA1.IPParameters=RECAP_GPDMACH5,RECAP_GPDMACH3,RECAP_GPDMACH2,RECAP_GPDMACH1,RECAP_GPDMACH0,CIRCULARMODE_GPDMACH5,IPHANDLE_GPDMACH5-SIMPLEREQUEST_GPDMACH5,REQUEST_GPDMACH5,PRIORITY_LL_CIRCULAR_GPDMACH5,SRCDATAWIDTH_GPDMACH5,DESTINC_GPDMACH5,DESTDATAWIDTH_GPDMACH5,TRANSFERALLOCATEDPORTDEST_GPDMACH5,DATAHANDLING_GPDMACH5,DATAALIGNEMENT_GPDMACH5,IPHANDLE_GPDMACH3-SIMPLEREQUEST_GPDMACH3,REQUEST_GPDMACH3,IPHANDLE_GPDMACH2-SIMPLEREQUEST_GPDMACH2,REQUEST_GPDMACH2,IPHANDLE_GPDMACH1-SIMPLEREQUEST_GPDMACH1,REQUEST_GPDMACH1,PRIORITY_GPDMACH1,SRCINC_GPDMACH1,IPHANDLE_GPDMACH0-SIMPLEREQUEST_GPDMACH0,REQUEST_GPDMACH0,PRIORITY_GPDMACH0,DESTINC_GPDMACH0
GPDMA1.PRIORITY_GPDMACH0=DMA_LOW_PRIORITY_MID_WEIGHT
GPDMA1.PRIORITY_GPDMACH1=DMA_LOW_PRIORITY_MID_WEIGHT
GPDMA1.PRIORITY_LL_CIRCULAR_GPDMACH5=DMA_HIGH_PRIORITY
GPDMA1.RECAP_GPDMACH0=GPDMA1_REQUEST_SPI2_RX
GPDMA1.RECAP_GPDMACH1=GPDMA1_REQUEST_SPI2_TX
GPDMA1.RECAP_GPDMACH2=GPDMA1_REQUEST_I2C1_RX
GPDMA1.RECAP_GPDMACH3=GPDMA1_REQUEST_I2C1_TX
GPDMA1.RECAP_GPDMACH5=GPDMA1_REQUEST_ADF1_FLT0
GPDMA1.REQUEST_GPDMACH0=GPDMA1_REQUEST_SPI2_RX
GPDMA1.REQUEST_GPDMACH1=GPDMA1_REQUEST_SPI2_TX
GPDMA1.REQUEST_GPDMACH2=GPDMA1_REQUEST_I2C1_RX
GPDMA1.REQUEST_GPDMACH3=GPDMA1_REQUEST_I2C1_TX
GPDMA1.REQUEST_GPDMACH5=GPDMA1_REQUEST_ADF1_FLT0
GPDMA1.SRCDATAWIDTH_GPDMACH5=DMA_SRC_DATAWIDTH_HALFWORD
GPDMA1.SRCINC_GPDMACH1=DMA_SINC_INCREMENTED
GPDMA1.TRANSFERALLOCATEDPORTDEST_GPDMACH5=DMA_DEST_ALLOCATED_PORT1
GPIO.groupedBy=Group By Peripherals
GTZC_S.IPParameters=MPCBB3_SecConfig_array
GTZC_S.MPCBB3_SecConfig_array=00000000\:00000000\:00000000\:00000000\:00000000\:00000000\:00000000\:00000000\:00000000\:00000000\:00000000\:00000000\:00000000\:00000000\:00000000\:00000000\:00000000\:00000000\:00000000\:00000000\:00000000\:00000000\:00000000\:00000000\:00000000\:00000000\:00000000\:00000000\:00000000\:00000000\:00000000\:00000000
I2C1.I2C_Speed_Mode=I2C_Fast
I2C1.IPParameters=Timing,I2C_Speed_Mode
I2C1.Timing=0x00F07BFF
I2C2.I2C_Speed_Mode=I2C_Fast
I2C2.IPParameters=Timing,I2C_Speed_Mode
I2C2.Timing=0x00F07BFF
I2C3.I2C_Speed_Mode=I2C_Fast
I2C3.IPParameters=Timing,I2C_Speed_Mode
I2C3.Timing=0x00F07BFF
I2C4.I2C_Speed_Mode=I2C_Fast
I2C4.IPParameters=Timing,I2C_Speed_Mode
I2C4.Timing=0x00F07BFF
KeepUserPlacement=false
MMTAppReg1.MEMORYMAP.AP=RW_priv_only
MMTAppReg1.MEMORYMAP.AppRegionName=RAM
MMTAppReg1.MEMORYMAP.ContextName=CortexM33S
MMTAppReg1.MEMORYMAP.CoreName=ARM Cortex-M33
MMTAppReg1.MEMORYMAP.DefaultDataRegion=true
MMTAppReg1.MEMORYMAP.IPParameters=StartAddress,Size,CoreName,DefaultDataRegion,Security,ContextName,Name,AP
MMTAppReg1.MEMORYMAP.Name=RAM
MMTAppReg1.MEMORYMAP.Security=S
MMTAppReg1.MEMORYMAP.Size=262144
MMTAppReg1.MEMORYMAP.StartAddress=0x30000000
MMTAppReg10.MEMORYMAP.AppRegionName=RAM (NS) Reserved Alias Region
MMTAppReg10.MEMORYMAP.CoreName=ARM Cortex-M33
MMTAppReg10.MEMORYMAP.DefaultDataRegion=false
MMTAppReg10.MEMORYMAP.IPParameters=StartAddress,Size,CoreName,DefaultDataRegion,ReservedRegion,Name
MMTAppReg10.MEMORYMAP.Name=RAM (NS) Reserved Alias Region
MMTAppReg10.MEMORYMAP.ReservedRegion=true
MMTAppReg10.MEMORYMAP.Size=524288
MMTAppReg10.MEMORYMAP.StartAddress=0x30040000
MMTAppReg11.MEMORYMAP.AppRegionName=RAM (NS) Reserved Alias Region
MMTAppReg11.MEMORYMAP.CoreName=ARM Cortex-M33
MMTAppReg11.MEMORYMAP.DefaultDataRegion=false
MMTAppReg11.MEMORYMAP.IPParameters=StartAddress,Size,CoreName,DefaultDataRegion,ReservedRegion,Name
MMTAppReg11.MEMORYMAP.Name=RAM (NS) Reserved Alias Region
MMTAppReg11.MEMORYMAP.ReservedRegion=true
MMTAppReg11.MEMORYMAP.Size=524288
MMTAppReg11.MEMORYMAP.StartAddress=0x0E040000
MMTAppReg12.MEMORYMAP.AppRegionName=RAM (NS) Reserved Alias Region
MMTAppReg12.MEMORYMAP.CoreName=ARM Cortex-M33
MMTAppReg12.MEMORYMAP.DefaultDataRegion=false
MMTAppReg12.MEMORYMAP.IPParameters=StartAddress,Size,CoreName,DefaultDataRegion,ReservedRegion,Name
MMTAppReg12.MEMORYMAP.Name=RAM (NS) Reserved Alias Region
MMTAppReg12.MEMORYMAP.ReservedRegion=true
MMTAppReg12.MEMORYMAP.Size=524288
MMTAppReg12.MEMORYMAP.StartAddress=0x0A040000
MMTAppReg13.MEMORYMAP.AP=RO_priv_only
MMTAppReg13.MEMORYMAP.AppRegionName=FLASH
MMTAppReg13.MEMORYMAP.Cacheability=WTRA
MMTAppReg13.MEMORYMAP.ContextName=CortexM33NS
MMTAppReg13.MEMORYMAP.CoreName=ARM Cortex-M33
MMTAppReg13.MEMORYMAP.DefaultCodeRegion=true
MMTAppReg13.MEMORYMAP.DefaultDataRegion=false
MMTAppReg13.MEMORYMAP.IPParameters=StartAddress,Size,CoreName,DefaultDataRegion,MemType,ContextName,Name,AP,Cacheability,DefaultCodeRegion,RootBootRegion
MMTAppReg13.MEMORYMAP.MemType=ROM
MMTAppReg13.MEMORYMAP.Name=FLASH
MMTAppReg13.MEMORYMAP.RootBootRegion=true
MMTAppReg13.MEMORYMAP.Size=1048576
MMTAppReg13.MEMORYMAP.StartAddress=0x08100000
MMTAppReg14.MEMORYMAP.AppRegionName=FLASH (NS) Reserved Alias Region
MMTAppReg14.MEMORYMAP.CoreName=ARM Cortex-M33
MMTAppReg14.MEMORYMAP.DefaultDataRegion=false
MMTAppReg14.MEMORYMAP.IPParameters=StartAddress,Size,CoreName,DefaultDataRegion,ReservedRegion,Name
MMTAppReg14.MEMORYMAP.Name=FLASH (NS) Reserved Alias Region
MMTAppReg14.MEMORYMAP.ReservedRegion=true
MMTAppReg14.MEMORYMAP.Size=1048576
MMTAppReg14.MEMORYMAP.StartAddress=0x0C100000
MMTAppReg2.MEMORYMAP.AppRegionName=RAM (S) Reserved Alias Region
MMTAppReg2.MEMORYMAP.CoreName=ARM Cortex-M33
MMTAppReg2.MEMORYMAP.DefaultDataRegion=false
MMTAppReg2.MEMORYMAP.IPParameters=StartAddress,Size,CoreName,DefaultDataRegion,ReservedRegion,Name
MMTAppReg2.MEMORYMAP.Name=RAM (S) Reserved Alias Region
MMTAppReg2.MEMORYMAP.ReservedRegion=true
MMTAppReg2.MEMORYMAP.Size=262144
MMTAppReg2.MEMORYMAP.StartAddress=0x20000000
MMTAppReg3.MEMORYMAP.AppRegionName=RAM (S) Reserved Alias Region
MMTAppReg3.MEMORYMAP.CoreName=ARM Cortex-M33
MMTAppReg3.MEMORYMAP.DefaultDataRegion=false
MMTAppReg3.MEMORYMAP.IPParameters=StartAddress,Size,CoreName,DefaultDataRegion,ReservedRegion,Name
MMTAppReg3.MEMORYMAP.Name=RAM (S) Reserved Alias Region
MMTAppReg3.MEMORYMAP.ReservedRegion=true
MMTAppReg3.MEMORYMAP.Size=262144
MMTAppReg3.MEMORYMAP.StartAddress=0x0E000000
MMTAppReg4.MEMORYMAP.AppRegionName=RAM (S) Reserved Alias Region
MMTAppReg4.MEMORYMAP.CoreName=ARM Cortex-M33
MMTAppReg4.MEMORYMAP.DefaultDataRegion=false
MMTAppReg4.MEMORYMAP.IPParameters=StartAddress,Size,CoreName,DefaultDataRegion,ReservedRegion,Name
MMTAppReg4.MEMORYMAP.Name=RAM (S) Reserved Alias Region
MMTAppReg4.MEMORYMAP.ReservedRegion=true
MMTAppReg4.MEMORYMAP.Size=262144
MMTAppReg4.MEMORYMAP.StartAddress=0x0A000000
MMTAppReg5.MEMORYMAP.AP=RO_priv_only
MMTAppReg5.MEMORYMAP.AppRegionName=FLASH
MMTAppReg5.MEMORYMAP.Cacheability=WTRA
MMTAppReg5.MEMORYMAP.ContextName=CortexM33S
MMTAppReg5.MEMORYMAP.CoreName=ARM Cortex-M33
MMTAppReg5.MEMORYMAP.DefaultCodeRegion=true
MMTAppReg5.MEMORYMAP.DefaultDataRegion=false
MMTAppReg5.MEMORYMAP.IPParameters=StartAddress,Size,CoreName,DefaultDataRegion,MemType,Security,ContextName,Name,AP,Cacheability,DefaultCodeRegion
MMTAppReg5.MEMORYMAP.MemType=ROM
MMTAppReg5.MEMORYMAP.Name=FLASH
MMTAppReg5.MEMORYMAP.Security=S
MMTAppReg5.MEMORYMAP.Size=1040384
MMTAppReg5.MEMORYMAP.StartAddress=0x0C000000
MMTAppReg6.MEMORYMAP.AppRegionName=FLASH (S) Reserved Alias Region
MMTAppReg6.MEMORYMAP.CoreName=ARM Cortex-M33
MMTAppReg6.MEMORYMAP.DefaultDataRegion=false
MMTAppReg6.MEMORYMAP.IPParameters=StartAddress,Size,CoreName,DefaultDataRegion,ReservedRegion,Name
MMTAppReg6.MEMORYMAP.Name=FLASH (S) Reserved Alias Region
MMTAppReg6.MEMORYMAP.ReservedRegion=true
MMTAppReg6.MEMORYMAP.Size=1040384
MMTAppReg6.MEMORYMAP.StartAddress=0x08000000
MMTAppReg7.MEMORYMAP.AP=RO_priv_only
MMTAppReg7.MEMORYMAP.AppRegionName=FLASH_NSC
MMTAppReg7.MEMORYMAP.Cacheability=WTRA
MMTAppReg7.MEMORYMAP.ContextName=CortexM33S
MMTAppReg7.MEMORYMAP.CoreName=ARM Cortex-M33
MMTAppReg7.MEMORYMAP.DefaultDataRegion=true
MMTAppReg7.MEMORYMAP.IPParameters=StartAddress,Size,CoreName,DefaultDataRegion,MemType,Security,ContextName,Name,AP,Cacheability
MMTAppReg7.MEMORYMAP.MemType=ROM
MMTAppReg7.MEMORYMAP.Name=FLASH_NSC
MMTAppReg7.MEMORYMAP.Security=NSC
MMTAppReg7.MEMORYMAP.Size=8192
MMTAppReg7.MEMORYMAP.StartAddress=0x0C0FE000
MMTAppReg8.MEMORYMAP.AppRegionName=FLASH_NSC (S) Reserved Alias Region
MMTAppReg8.MEMORYMAP.CoreName=ARM Cortex-M33
MMTAppReg8.MEMORYMAP.DefaultDataRegion=false
MMTAppReg8.MEMORYMAP.IPParameters=StartAddress,Size,CoreName,DefaultDataRegion,ReservedRegion,Name
MMTAppReg8.MEMORYMAP.Name=FLASH_NSC (S) Reserved Alias Region
MMTAppReg8.MEMORYMAP.ReservedRegion=true
MMTAppReg8.MEMORYMAP.Size=8192
MMTAppReg8.MEMORYMAP.StartAddress=0x080FE000
MMTAppReg9.MEMORYMAP.AP=RW_priv_only
MMTAppReg9.MEMORYMAP.AppRegionName=RAM
MMTAppReg9.MEMORYMAP.ContextName=CortexM33NS
MMTAppReg9.MEMORYMAP.CoreName=ARM Cortex-M33
MMTAppReg9.MEMORYMAP.DefaultDataRegion=true
MMTAppReg9.MEMORYMAP.IPParameters=StartAddress,Size,CoreName,DefaultDataRegion,ContextName,Name,AP
MMTAppReg9.MEMORYMAP.Name=RAM
MMTAppReg9.MEMORYMAP.Size=524288
MMTAppReg9.MEMORYMAP.StartAddress=0x20040000
MMTAppRegionsCount=14
MMTConfigApplied=false
Mcu.CPN=STM32U585AII6Q
Mcu.Context0=CortexM33S
Mcu.Context1=CortexM33NS
Mcu.ContextNb=2
Mcu.ContextProject=TrustZoneEnabled
Mcu.Family=STM32U5
Mcu.IP0=ADF1
Mcu.IP1=CORTEX_M33_NS
Mcu.IP10=ICACHE
Mcu.IP11=LPBAM
Mcu.IP12=LPBAMQUEUE
Mcu.IP13=MEMORYMAP
Mcu.IP14=NVIC2
Mcu.IP15=NVIC1
Mcu.IP16=PWR
Mcu.IP17=RCC
Mcu.IP18=RNG
Mcu.IP19=RTC
Mcu.IP2=CORTEX_M33_S
Mcu.IP20=SAI1
Mcu.IP21=SDMMC1
Mcu.IP22=SPI1
Mcu.IP23=SPI2
Mcu.IP24=SPI3
Mcu.IP25=SYS
Mcu.IP26=SYS_S
Mcu.IP27=UART4
Mcu.IP28=USART2
Mcu.IP29=USB_OTG_FS
Mcu.IP3=DEBUG
Mcu.IP4=GPDMA1
Mcu.IP5=GTZC_S
Mcu.IP6=I2C1
Mcu.IP7=I2C2
Mcu.IP8=I2C3
Mcu.IP9=I2C4
Mcu.IPNb=30
Mcu.Name=STM32U585AIIxQ
Mcu.Package=UFBGA169
Mcu.Pin0=PE2
Mcu.Pin1=PI6
Mcu.Pin10=PH12
Mcu.Pin100=VP_ICACHE_VS_SECURE_ICACHE_REG
Mcu.Pin101=VP_LPBAMQUEUE_VS_QUEUE
Mcu.Pin102=VP_PWR_VS_DBSignals
Mcu.Pin103=VP_PWR_VS_SECSignals
Mcu.Pin104=VP_PWR_VS_LPOM
Mcu.Pin105=VP_RNG_VS_RNG
Mcu.Pin106=VP_RTC_VS_RTC_Activate
Mcu.Pin107=VP_RTC_VS_RTC_Calendar
Mcu.Pin108=VP_SYS_VS_Systick
Mcu.Pin109=VP_SYS_S_VS_Systick
Mcu.Pin11=PE4
Mcu.Pin110=VP_LPBAM_VS_SIG1
Mcu.Pin111=VP_LPBAM_VS_SIG4
Mcu.Pin112=VP_MEMORYMAP_VS_MEMORYMAP
Mcu.Pin12=PI7
Mcu.Pin13=PE1
Mcu.Pin14=PB5
Mcu.Pin15=PG10
Mcu.Pin16=PD4
Mcu.Pin17=PC10
Mcu.Pin18=PA14 (JTCK/SWCLK)
Mcu.Pin19=PH10
Mcu.Pin2=PG15
Mcu.Pin20=PC14-OSC32_IN (PC14)
Mcu.Pin21=PE5
Mcu.Pin22=PE3
Mcu.Pin23=PE0
Mcu.Pin24=PB9
Mcu.Pin25=PB3 (JTDO/TRACESWO)
Mcu.Pin26=PD3
Mcu.Pin27=PH11
Mcu.Pin28=PI3
Mcu.Pin29=PI2
Mcu.Pin3=PG9
Mcu.Pin30=PH8
Mcu.Pin31=PC15-OSC32_OUT (PC15)
Mcu.Pin32=PC13
Mcu.Pin33=PE6
Mcu.Pin34=PB8
Mcu.Pin35=PG12
Mcu.Pin36=PD5
Mcu.Pin37=PC12
Mcu.Pin38=PF8
Mcu.Pin39=PF2
Mcu.Pin4=PC11
Mcu.Pin40=PB7
Mcu.Pin41=PD1
Mcu.Pin42=PD2
Mcu.Pin43=PA10
Mcu.Pin44=PA13 (JTMS/SWDIO)
Mcu.Pin45=PA12
Mcu.Pin46=PF7
Mcu.Pin47=PF9
Mcu.Pin48=PA8
Mcu.Pin49=PG7
Mcu.Pin5=PA15 (JTDI)
Mcu.Pin50=PC9
Mcu.Pin51=PC8
Mcu.Pin52=PA9
Mcu.Pin53=PC7
Mcu.Pin54=PA11
Mcu.Pin55=PH0-OSC_IN (PH0)
Mcu.Pin56=PF10
Mcu.Pin57=PF6
Mcu.Pin58=PG1
Mcu.Pin59=PE10
Mcu.Pin6=PI1
Mcu.Pin60=PG8
Mcu.Pin61=PG6
Mcu.Pin62=PC6
Mcu.Pin63=PH1-OSC_OUT (PH1)
Mcu.Pin64=PC0
Mcu.Pin65=PC1
Mcu.Pin66=PA7
Mcu.Pin67=PE9
Mcu.Pin68=PC3
Mcu.Pin69=PA0
Mcu.Pin7=PI5
Mcu.Pin70=PA5
Mcu.Pin71=PB0
Mcu.Pin72=PE8
Mcu.Pin73=PB10
Mcu.Pin74=PD12
Mcu.Pin75=PD13
Mcu.Pin76=PG2
Mcu.Pin77=PA1
Mcu.Pin78=PE7
Mcu.Pin79=PE13
Mcu.Pin8=PB6
Mcu.Pin80=PB11
Mcu.Pin81=PB12
Mcu.Pin82=PB15
Mcu.Pin83=PA2
Mcu.Pin84=PC5
Mcu.Pin85=PE15
Mcu.Pin86=PB14
Mcu.Pin87=PA4
Mcu.Pin88=PA6
Mcu.Pin89=PB1
Mcu.Pin9=PI0
Mcu.Pin90=PF15
Mcu.Pin91=PE12
Mcu.Pin92=PB13
Mcu.Pin93=VP_GPDMA1_VS_GPDMACH0
Mcu.Pin94=VP_GPDMA1_VS_GPDMACH1
Mcu.Pin95=VP_GPDMA1_VS_GPDMACH2
Mcu.Pin96=VP_GPDMA1_VS_GPDMACH3
Mcu.Pin97=VP_GPDMA1_VS_GPDMACH5
Mcu.Pin98=VP_GTZC_S_VS_GTZC_Enable
Mcu.Pin99=VP_ICACHE_VS_ICACHE
Mcu.PinsNb=113
Mcu.ThirdPartyNb=0
Mcu.UserConstants=
Mcu.UserName=STM32U585AIIxQ
MxCube.Version=6.10.0
MxDb.Version=DB.6.0.100
NVIC1.BFHFNMINS=0
NVIC1.BusFault_IRQn=true\:0\:0\:false\:false\:true\:false\:false\:false
NVIC1.DebugMonitor_IRQn=true\:0\:0\:false\:false\:true\:false\:false\:false
NVIC1.ForceEnableDMAVector=true
NVIC1.HardFault_IRQn=true\:0\:0\:false\:false\:true\:false\:false\:false
NVIC1.MemoryManagement_IRQn=true\:0\:0\:false\:false\:true\:false\:false\:false
NVIC1.NonMaskableInt_IRQn=true\:0\:0\:false\:false\:true\:false\:false\:false
NVIC1.PRIS=0
NVIC1.PendSV_IRQn=true\:0\:0\:false\:false\:true\:false\:false\:false
NVIC1.PriorityGroup=NVIC_PRIORITYGROUP_4
NVIC1.SVCall_IRQn=true\:0\:0\:false\:false\:true\:false\:false\:false
NVIC1.SecureFault_IRQn=true\:0\:0\:false\:false\:true\:false\:false\:false
NVIC1.SysTick_IRQn=true\:15\:0\:false\:false\:true\:false\:true\:false
NVIC1.UsageFault_IRQn=true\:0\:0\:false\:false\:true\:false\:false\:false
NVIC2.BFHFNMINS=0
NVIC2.ForceEnableDMAVector=true
NVIC2.GPDMA1_Channel0_IRQn=true\:0\:0\:false\:false\:true\:false\:true\:true
NVIC2.GPDMA1_Channel1_IRQn=true\:0\:0\:false\:false\:true\:false\:true\:true
NVIC2.GPDMA1_Channel2_IRQn=true\:0\:0\:false\:false\:true\:false\:true\:true
NVIC2.GPDMA1_Channel3_IRQn=true\:0\:0\:false\:false\:true\:false\:true\:true
NVIC2.GPDMA1_Channel5_IRQn=true\:0\:0\:false\:false\:true\:false\:true\:true
NVIC2.I2C1_ER_IRQn=true\:0\:0\:false\:false\:true\:true\:true\:true
NVIC2.I2C1_EV_IRQn=true\:0\:0\:false\:false\:true\:true\:true\:true
NVIC2.I2C2_ER_IRQn=true\:0\:0\:false\:false\:true\:true\:true\:true
NVIC2.I2C2_EV_IRQn=true\:0\:0\:false\:false\:true\:true\:true\:true
NVIC2.I2C4_ER_IRQn=true\:0\:0\:false\:false\:true\:true\:true\:true
NVIC2.I2C4_EV_IRQn=true\:0\:0\:false\:false\:true\:true\:true\:true
NVIC2.MemoryManagement_IRQn=true\:0\:0\:false\:false\:true\:false\:false\:false
NVIC2.PRIS=0
NVIC2.PendSV_IRQn=true\:0\:0\:false\:false\:true\:false\:false\:false
NVIC2.PriorityGroup=NVIC_PRIORITYGROUP_4
NVIC2.SPI2_IRQn=true\:0\:0\:false\:false\:true\:true\:true\:true
NVIC2.SVCall_IRQn=true\:0\:0\:false\:false\:true\:false\:false\:false
NVIC2.SysTick_IRQn=true\:15\:0\:false\:false\:true\:false\:true\:false
NVIC2.UsageFault_IRQn=true\:0\:0\:false\:false\:true\:false\:false\:false
PA0.GPIOParameters=PinAttribute
PA0.Locked=true
PA0.Mode=Asynchronous
PA0.PinAttribute=CortexM33NS
PA0.Signal=UART4_TX
PA1.GPIOParameters=PinAttribute
PA1.Mode=Asynchronous
PA1.PinAttribute=CortexM33NS
PA1.Signal=UART4_RX
PA10.GPIOParameters=PinAttribute
PA10.Locked=true
PA10.Mode=SAI_A_MasterWithClock
PA10.PinAttribute=CortexM33NS
PA10.Signal=SAI1_SD_A
PA11.GPIOParameters=PinAttribute
PA11.Locked=true
PA11.Mode=Device_Only
PA11.PinAttribute=CortexM33NS
PA11.Signal=USB_OTG_FS_DM
PA12.GPIOParameters=PinAttribute
PA12.Mode=Device_Only
PA12.PinAttribute=CortexM33NS
PA12.Signal=USB_OTG_FS_DP
PA13\ (JTMS/SWDIO).GPIOParameters=PinAttribute
PA13\ (JTMS/SWDIO).Mode=Trace_Asynchronous_SW
PA13\ (JTMS/SWDIO).PinAttribute=CortexM33NS
PA13\ (JTMS/SWDIO).Signal=DEBUG_JTMS-SWDIO
PA14\ (JTCK/SWCLK).GPIOParameters=PinAttribute
PA14\ (JTCK/SWCLK).Mode=Trace_Asynchronous_SW
PA14\ (JTCK/SWCLK).PinAttribute=CortexM33NS
PA14\ (JTCK/SWCLK).Signal=DEBUG_JTCK-SWCLK
PA15\ (JTDI).GPIOParameters=PinAttribute
PA15\ (JTDI).Mode=Asynchronous
PA15\ (JTDI).PinAttribute=CortexM33NS
PA15\ (JTDI).Signal=USART2_RX
PA2.GPIOParameters=GPIO_Label,PinAttribute
PA2.GPIO_Label=BLE_SPI_CS
PA2.Locked=true
PA2.PinAttribute=Free
PA2.Signal=GPIO_Output
PA4.GPIOParameters=GPIO_Label,PinAttribute
PA4.GPIO_Label=IMU_INT1
PA4.Locked=true
PA4.PinAttribute=Free
PA4.Signal=GPXTI4
PA5.GPIOParameters=GPIO_Speed,GPIO_PuPd,PinAttribute
PA5.GPIO_PuPd=GPIO_PULLUP
PA5.GPIO_Speed=GPIO_SPEED_FREQ_HIGH
PA5.Mode=Full_Duplex_Master
PA5.PinAttribute=CortexM33NS
PA5.Signal=SPI1_SCK
PA6.GPIOParameters=GPIO_Speed,PinAttribute
PA6.GPIO_Speed=GPIO_SPEED_FREQ_HIGH
PA6.Locked=true
PA6.Mode=Full_Duplex_Master
PA6.PinAttribute=CortexM33NS
PA6.Signal=SPI1_MISO
PA7.GPIOParameters=GPIO_Speed,PinAttribute
PA7.GPIO_Speed=GPIO_SPEED_FREQ_HIGH
PA7.Locked=true
PA7.Mode=Full_Duplex_Master
PA7.PinAttribute=CortexM33NS
PA7.Signal=SPI1_MOSI
PA8.GPIOParameters=PinAttribute
PA8.Locked=true
PA8.Mode=SAI_A_MasterWithClock
PA8.PinAttribute=CortexM33NS
PA8.Signal=SAI1_SCK_A
PA9.GPIOParameters=PinAttribute
PA9.Locked=true
PA9.Mode=SAI_A_MasterWithClock
PA9.PinAttribute=CortexM33NS
PA9.Signal=SAI1_FS_A
PB0.GPIOParameters=GPIO_Label
PB0.GPIO_Label=VBATT
PB0.Locked=true
PB0.Signal=ADC1_IN15
PB1.GPIOParameters=PinAttribute
PB1.Locked=true
PB1.PinAttribute=Free
PB1.Signal=GPIO_Input
PB10.Locked=true
PB10.Signal=S_TIM2_CH3
PB11.GPIOParameters=GPIO_Label,PinAttribute
PB11.GPIO_Label=BLE_INT
PB11.Locked=true
PB11.PinAttribute=Free
PB11.Signal=GPXTI11
PB12.GPIOParameters=GPIO_Label,PinAttribute
PB12.GPIO_Label=MDF1_SDI1
PB12.Locked=true
PB12.PinAttribute=Free
PB12.Signal=GPIO_Input
PB13.GPIOParameters=PinAttribute
PB13.Locked=true
PB13.Mode=I2C
PB13.PinAttribute=CortexM33NS
PB13.Signal=I2C2_SCL
PB14.GPIOParameters=PinAttribute
PB14.Locked=true
PB14.Mode=I2C
PB14.PinAttribute=CortexM33NS
PB14.Signal=I2C2_SDA
PB15.GPIOParameters=GPIO_Label,PinAttribute
PB15.GPIO_Label=TEMP_INT
PB15.Locked=true
PB15.PinAttribute=Free
PB15.Signal=GPIO_Input
PB3\ (JTDO/TRACESWO).GPIOParameters=PinAttribute
PB3\ (JTDO/TRACESWO).Mode=Trace_Asynchronous_SW
PB3\ (JTDO/TRACESWO).PinAttribute=CortexM33NS
PB3\ (JTDO/TRACESWO).Signal=DEBUG_JTDO-SWO
PB5.GPIOParameters=GPIO_Speed,PinAttribute
PB5.GPIO_Speed=GPIO_SPEED_FREQ_HIGH
PB5.Locked=true
PB5.Mode=Full_Duplex_Master
PB5.PinAttribute=CortexM33NS
PB5.Signal=SPI3_MOSI
PB6.GPIOParameters=PinAttribute
PB6.Mode=I2C
PB6.PinAttribute=CortexM33NS
PB6.Signal=I2C1_SCL
PB7.GPIOParameters=PinAttribute
PB7.Mode=I2C
PB7.PinAttribute=CortexM33NS
PB7.Signal=I2C1_SDA
PB8.GPIOParameters=PinAttribute
PB8.Mode=SD_4_bits_Wide_bus_dir_voltage_converter
PB8.PinAttribute=CortexM33NS
PB8.Signal=SDMMC1_CKIN
PB9.GPIOParameters=PinAttribute
PB9.Mode=SD_4_bits_Wide_bus_dir_voltage_converter
PB9.PinAttribute=CortexM33NS
PB9.Signal=SDMMC1_CDIR
PC0.GPIOParameters=GPIO_Label,PinAttribute
PC0.GPIO_Label=LOCK_1v8
PC0.Locked=true
PC0.PinAttribute=Free
PC0.Signal=GPIO_Input
PC1.GPIOParameters=GPIO_Label,PinAttribute
PC1.GPIO_Label=BUTTON_PWR
PC1.Locked=true
PC1.PinAttribute=Free
PC1.Signal=GPXTI1
PC10.GPIOParameters=PinAttribute
PC10.Mode=SD_4_bits_Wide_bus_dir_voltage_converter
PC10.PinAttribute=CortexM33NS
PC10.Signal=SDMMC1_D2
PC11.GPIOParameters=PinAttribute
PC11.Mode=SD_4_bits_Wide_bus_dir_voltage_converter
PC11.PinAttribute=CortexM33NS
PC11.Signal=SDMMC1_D3
PC12.GPIOParameters=PinAttribute
PC12.Mode=SD_4_bits_Wide_bus_dir_voltage_converter
PC12.PinAttribute=CortexM33NS
PC12.Signal=SDMMC1_CK
PC13.GPIOParameters=GPIO_Label,PinAttribute
PC13.GPIO_Label=SW1
PC13.Locked=true
PC13.PinAttribute=Free
PC13.Signal=GPXTI13
PC14-OSC32_IN\ (PC14).GPIOParameters=PinAttribute
PC14-OSC32_IN\ (PC14).Mode=LSE-External-Oscillator
PC14-OSC32_IN\ (PC14).PinAttribute=CortexM33S
PC14-OSC32_IN\ (PC14).Signal=RCC_OSC32_IN
PC15-OSC32_OUT\ (PC15).GPIOParameters=PinAttribute
PC15-OSC32_OUT\ (PC15).Mode=LSE-External-Oscillator
PC15-OSC32_OUT\ (PC15).PinAttribute=CortexM33S
PC15-OSC32_OUT\ (PC15).Signal=RCC_OSC32_OUT
PC3.GPIOParameters=PinAttribute
PC3.Locked=true
PC3.PinAttribute=Free
PC3.Signal=GPIO_Output
PC5.GPIOParameters=GPIO_Label,PinAttribute
PC5.GPIO_Label=SD_DETECT
PC5.Locked=true
PC5.PinAttribute=Free
PC5.Signal=GPXTI5
PC6.GPIOParameters=PinAttribute
PC6.Mode=SD_4_bits_Wide_bus_dir_voltage_converter
PC6.PinAttribute=CortexM33NS
PC6.Signal=SDMMC1_D0DIR
PC7.GPIOParameters=PinAttribute
PC7.Mode=SD_4_bits_Wide_bus_dir_voltage_converter
PC7.PinAttribute=CortexM33NS
PC7.Signal=SDMMC1_D123DIR
PC8.GPIOParameters=PinAttribute
PC8.Mode=SD_4_bits_Wide_bus_dir_voltage_converter
PC8.PinAttribute=CortexM33NS
PC8.Signal=SDMMC1_D0
PC9.GPIOParameters=PinAttribute
PC9.Mode=SD_4_bits_Wide_bus_dir_voltage_converter
PC9.PinAttribute=CortexM33NS
PC9.Signal=SDMMC1_D1
PD1.GPIOParameters=GPIO_Label,PinAttribute
PD1.GPIO_Label=BT_BOOT
PD1.Locked=true
PD1.PinAttribute=Free
PD1.Signal=GPIO_Output
PD12.GPIOParameters=PinAttribute
PD12.Locked=true
PD12.Mode=I2C
PD12.PinAttribute=CortexM33NS
PD12.Signal=I2C4_SCL
PD13.GPIOParameters=PinAttribute
PD13.Locked=true
PD13.Mode=I2C
PD13.PinAttribute=CortexM33NS
PD13.Signal=I2C4_SDA
PD2.GPIOParameters=PinAttribute
PD2.Mode=SD_4_bits_Wide_bus_dir_voltage_converter
PD2.PinAttribute=CortexM33NS
PD2.Signal=SDMMC1_CMD
PD3.GPIOParameters=GPIO_Label,PinAttribute
PD3.GPIO_Label=MDF1_SDI0
PD3.Locked=true
PD3.PinAttribute=Free
PD3.Signal=GPIO_Input
PD4.GPIOParameters=GPIO_Label,PinAttribute
PD4.GPIO_Label=BLE_RST
PD4.Locked=true
PD4.PinAttribute=Free
PD4.Signal=GPIO_Output
PD5.GPIOParameters=PinAttribute
PD5.Locked=true
PD5.Mode=Asynchronous
PD5.PinAttribute=CortexM33NS
PD5.Signal=USART2_TX
PE0.GPIOParameters=GPIO_Label,PinAttribute
PE0.GPIO_Label=SW2
PE0.PinAttribute=Free
PE0.Signal=GPXTI0
PE1.GPIOParameters=GPIO_Label,PinAttribute
PE1.GPIO_Label=V_BT_E1
PE1.Locked=true
PE1.PinAttribute=Free
PE1.Signal=GPIO_Output
PE10.GPIOParameters=PinAttribute
PE10.Locked=true
PE10.Mode=MOD_ADF_CCK
PE10.PinAttribute=CortexM33NS
PE10.Signal=ADF1_SDI0
PE12.GPIOParameters=GPIO_Label,PinAttribute
PE12.GPIO_Label=NFC_GPO
PE12.Locked=true
PE12.PinAttribute=Free
PE12.Signal=GPXTI12
PE13.Locked=true
PE13.Signal=S_TIM1_CH3
PE15.GPIOParameters=GPIO_Label,PinAttribute
PE15.GPIO_Label=LDO_EN
PE15.Locked=true
PE15.PinAttribute=Free
PE15.Signal=GPIO_Analog
PE2.GPIOParameters=PinAttribute
PE2.Mode=SAI_A_MasterWithClock
PE2.PinAttribute=CortexM33NS
PE2.Signal=SAI1_MCLK_A
PE3.GPIOParameters=GPIO_Label,PinAttribute
PE3.GPIO_Label=WC_INTB
PE3.Locked=true
PE3.PinAttribute=Free
PE3.Signal=GPXTI3
PE4.GPIOParameters=GPIO_Label,PinAttribute
PE4.GPIO_Label=MDF1_SDI3
PE4.Locked=true
PE4.PinAttribute=Free
PE4.Signal=GPIO_Input
PE5.GPIOParameters=GPIO_Label,PinAttribute
PE5.GPIO_Label=GPIO_JP4
PE5.Locked=true
PE5.PinAttribute=Free
PE5.Signal=GPIO_Input
PE6.GPIOParameters=GPIO_Label,PinAttribute
PE6.GPIO_Label=MAG_DRDY
PE6.Locked=true
PE6.PinAttribute=Free
PE6.Signal=GPXTI6
PE7.GPIOParameters=GPIO_Label,PinAttribute
PE7.GPIO_Label=MDF1_SDI2
PE7.Locked=true
PE7.PinAttribute=Free
PE7.Signal=GPIO_Input
PE8.GPIOParameters=GPIO_Label,PinAttribute
PE8.GPIO_Label=PRESS_INT
PE8.Locked=true
PE8.PinAttribute=Free
PE8.Signal=GPXTI8
PE9.GPIOParameters=PinAttribute
PE9.Mode=MOD_MDF_CCK0
PE9.PinAttribute=CortexM33NS
PE9.Signal=ADF1_CCK0
PF10.GPIOParameters=GPIO_Label,PinAttribute
PF10.GPIO_Label=MDF1_CCK
PF10.Locked=true
PF10.PinAttribute=Free
PF10.Signal=GPIO_Input
PF15.GPIOParameters=GPIO_Label,PinAttribute
PF15.GPIO_Label=ACC_INT2
PF15.Locked=true
PF15.PinAttribute=Free
PF15.Signal=GPXTI15
PF2.GPIOParameters=GPIO_Label,PinAttribute
PF2.GPIO_Label=ACC_INT1
PF2.Locked=true
PF2.PinAttribute=Free
PF2.Signal=GPXTI2
PF6.GPIOParameters=GPIO_Label,PinAttribute
PF6.GPIO_Label=LED1
PF6.Locked=true
PF6.PinAttribute=Free
PF6.Signal=GPIO_Output
PF7.GPIOParameters=GPIO_Label,PinAttribute
PF7.GPIO_Label=WC_RSTB
PF7.Locked=true
PF7.PinAttribute=Free
PF7.Signal=GPIO_Input
PF8.GPIOParameters=GPIO_Label,PinAttribute
PF8.GPIO_Label=SW_ON
PF8.Locked=true
PF8.PinAttribute=Free
PF8.Signal=GPIO_Input
PF9.GPIOParameters=GPIO_Label,PinAttribute
PF9.GPIO_Label=USB_ENUM_LED
PF9.Locked=true
PF9.PinAttribute=Free
PF9.Signal=GPIO_Output
PG1.GPIOParameters=GPIO_Label,PinAttribute
PG1.GPIO_Label=SPI_DUT_CS
PG1.Locked=true
PG1.PinAttribute=Free
PG1.Signal=GPIO_Output
PG10.GPIOParameters=GPIO_Speed,PinAttribute
PG10.GPIO_Speed=GPIO_SPEED_FREQ_HIGH
PG10.Mode=Full_Duplex_Master
PG10.PinAttribute=CortexM33NS
PG10.Signal=SPI3_MISO
PG12.GPIOParameters=GPIO_Label,PinAttribute
PG12.GPIO_Label=SPI_DUT_CS2
PG12.Locked=true
PG12.PinAttribute=Free
PG12.Signal=GPIO_Output
PG15.GPIOParameters=GPIO_Label,PinAttribute
PG15.GPIO_Label=WIFI_FLOW[EMW3080_GPIO13]
PG15.Locked=true
PG15.PinAttribute=Free
PG15.Signal=GPIO_Analog
PG2.GPIOParameters=GPIO_Label,PinAttribute
PG2.GPIO_Label=DIL_INT1
PG2.Locked=true
PG2.PinAttribute=Free
PG2.Signal=GPIO_Input
PG6.GPIOParameters=GPIO_Label,PinAttribute
PG6.GPIO_Label=DIL_INT2
PG6.Locked=true
PG6.PinAttribute=Free
PG6.Signal=GPIO_Analog
PG7.GPIOParameters=PinAttribute
PG7.Locked=true
PG7.Mode=I2C
PG7.PinAttribute=CortexM33NS
PG7.Signal=I2C3_SCL
PG8.GPIOParameters=PinAttribute
PG8.Locked=true
PG8.Mode=I2C
PG8.PinAttribute=CortexM33NS
PG8.Signal=I2C3_SDA
PG9.GPIOParameters=GPIO_Speed,GPIO_PuPd,PinAttribute
PG9.GPIO_PuPd=GPIO_PULLUP
PG9.GPIO_Speed=GPIO_SPEED_FREQ_HIGH
PG9.Mode=Full_Duplex_Master
PG9.PinAttribute=CortexM33NS
PG9.Signal=SPI3_SCK
PH0-OSC_IN\ (PH0).GPIOParameters=PinAttribute
PH0-OSC_IN\ (PH0).Mode=HSE-External-Oscillator
PH0-OSC_IN\ (PH0).PinAttribute=CortexM33S
PH0-OSC_IN\ (PH0).Signal=RCC_OSC_IN
PH1-OSC_OUT\ (PH1).GPIOParameters=PinAttribute
PH1-OSC_OUT\ (PH1).Mode=HSE-External-Oscillator
PH1-OSC_OUT\ (PH1).PinAttribute=CortexM33S
PH1-OSC_OUT\ (PH1).Signal=RCC_OSC_OUT
PH10.GPIOParameters=GPIO_Label,PinAttribute
PH10.GPIO_Label=EN_SD
PH10.Locked=true
PH10.PinAttribute=Free
PH10.Signal=GPIO_Output
PH11.GPIOParameters=GPIO_Label,PinAttribute
PH11.GPIO_Label=LED2
PH11.Locked=true
PH11.PinAttribute=Free
PH11.Signal=GPIO_Output
PH12.GPIOParameters=GPIO_Label,PinAttribute
PH12.GPIO_Label=LED3
PH12.Locked=true
PH12.PinAttribute=Free
PH12.Signal=GPIO_Output
PH8.GPIOParameters=GPIO_Label,PinAttribute
PH8.GPIO_Label=SEL_SD_V
PH8.Locked=true
PH8.PinAttribute=Free
PH8.Signal=GPIO_Output
PI0.GPIOParameters=GPIO_Label,PinAttribute
PI0.GPIO_Label=MCU_SEL
PI0.Locked=true
PI0.PinAttribute=Free
PI0.Signal=GPIO_Output
PI1.GPIOParameters=GPIO_Speed,GPIO_PuPd,PinAttribute
PI1.GPIO_PuPd=GPIO_PULLUP
PI1.GPIO_Speed=GPIO_SPEED_FREQ_HIGH
PI1.Locked=true
PI1.Mode=Full_Duplex_Master
PI1.PinAttribute=CortexM33NS
PI1.Signal=SPI2_SCK
PI2.GPIOParameters=GPIO_Speed,PinAttribute
PI2.GPIO_Speed=GPIO_SPEED_FREQ_HIGH
PI2.Locked=true
PI2.Mode=Full_Duplex_Master
PI2.PinAttribute=CortexM33NS
PI2.Signal=SPI2_MISO
PI3.GPIOParameters=GPIO_Speed,PinAttribute
PI3.GPIO_Speed=GPIO_SPEED_FREQ_HIGH
PI3.Locked=true
PI3.Mode=Full_Duplex_Master
PI3.PinAttribute=CortexM33NS
PI3.Signal=SPI2_MOSI
PI5.GPIOParameters=GPIO_Label,PinAttribute
PI5.GPIO_Label=SPI_SEN_CS_G
PI5.Locked=true
PI5.PinAttribute=Free
PI5.Signal=GPIO_Output
PI6.GPIOParameters=GPIO_Label,PinAttribute
PI6.GPIO_Label=V4_GOOD
PI6.Locked=true
PI6.PinAttribute=Free
PI6.Signal=GPIO_Output
PI7.GPIOParameters=GPIO_Label,PinAttribute
PI7.GPIO_Label=SPI_SEN_CS_A
PI7.Locked=true
PI7.PinAttribute=Free
PI7.Signal=GPIO_Output
PWR.IPParameters=PowerMode
PWR.PowerMode=PWR_SMPS_SUPPLY
PinOutPanel.CurrentBGAView=Top
PinOutPanel.RotationAngle=0
RCC.ADCFreq_Value=16000000
RCC.ADF1Freq_Value=15360000
RCC.AHBFreq_Value=160000000
RCC.APB1Freq_Value=160000000
RCC.APB1TimFreq_Value=160000000
RCC.APB2Freq_Value=160000000
RCC.APB2TimFreq_Value=160000000
RCC.APB3Freq_Value=160000000
RCC.AdfClockSelection=RCC_ADF1CLKSOURCE_PLL3
RCC.CK48Freq_Value=48000000
RCC.CRSFreq_Value=48000000
RCC.CortexFreq_Value=160000000
RCC.DACFreq_Value=32000
RCC.EPOD_VALUE=16000000
RCC.FCLKCortexFreq_Value=160000000
RCC.FDCANFreq_Value=80000000
RCC.FamilyName=M
RCC.HCLKFreq_Value=160000000
RCC.HSE_VALUE=16000000
RCC.HSI48_VALUE=48000000
RCC.HSI_VALUE=16000000
RCC.I2C1Freq_Value=160000000
RCC.I2C2Freq_Value=160000000
RCC.I2C3Freq_Value=160000000
RCC.I2C4Freq_Value=160000000
RCC.IPParameters=ADCFreq_Value,ADF1Freq_Value,AHBFreq_Value,APB1Freq_Value,APB1TimFreq_Value,APB2Freq_Value,APB2TimFreq_Value,APB3Freq_Value,AdfClockSelection,CK48Freq_Value,CRSFreq_Value,CortexFreq_Value,DACFreq_Value,EPOD_VALUE,FCLKCortexFreq_Value,FDCANFreq_Value,FamilyName,HCLKFreq_Value,HSE_VALUE,HSI48_VALUE,HSI_VALUE,I2C1Freq_Value,I2C2Freq_Value,I2C3Freq_Value,I2C4Freq_Value,LPTIM2Freq_Value,LPUART1Freq_Value,LSCOPinFreq_Value,LSIDIV_VALUE,LSI_VALUE,MCO1PinFreq_Value,MDF1Freq_Value,MSI_VALUE,OCTOSPIMFreq_Value,PLL1P,PLL1R,PLL2FRACN,PLL2M,PLL2N,PLL2PoutputFreq_Value,PLL2Q,PLL2QoutputFreq_Value,PLL2RoutputFreq_Value,PLL2Source,PLL3FRACN,PLL3M,PLL3N,PLL3PoutputFreq_Value,PLL3Q,PLL3QoutputFreq_Value,PLL3RoutputFreq_Value,PLL3Source,PLLFRACN,PLLN,PLLPoutputFreq_Value,PLLQoutputFreq_Value,PLLRCLKFreq_Value,PLLSourceVirtual,RNGFreq_Value,SAESFreq_Value,SAI1CLockSelection,SAI1Freq_Value,SAI2Freq_Value,SDMMCClockSelection,SDMMCFreq_Value,SPI1Freq_Value,SPI2CLockSelection,SPI2Freq_Value,SPI3CLockSelection,SPI3Freq_Value,SYSCLKFreq_VALUE,SYSCLKSource,UART4Freq_Value,UART5Freq_Value,USART1Freq_Value,USART2Freq_Value,USART3Freq_Value,USBFreq_Value,VCOInput2Freq_Value,VCOInput3Freq_Value,VCOInputFreq_Value,VCOOutputFreq_Value,VCOPLL2OutputFreq_Value,VCOPLL3OutputFreq_Value
RCC.LPTIM2Freq_Value=160000000
RCC.LPUART1Freq_Value=160000000
RCC.LSCOPinFreq_Value=32000
RCC.LSIDIV_VALUE=32000
RCC.LSI_VALUE=32000
RCC.MCO1PinFreq_Value=160000000
RCC.MDF1Freq_Value=160000000
RCC.MSI_VALUE=4000000
RCC.OCTOSPIMFreq_Value=160000000
RCC.PLL1P=1
RCC.PLL1R=1
RCC.PLL2FRACN=0
RCC.PLL2M=2
RCC.PLL2N=48
RCC.PLL2PoutputFreq_Value=192000000
RCC.PLL2Q=7
RCC.PLL2QoutputFreq_Value=54857142.85714286
RCC.PLL2RoutputFreq_Value=192000000
RCC.PLL2Source=RCC_PLLSOURCE_HSE
RCC.PLL3FRACN=0
RCC.PLL3M=2
RCC.PLL3N=48
RCC.PLL3PoutputFreq_Value=192000000
RCC.PLL3Q=25
RCC.PLL3QoutputFreq_Value=15360000
RCC.PLL3RoutputFreq_Value=192000000
RCC.PLL3Source=RCC_PLLSOURCE_HSE
RCC.PLLFRACN=0
RCC.PLLN=10
RCC.PLLPoutputFreq_Value=160000000
RCC.PLLQoutputFreq_Value=80000000
RCC.PLLRCLKFreq_Value=160000000
RCC.PLLSourceVirtual=RCC_PLLSOURCE_HSE
RCC.RNGFreq_Value=48000000
RCC.SAESFreq_Value=48000000
RCC.SAI1CLockSelection=RCC_SAI1CLKSOURCE_PLL1
RCC.SAI1Freq_Value=160000000
RCC.SAI2Freq_Value=192000000
RCC.SDMMCClockSelection=RCC_SDMMCCLKSOURCE_CLK48
RCC.SDMMCFreq_Value=48000000
RCC.SPI1Freq_Value=160000000
RCC.SPI2CLockSelection=RCC_SPI2CLKSOURCE_PCLK1
RCC.SPI2Freq_Value=160000000
RCC.SPI3CLockSelection=RCC_SPI3CLKSOURCE_HSI
RCC.SPI3Freq_Value=16000000
RCC.SYSCLKFreq_VALUE=160000000
RCC.SYSCLKSource=RCC_SYSCLKSOURCE_PLLCLK
RCC.SecureElements=RTCClkSource
RCC.UART4Freq_Value=160000000
RCC.UART5Freq_Value=160000000
RCC.USART1Freq_Value=160000000
RCC.USART2Freq_Value=160000000
RCC.USART3Freq_Value=160000000
RCC.USBFreq_Value=48000000
RCC.VCOInput2Freq_Value=8000000
RCC.VCOInput3Freq_Value=8000000
RCC.VCOInputFreq_Value=16000000
RCC.VCOOutputFreq_Value=160000000
RCC.VCOPLL2OutputFreq_Value=384000000
RCC.VCOPLL3OutputFreq_Value=384000000
SAI1.ErrorAudioFreq-SAI_A_MasterWithClock=62.76 %
SAI1.IPParameters=Instance-SAI_A_MasterWithClock,VirtualMode-SAI_A_MasterWithClock,MckOutput-SAI_A_MasterWithClock,RealAudioFreq-SAI_A_MasterWithClock,ErrorAudioFreq-SAI_A_MasterWithClock
SAI1.Instance-SAI_A_MasterWithClock=SAI$Index_Block_A
SAI1.MckOutput-SAI_A_MasterWithClock=SAI_MCK_OUTPUT_ENABLE
SAI1.RealAudioFreq-SAI_A_MasterWithClock=312.5 KHz
SAI1.VirtualMode-SAI_A_MasterWithClock=VM_MASTER
SH.GPXTI0.0=GPIO_EXTI0
SH.GPXTI0.ConfNb=1
SH.GPXTI1.0=GPIO_EXTI1
SH.GPXTI1.ConfNb=1
SH.GPXTI11.0=GPIO_EXTI11
SH.GPXTI11.ConfNb=1
SH.GPXTI12.0=GPIO_EXTI12
SH.GPXTI12.ConfNb=1
SH.GPXTI13.0=GPIO_EXTI13
SH.GPXTI13.ConfNb=1
SH.GPXTI15.0=GPIO_EXTI15
SH.GPXTI15.ConfNb=1
SH.GPXTI2.0=GPIO_EXTI2
SH.GPXTI2.ConfNb=1
SH.GPXTI3.0=GPIO_EXTI3
SH.GPXTI3.ConfNb=1
SH.GPXTI4.0=GPIO_EXTI4
SH.GPXTI4.ConfNb=1
SH.GPXTI5.0=GPIO_EXTI5
SH.GPXTI5.ConfNb=1
SH.GPXTI6.0=GPIO_EXTI6
SH.GPXTI6.ConfNb=1
SH.GPXTI8.0=GPIO_EXTI8
SH.GPXTI8.ConfNb=1
SH.S_TIM1_CH3.0=TIM1_CH3
SH.S_TIM1_CH3.ConfNb=1
SH.S_TIM2_CH3.0=TIM2_CH3
SH.S_TIM2_CH3.ConfNb=1
SPI1.BaudRatePrescaler=SPI_BAUDRATEPRESCALER_128
SPI1.CLKPhase=SPI_PHASE_2EDGE
SPI1.CLKPolarity=SPI_POLARITY_HIGH
SPI1.CalculateBaudRate=1.25 MBits/s
SPI1.DataSize=SPI_DATASIZE_8BIT
SPI1.Direction=SPI_DIRECTION_2LINES
SPI1.IPParameters=VirtualType,Mode,Direction,CalculateBaudRate,DataSize,BaudRatePrescaler,CLKPolarity,CLKPhase
SPI1.Mode=SPI_MODE_MASTER
SPI1.VirtualType=VM_MASTER
SPI2.BaudRatePrescaler=SPI_BAUDRATEPRESCALER_32
SPI2.CLKPhase=SPI_PHASE_2EDGE
SPI2.CLKPolarity=SPI_POLARITY_HIGH
SPI2.CalculateBaudRate=5.0 MBits/s
SPI2.DataSize=SPI_DATASIZE_8BIT
SPI2.Direction=SPI_DIRECTION_2LINES
SPI2.IPParameters=VirtualType,Mode,Direction,CalculateBaudRate,DataSize,BaudRatePrescaler,CLKPolarity,CLKPhase
SPI2.Mode=SPI_MODE_MASTER
SPI2.VirtualType=VM_MASTER
SPI3.BaudRatePrescaler=SPI_BAUDRATEPRESCALER_4
SPI3.CLKPhase=SPI_PHASE_2EDGE
SPI3.CLKPolarity=SPI_POLARITY_HIGH
SPI3.CalculateBaudRate=4.0 MBits/s
SPI3.Direction=SPI_DIRECTION_2LINES
SPI3.IPParameters=VirtualType,Mode,Direction,CalculateBaudRate,BaudRatePrescaler,CLKPolarity,CLKPhase
SPI3.Mode=SPI_MODE_MASTER
SPI3.VirtualType=VM_MASTER
SYS.userName=SYS_NS
UART4.BaudRate=921600
UART4.IPParameters=BaudRate
USART2.BaudRate=921600
USART2.IPParameters=VirtualMode-Asynchronous,BaudRate
USART2.VirtualMode-Asynchronous=VM_ASYNC
USB_OTG_FS.IPParameters=VirtualMode
USB_OTG_FS.VirtualMode=Device_Only
VP_GPDMA1_VS_GPDMACH0.Mode=SIMPLEREQUEST_GPDMACH0
VP_GPDMA1_VS_GPDMACH0.Signal=GPDMA1_VS_GPDMACH0
VP_GPDMA1_VS_GPDMACH1.Mode=SIMPLEREQUEST_GPDMACH1
VP_GPDMA1_VS_GPDMACH1.Signal=GPDMA1_VS_GPDMACH1
VP_GPDMA1_VS_GPDMACH2.Mode=SIMPLEREQUEST_GPDMACH2
VP_GPDMA1_VS_GPDMACH2.Signal=GPDMA1_VS_GPDMACH2
VP_GPDMA1_VS_GPDMACH3.Mode=SIMPLEREQUEST_GPDMACH3
VP_GPDMA1_VS_GPDMACH3.Signal=GPDMA1_VS_GPDMACH3
VP_GPDMA1_VS_GPDMACH5.Mode=SIMPLEREQUEST_GPDMACH5
VP_GPDMA1_VS_GPDMACH5.Signal=GPDMA1_VS_GPDMACH5
VP_GTZC_S_VS_GTZC_Enable.Mode=GTZC_Enable
VP_GTZC_S_VS_GTZC_Enable.Signal=GTZC_S_VS_GTZC_Enable
VP_ICACHE_VS_ICACHE.Mode=DirectMappedCache
VP_ICACHE_VS_ICACHE.Signal=ICACHE_VS_ICACHE
VP_ICACHE_VS_SECURE_ICACHE_REG.Mode=ICACHE_REG_Not_Secured
VP_ICACHE_VS_SECURE_ICACHE_REG.Signal=ICACHE_VS_SECURE_ICACHE_REG
VP_LPBAMQUEUE_VS_QUEUE.Mode=QUEUEMODE
VP_LPBAMQUEUE_VS_QUEUE.Signal=LPBAMQUEUE_VS_QUEUE
VP_LPBAM_VS_SIG1.Mode=SmartRun
VP_LPBAM_VS_SIG1.Signal=LPBAM_VS_SIG1
VP_LPBAM_VS_SIG4.Mode=LPDMA1
VP_LPBAM_VS_SIG4.Signal=LPBAM_VS_SIG4
VP_MEMORYMAP_VS_MEMORYMAP.Mode=CurAppReg
VP_MEMORYMAP_VS_MEMORYMAP.Signal=MEMORYMAP_VS_MEMORYMAP
VP_PWR_VS_DBSignals.Mode=DisableDeadBatterySignals
VP_PWR_VS_DBSignals.Signal=PWR_VS_DBSignals
VP_PWR_VS_LPOM.Mode=PowerOptimisation
VP_PWR_VS_LPOM.Signal=PWR_VS_LPOM
VP_PWR_VS_SECSignals.Mode=Security/Privilege
VP_PWR_VS_SECSignals.Signal=PWR_VS_SECSignals
VP_RNG_VS_RNG.Mode=RNG_Activate
VP_RNG_VS_RNG.Signal=RNG_VS_RNG
VP_RTC_VS_RTC_Activate.Mode=RTC_Enabled
VP_RTC_VS_RTC_Activate.Signal=RTC_VS_RTC_Activate
VP_RTC_VS_RTC_Calendar.Mode=RTC_Calendar
VP_RTC_VS_RTC_Calendar.Signal=RTC_VS_RTC_Calendar
VP_SYS_S_VS_Systick.Mode=SysTick
VP_SYS_S_VS_Systick.Signal=SYS_S_VS_Systick
VP_SYS_VS_Systick.Mode=SysTick
VP_SYS_VS_Systick.Signal=SYS_VS_Systick
board=STEVAL-MKBOXPRO
boardIOC=true
