#Copyright (c) 2024 STMicroelectronics. All rights reserved.
#MicroXplorer Configuration settings - do not modify
CAD.formats=
CAD.pinconfig=
CAD.provider=
File.Version=6
GPIO.groupedBy=
I2C1.IPParameters=Timing
I2C1.Timing=0x40000A0B
KeepUserPlacement=false
Mcu.CPN=STM32C071RBT6
Mcu.Family=STM32C0
Mcu.IP0=CORTEX_M0+
Mcu.IP1=DEBUG
Mcu.IP2=I2C1
Mcu.IP3=NVIC
Mcu.IP4=RCC
Mcu.IP5=SYS
Mcu.IP6=USART2
Mcu.IP7=USB
Mcu.IPNb=8
Mcu.Name=STM32C071RBTx
Mcu.Package=LQFP64_GP
Mcu.Pin0=PC13
Mcu.Pin1=PC14-OSCX_IN(PC14)
Mcu.Pin10=PA12 [PA10]
Mcu.Pin11=PA13
Mcu.Pin12=PA14-BOOT0
Mcu.Pin13=PC9
Mcu.Pin14=PB8
Mcu.Pin15=PB9
Mcu.Pin16=VP_SYS_VS_Systick
Mcu.Pin2=PC15-OSCX_OUT(PC15)
Mcu.Pin3=PF0-OSC_IN(PF0)
Mcu.Pin4=PF1-OSC_OUT(PF1)
Mcu.Pin5=PC0
Mcu.Pin6=PA2
Mcu.Pin7=PA3
Mcu.Pin8=PA5
Mcu.Pin9=PA11 [PA9]
Mcu.PinsNb=17
Mcu.ThirdPartyNb=0
Mcu.UserConstants=
Mcu.UserName=STM32C071RBTx
MxCube.Version=6.12.0
MxDb.Version=DB.6.0.120
NVIC.ForceEnableDMAVector=true
NVIC.HardFault_IRQn=true\:0\:0\:false\:false\:true\:false\:false\:false
NVIC.NonMaskableInt_IRQn=true\:0\:0\:false\:false\:true\:false\:false\:false
NVIC.PendSV_IRQn=true\:0\:0\:false\:false\:true\:false\:false\:false
NVIC.SVCall_IRQn=true\:0\:0\:false\:false\:true\:false\:false\:false
NVIC.SysTick_IRQn=true\:3\:0\:false\:false\:true\:false\:true\:false
PA11\ [PA9].GPIOParameters=GPIO_Label
PA11\ [PA9].GPIO_Label=USB_DM
PA11\ [PA9].Locked=true
PA11\ [PA9].Mode=Device
PA11\ [PA9].Signal=USB_DM
PA12\ [PA10].GPIOParameters=GPIO_Label
PA12\ [PA10].GPIO_Label=USB_DP
PA12\ [PA10].Locked=true
PA12\ [PA10].Mode=Device
PA12\ [PA10].Signal=USB_DP
PA13.GPIOParameters=GPIO_Label
PA13.GPIO_Label=SWDIO
PA13.Locked=true
PA13.Mode=Serial_Wire
PA13.Signal=DEBUG_SWDIO
PA14-BOOT0.GPIOParameters=GPIO_Label
PA14-BOOT0.GPIO_Label=SWCLK
PA14-BOOT0.Locked=true
PA14-BOOT0.Mode=Serial_Wire
PA14-BOOT0.Signal=DEBUG_SWCLK
PA2.GPIOParameters=GPIO_Label
PA2.GPIO_Label=USART2_TX
PA2.Locked=true
PA2.Mode=Asynchronous
PA2.Signal=USART2_TX
PA3.GPIOParameters=GPIO_Label
PA3.GPIO_Label=USART2_RX
PA3.Locked=true
PA3.Mode=Asynchronous
PA3.Signal=USART2_RX
PA5.GPIOParameters=GPIO_Label
PA5.GPIO_Label=User LED1
PA5.Locked=true
PA5.Signal=GPIO_Output
PB8.GPIOParameters=GPIO_Label
PB8.GPIO_Label=I2C1_SCL
PB8.Locked=true
PB8.Mode=I2C
PB8.Signal=I2C1_SCL
PB9.GPIOParameters=GPIO_Label
PB9.GPIO_Label=I2C1_SDA
PB9.Locked=true
PB9.Mode=I2C
PB9.Signal=I2C1_SDA
PC0.GPIOParameters=GPIO_Label
PC0.GPIO_Label=USB_SENSE
PC0.Locked=true
PC0.Signal=GPIO_Input
PC13.GPIOParameters=GPIO_Label
PC13.GPIO_Label=User button
PC13.Locked=true
PC13.Signal=GPIO_Input
PC14-OSCX_IN(PC14).GPIOParameters=GPIO_Label
PC14-OSCX_IN(PC14).GPIO_Label=OSCX_IN
PC14-OSCX_IN(PC14).Locked=true
PC14-OSCX_IN(PC14).Mode=LSE-External-Oscillator
PC14-OSCX_IN(PC14).Signal=RCC_OSCX_IN
PC15-OSCX_OUT(PC15).GPIOParameters=GPIO_Label
PC15-OSCX_OUT(PC15).GPIO_Label=OSCX_OUT
PC15-OSCX_OUT(PC15).Locked=true
PC15-OSCX_OUT(PC15).Mode=LSE-External-Oscillator
PC15-OSCX_OUT(PC15).Signal=RCC_OSCX_OUT
PC9.GPIOParameters=GPIO_Label
PC9.GPIO_Label=User LED2
PC9.Locked=true
PC9.Signal=GPIO_Output
PF0-OSC_IN(PF0).GPIOParameters=GPIO_Label
PF0-OSC_IN(PF0).GPIO_Label=OSC_IN
PF0-OSC_IN(PF0).Locked=true
PF0-OSC_IN(PF0).Mode=HSE-External-Oscillator
PF0-OSC_IN(PF0).Signal=RCC_OSC_IN
PF1-OSC_OUT(PF1).GPIOParameters=GPIO_Label
PF1-OSC_OUT(PF1).GPIO_Label=OSC_OUT
PF1-OSC_OUT(PF1).Locked=true
PF1-OSC_OUT(PF1).Mode=HSE-External-Oscillator
PF1-OSC_OUT(PF1).Signal=RCC_OSC_OUT
PinOutPanel.RotationAngle=0
RCC.ADCFreq_Value=12000000
RCC.AHBFreq_Value=12000000
RCC.APBFreq_Value=12000000
RCC.APBTimFreq_Value=12000000
RCC.CortexFreq_Value=12000000
RCC.EXTERNAL_CLOCK_VALUE=12288000
RCC.FCLKCortexFreq_Value=12000000
RCC.FamilyName=M
RCC.HCLKFreq_Value=12000000
RCC.HSE_VALUE=8000000
RCC.HSI48_VALUE=48000000
RCC.HSI_VALUE=48000000
RCC.I2C1Freq_Value=12000000
RCC.I2S1Freq_Value=12000000
RCC.IPParameters=ADCFreq_Value,AHBFreq_Value,APBFreq_Value,APBTimFreq_Value,CortexFreq_Value,EXTERNAL_CLOCK_VALUE,FCLKCortexFreq_Value,FamilyName,HCLKFreq_Value,HSE_VALUE,HSI48_VALUE,HSI_VALUE,I2C1Freq_Value,I2S1Freq_Value,LSCOPinFreq_Value,LSI_VALUE,MCO1PinFreq_Value,MCO2PinFreq_Value,PWRFreq_Value,SYSCLKFreq_VALUE,USART1Freq_Value
RCC.LSCOPinFreq_Value=32000
RCC.LSI_VALUE=32000
RCC.MCO1PinFreq_Value=12000000
RCC.MCO2PinFreq_Value=12000000
RCC.PWRFreq_Value=12000000
RCC.SYSCLKFreq_VALUE=12000000
RCC.USART1Freq_Value=12000000
USART2.IPParameters=VirtualMode-Asynchronous
USART2.VirtualMode-Asynchronous=VM_ASYNC
USB.IPParameters=VirtualMode
USB.VirtualMode=Device_Only
VP_SYS_VS_Systick.Mode=SysTick
VP_SYS_VS_Systick.Signal=SYS_VS_Systick
board=NUCLEO-C071RB
boardIOC=true