#Copyright (c) 2024 STMicroelectronics. All rights reserved.
#MicroXplorer Configuration settings - do not modify
BSP_IP_NAME=NUCLEO-WL55JC2
CAD.formats=
CAD.pinconfig=
CAD.provider=
File.Version=6
GPIO.groupedBy=Group By Peripherals
KeepUserPlacement=false
Mcu.CPN=STM32WL55JCI6
Mcu.ContextProject=MonoOnDualCore
Mcu.Family=STM32WL
Mcu.IP0=DEBUG
Mcu.IP1=NVIC
Mcu.IP2=RCC
Mcu.IP3=SYS
Mcu.IP4=USART2
Mcu.IP5=NUCLEO-WL55JC2
Mcu.IPNb=6
Mcu.Name=STM32WL55JCIx
Mcu.Package=UFBGA73
Mcu.Pin0=PA14
Mcu.Pin1=PB15
Mcu.Pin10=PB0-VDD_TCXO
Mcu.Pin11=PC6
Mcu.Pin12=PA1
Mcu.Pin13=PB11
Mcu.Pin14=OSC_IN
Mcu.Pin15=PA3
Mcu.Pin16=PA2
Mcu.Pin17=VP_SYS_VS_Systick
Mcu.Pin2=PC14-OSC32_IN
Mcu.Pin3=PA13
Mcu.Pin4=PB9
Mcu.Pin5=PC15-OSC32_OUT
Mcu.Pin6=PC3
Mcu.Pin7=PA0
Mcu.Pin8=PC5
Mcu.Pin9=PC4
Mcu.PinsNb=18
Mcu.ThirdPartyNb=0
Mcu.UserConstants=
Mcu.UserName=STM32WL55JCIx
MxCube.Version=6.12.0
MxDb.Version=DB.6.0.120
NVIC.BusFault_IRQn=true\:0\:0\:false\:false\:true\:false\:false\:false
NVIC.DebugMonitor_IRQn=true\:0\:0\:false\:false\:true\:false\:false\:false
NVIC.ForceEnableDMAVector=true
NVIC.HardFault_IRQn=true\:0\:0\:false\:false\:true\:false\:false\:false
NVIC.MemoryManagement_IRQn=true\:0\:0\:false\:false\:true\:false\:false\:false
NVIC.NonMaskableInt_IRQn=true\:0\:0\:false\:false\:true\:false\:false\:false
NVIC.PendSV_IRQn=true\:0\:0\:false\:false\:true\:false\:false\:false
NVIC.PriorityGroup=NVIC_PRIORITYGROUP_4
NVIC.SVCall_IRQn=true\:0\:0\:false\:false\:true\:false\:false\:false
NVIC.SysTick_IRQn=true\:0\:0\:false\:false\:true\:false\:true\:false
NVIC.UsageFault_IRQn=true\:0\:0\:false\:false\:true\:false\:false\:false
OSC_IN.GPIOParameters=GPIO_Label
OSC_IN.GPIO_Label=RCC_OSC_IN
OSC_IN.Mode=HSE-TCXO
OSC_IN.Signal=RCC_OSC_IN
PA0.GPIOParameters=GPIO_PuPd,GPIO_Label,GPIO_ModeDefaultEXTI
PA0.GPIO_Label=B1
PA0.GPIO_ModeDefaultEXTI=GPIO_MODE_IT_FALLING
PA0.GPIO_PuPd=GPIO_PULLUP
PA0.Locked=true
PA0.Signal=GPXTI0
PA1.GPIOParameters=GPIO_PuPd,GPIO_Label,GPIO_ModeDefaultEXTI
PA1.GPIO_Label=B2
PA1.GPIO_ModeDefaultEXTI=GPIO_MODE_IT_FALLING
PA1.GPIO_PuPd=GPIO_PULLUP
PA1.Locked=true
PA1.Signal=GPXTI1
PA13.GPIOParameters=GPIO_Label
PA13.GPIO_Label=DEBUG_JTMS-SWDIO
PA13.Mode=Serial_Wire
PA13.Signal=DEBUG_JTMS-SWDIO
PA14.GPIOParameters=GPIO_Label
PA14.GPIO_Label=DEBUG_JTCK-SWCLK
PA14.Mode=Serial_Wire
PA14.Signal=DEBUG_JTCK-SWCLK
PA2.GPIOParameters=GPIO_Label
PA2.GPIO_Label=T_VCP_RX
PA2.Locked=true
PA2.Mode=Asynchronous
PA2.Signal=USART2_TX
PA3.GPIOParameters=GPIO_Label
PA3.GPIO_Label=T_VCP_RX
PA3.Locked=true
PA3.Mode=Asynchronous
PA3.Signal=USART2_RX
PB0-VDD_TCXO.GPIOParameters=GPIO_Label
PB0-VDD_TCXO.GPIO_Label=VDDTCXO
PB0-VDD_TCXO.Mode=HSE-TCXO
PB0-VDD_TCXO.Signal=VDDTCXO
PB11.GPIOParameters=GPIO_Speed,GPIO_Label
PB11.GPIO_Label=LED3
PB11.GPIO_Speed=GPIO_SPEED_FREQ_HIGH
PB11.Locked=true
PB11.Signal=GPIO_Output
PB15.GPIOParameters=GPIO_Speed,GPIO_Label
PB15.GPIO_Label=LED1
PB15.GPIO_Speed=GPIO_SPEED_FREQ_HIGH
PB15.Locked=true
PB15.Signal=GPIO_Output
PB9.GPIOParameters=GPIO_Speed,GPIO_Label,GPIO_FM9
PB9.GPIO_FM9=__NULL
PB9.GPIO_Label=LED2
PB9.GPIO_Speed=GPIO_SPEED_FREQ_HIGH
PB9.Locked=true
PB9.Signal=GPIO_Output
PC14-OSC32_IN.GPIOParameters=GPIO_Label
PC14-OSC32_IN.GPIO_Label=RCC_OSC32_IN
PC14-OSC32_IN.Locked=true
PC14-OSC32_IN.Mode=LSE-External-Oscillator
PC14-OSC32_IN.Signal=RCC_OSC32_IN
PC15-OSC32_OUT.GPIOParameters=GPIO_Label
PC15-OSC32_OUT.GPIO_Label=RCC_OSC32_OUT
PC15-OSC32_OUT.Locked=true
PC15-OSC32_OUT.Mode=LSE-External-Oscillator
PC15-OSC32_OUT.Signal=RCC_OSC32_OUT
PC3.GPIOParameters=GPIO_Speed,GPIO_Label
PC3.GPIO_Label=FE_CTRL3
PC3.GPIO_Speed=GPIO_SPEED_FREQ_VERY_HIGH
PC3.Locked=true
PC3.Signal=GPIO_Output
PC4.GPIOParameters=GPIO_Speed,GPIO_Label
PC4.GPIO_Label=FE_CTRL1
PC4.GPIO_Speed=GPIO_SPEED_FREQ_VERY_HIGH
PC4.Locked=true
PC4.Signal=GPIO_Output
PC5.GPIOParameters=GPIO_Speed,GPIO_Label
PC5.GPIO_Label=FE_CTRL2
PC5.GPIO_Speed=GPIO_SPEED_FREQ_VERY_HIGH
PC5.Locked=true
PC5.Signal=GPIO_Output
PC6.GPIOParameters=GPIO_PuPd,GPIO_Label,GPIO_ModeDefaultEXTI
PC6.GPIO_Label=B3
PC6.GPIO_ModeDefaultEXTI=GPIO_MODE_IT_FALLING
PC6.GPIO_PuPd=GPIO_PULLUP
PC6.Locked=true
PC6.Signal=GPXTI6
PCC.SUBGHZ.FrequencyBand=High
PCC.SUBGHZ.Modulation=FSK
PCC.SUBGHZ.OptionalSettings=false
PCC.SUBGHZ.Output.Power=14
PCC.SUBGHZ.PowerAmplifier=Low Power
PCC.SUBGHZ.RxBoosted=false
PCC.SUBGHZ.SMPS=Off
PinOutPanel.CurrentBGAView=Top
PinOutPanel.RotationAngle=0
RCC.FamilyName=M
RCC.HCLK2Freq_Value=4000000
RCC.HSE_VALUE=32000000
RCC.HSI_VALUE=16000000
RCC.I2S2Freq_Value=16000000
RCC.IPParameters=FamilyName,HCLK2Freq_Value,HSE_VALUE,HSI_VALUE,I2S2Freq_Value,LSCOPinFreq_Value,LSE_VALUE,PLLPoutputFreq_Value,PLLQoutputFreq_Value,PLLRCLKFreq_Value,RNGFreq_Value,VCOInputFreq_Value,VCOOutputFreq_Value
RCC.LSCOPinFreq_Value=32000
RCC.LSE_VALUE=32768
RCC.PLLPoutputFreq_Value=16000000
RCC.PLLQoutputFreq_Value=16000000
RCC.PLLRCLKFreq_Value=16000000
RCC.RNGFreq_Value=32000
RCC.VCOInputFreq_Value=4000000
RCC.VCOOutputFreq_Value=32000000
SH.GPXTI0.0=GPIO_EXTI0
SH.GPXTI0.ConfNb=1
SH.GPXTI1.0=GPIO_EXTI1
SH.GPXTI1.ConfNb=1
SH.GPXTI6.0=GPIO_EXTI6
SH.GPXTI6.ConfNb=1
USART2.IPParameters=VirtualMode-Asynchronous
USART2.VirtualMode-Asynchronous=VM_ASYNC
VP_SYS_VS_Systick.Mode=SysTick
VP_SYS_VS_Systick.Signal=SYS_VS_Systick
board=NUCLEO-WL55JC2
boardIOC=true
